
Microsoft Visual Studio Solution File, Format Version 12.00
# Visual Studio 2012
Project("{FAE04EC0-301F-11D3-BF4B-00C04F79EFBC}") = "Qorpent.Integration.MaksUr.Tools", "Qorpent.Integration.MaksUr.Tools\Qorpent.Integration.MaksUr.Tools.csproj", "{88EC82ED-23A5-4B8D-8F8A-88288AFC4D96}"
EndProject
Project("{FAE04EC0-301F-11D3-BF4B-00C04F79EFBC}") = "Qorpent.Integration.MaksUr.ScriptExecutor", "Qorpent.Integration.MaksUr.ScriptExecutor\Qorpent.Integration.MaksUr.ScriptExecutor.csproj", "{889D469C-B9F1-42B5-8A73-F55106348687}"
EndProject
Project("{2150E333-8FDC-42A3-9474-1A3956D46DE8}") = "Tests", "Tests", "{A4C64DF0-A9D2-4123-A1F0-D1D689B1B920}"
EndProject
Project("{FAE04EC0-301F-11D3-BF4B-00C04F79EFBC}") = "Qorpent.Integration.MaksUr.Tools.Tests", "Qorpent.Integration.MaksUr.Tools.Tests\Qorpent.Integration.MaksUr.Tools.Tests.csproj", "{43367C58-37BA-444E-8DB8-0EF7033680CA}"
EndProject
Project("{FAE04EC0-301F-11D3-BF4B-00C04F79EFBC}") = "Qorpent.Integration.MaksUr.ScriptExecutor.Tests", "Qorpent.Integration.MaksUr.ScriptExecutor.Tests\Qorpent.Integration.MaksUr.ScriptExecutor.Tests.csproj", "{26587766-78C1-4DBE-BDFA-EB173AD5DD23}"
EndProject
Project("{2150E333-8FDC-42A3-9474-1A3956D46DE8}") = "Deps", "Deps", "{EBC504B1-C49C-4B7D-88F1-DC5478273649}"
EndProject
Project("{2150E333-8FDC-42A3-9474-1A3956D46DE8}") = "Qorpent.Sys", "Qorpent.Sys", "{D189BF94-2022-4236-8031-652AB4291044}"
EndProject
Project("{2150E333-8FDC-42A3-9474-1A3956D46DE8}") = "Qorpent.Integration", "Qorpent.Integration", "{331C4BA2-56D1-43DF-941E-1880259188A3}"
EndProject
Project("{FAE04EC0-301F-11D3-BF4B-00C04F79EFBC}") = "Qorpent.Core", "..\qorpent.sys\Qorpent.Core\Qorpent.Core.csproj", "{880F65EA-1A22-4672-A137-FFC91290A209}"
EndProject
Project("{FAE04EC0-301F-11D3-BF4B-00C04F79EFBC}") = "Qorpent.Data", "..\qorpent.sys\Qorpent.Data\Qorpent.Data.csproj", "{E762ABB0-9982-444C-A2B5-23B5866954F3}"
EndProject
Project("{FAE04EC0-301F-11D3-BF4B-00C04F79EFBC}") = "Qorpent.IO", "..\qorpent.sys\Qorpent.IO\Qorpent.IO.csproj", "{426C92DF-3C40-426C-B0BE-40A1DF9044C2}"
EndProject
Project("{FAE04EC0-301F-11D3-BF4B-00C04F79EFBC}") = "Qorpent.IoC", "..\qorpent.sys\Qorpent.IoC\Qorpent.IoC.csproj", "{62F22FFA-A1CF-4A74-838C-9AB33A9442EA}"
EndProject
Project("{FAE04EC0-301F-11D3-BF4B-00C04F79EFBC}") = "Qorpent.Log", "..\qorpent.sys\Qorpent.Log\Qorpent.Log.csproj", "{77D47855-A3D4-4B92-9FC0-C2EDEE27A8A7}"
EndProject
Project("{FAE04EC0-301F-11D3-BF4B-00C04F79EFBC}") = "Qorpent.Mvc", "..\qorpent.sys\Qorpent.Mvc\Qorpent.Mvc.csproj", "{96885C8F-AD20-41B4-86EE-BC9B3D47D9F9}"
EndProject
Project("{FAE04EC0-301F-11D3-BF4B-00C04F79EFBC}") = "Qorpent.Security", "..\qorpent.sys\Qorpent.Security\Qorpent.Security.csproj", "{ECB429BC-3E76-4FCD-897E-235B546C8738}"
EndProject
Project("{FAE04EC0-301F-11D3-BF4B-00C04F79EFBC}") = "Qorpent.Serialization", "..\qorpent.sys\Qorpent.Serialization\Qorpent.Serialization.csproj", "{21971F28-8ED8-4F50-B623-E9DB2658AF54}"
EndProject
Project("{FAE04EC0-301F-11D3-BF4B-00C04F79EFBC}") = "Qorpent.Utils", "..\qorpent.sys\Qorpent.Utils\Qorpent.Utils.csproj", "{880F65EA-1A22-4672-A137-FFC912902112}"
EndProject
Project("{2150E333-8FDC-42A3-9474-1A3956D46DE8}") = "Tests", "Tests", "{2B6615CB-C89A-45D6-B31D-5C4D85F72299}"
EndProject
Project("{FAE04EC0-301F-11D3-BF4B-00C04F79EFBC}") = "Qorpent.Core.Tests", "..\qorpent.sys\Qorpent.Core.Tests\Qorpent.Core.Tests.csproj", "{880F65EA-1A22-4672-A137-FFC912902046}"
EndProject
Project("{FAE04EC0-301F-11D3-BF4B-00C04F79EFBC}") = "Qorpent.Data.Tests", "..\qorpent.sys\Qorpent.Data.Tests\Qorpent.Data.Tests.csproj", "{16ABD509-8E84-46F5-9F56-1E5E4B5B3913}"
EndProject
Project("{FAE04EC0-301F-11D3-BF4B-00C04F79EFBC}") = "Qorpent.IO.Tests", "..\qorpent.sys\Qorpent.IO.Tests\Qorpent.IO.Tests.csproj", "{4F6F2194-F11D-4CC6-8BB1-7D20F97EC082}"
EndProject
Project("{FAE04EC0-301F-11D3-BF4B-00C04F79EFBC}") = "Qorpent.IoC.Tests", "..\qorpent.sys\Qorpent.IoC.Tests\Qorpent.IoC.Tests.csproj", "{0403B026-5047-41A4-98EE-62F2D92B812C}"
EndProject
Project("{FAE04EC0-301F-11D3-BF4B-00C04F79EFBC}") = "Qorpent.Log.Tests", "..\qorpent.sys\Qorpent.Log.Tests\Qorpent.Log.Tests.csproj", "{1571576A-27DE-4470-8AAD-A76E8CF111D1}"
EndProject
Project("{FAE04EC0-301F-11D3-BF4B-00C04F79EFBC}") = "Qorpent.Mvc.Tests", "..\qorpent.sys\Qorpent.Mvc.Tests\Qorpent.Mvc.Tests.csproj", "{EAB144DB-F0C6-4192-8FA7-AFBA2A663A8C}"
EndProject
Project("{FAE04EC0-301F-11D3-BF4B-00C04F79EFBC}") = "Qorpent.Security.Tests", "..\qorpent.sys\Qorpent.Security.Tests\Qorpent.Security.Tests.csproj", "{176E6AB2-A219-4A45-9374-EEDB725B3B1C}"
EndProject
Project("{FAE04EC0-301F-11D3-BF4B-00C04F79EFBC}") = "Qorpent.Serialization.Tests", "..\qorpent.sys\Qorpent.Serialization.Tests\Qorpent.Serialization.Tests.csproj", "{8A00570F-4D51-46EE-BA1D-52EC2A7BD38A}"
EndProject
Project("{FAE04EC0-301F-11D3-BF4B-00C04F79EFBC}") = "Qorpent.Utils.Tests", "..\qorpent.sys\Qorpent.Utils.Tests\Qorpent.Utils.Tests.csproj", "{880F65EA-1A22-4672-A137-FFC912902113}"
EndProject
Project("{FAE04EC0-301F-11D3-BF4B-00C04F79EFBC}") = "Qorpent.Integration.Cloud", "Qorpent.Integration.Cloud\Qorpent.Integration.Cloud.csproj", "{278EFC9F-54D0-495B-AD33-085BBC436E90}"
EndProject
Project("{FAE04EC0-301F-11D3-BF4B-00C04F79EFBC}") = "Qorpent.Integration.Feed", "Qorpent.Integration.Feed\Qorpent.Integration.Feed.csproj", "{E33177AD-E8A9-4B1C-A4BD-75B371C38C19}"
EndProject
Project("{FAE04EC0-301F-11D3-BF4B-00C04F79EFBC}") = "Qorpent.Integration.FileStorages", "Qorpent.Integration.FileStorages\Qorpent.Integration.FileStorages.csproj", "{D9A1867F-0E9C-4438-944C-4967B0F0D0AA}"
EndProject
Project("{FAE04EC0-301F-11D3-BF4B-00C04F79EFBC}") = "qorpent.integration.FusionChart", "qorpent.integration.FusionChart\qorpent.integration.FusionChart.csproj", "{B500972D-C69B-4C55-A473-FCAE66982FF6}"
EndProject
Project("{FAE04EC0-301F-11D3-BF4B-00C04F79EFBC}") = "Qorpent.Integration.MongoDB", "Qorpent.Integration.MongoDB\Qorpent.Integration.MongoDB.csproj", "{31CE132D-BFE7-443E-B68C-8C05F0751BC5}"
EndProject
Project("{FAE04EC0-301F-11D3-BF4B-00C04F79EFBC}") = "Qorpent.Integration.NetworkCredentialsEditor", "Qorpent.Integration.NetworkCredentialsEditor\Qorpent.Integration.NetworkCredentialsEditor.csproj", "{504C0589-4616-43B7-B13C-7AEBA0B70DFF}"
EndProject
Project("{FAE04EC0-301F-11D3-BF4B-00C04F79EFBC}") = "Qorpent.Integration.Wiki", "Qorpent.Integration.Wiki\Qorpent.Integration.Wiki.csproj", "{6E377C34-83F1-41C2-8AD2-5146E19768D5}"
EndProject
Global
	GlobalSection(SolutionConfigurationPlatforms) = preSolution
		Debug|Any CPU = Debug|Any CPU
		Release|Any CPU = Release|Any CPU
		SQL2008|Any CPU = SQL2008|Any CPU
	EndGlobalSection
	GlobalSection(ProjectConfigurationPlatforms) = postSolution
		{88EC82ED-23A5-4B8D-8F8A-88288AFC4D96}.Debug|Any CPU.ActiveCfg = Debug|Any CPU
		{88EC82ED-23A5-4B8D-8F8A-88288AFC4D96}.Debug|Any CPU.Build.0 = Debug|Any CPU
		{88EC82ED-23A5-4B8D-8F8A-88288AFC4D96}.Release|Any CPU.ActiveCfg = Release|Any CPU
		{88EC82ED-23A5-4B8D-8F8A-88288AFC4D96}.Release|Any CPU.Build.0 = Release|Any CPU
		{88EC82ED-23A5-4B8D-8F8A-88288AFC4D96}.SQL2008|Any CPU.ActiveCfg = SQL2008|Any CPU
		{88EC82ED-23A5-4B8D-8F8A-88288AFC4D96}.SQL2008|Any CPU.Build.0 = SQL2008|Any CPU
		{889D469C-B9F1-42B5-8A73-F55106348687}.Debug|Any CPU.ActiveCfg = Debug|Any CPU
		{889D469C-B9F1-42B5-8A73-F55106348687}.Debug|Any CPU.Build.0 = Debug|Any CPU
		{889D469C-B9F1-42B5-8A73-F55106348687}.Release|Any CPU.ActiveCfg = Release|Any CPU
		{889D469C-B9F1-42B5-8A73-F55106348687}.Release|Any CPU.Build.0 = Release|Any CPU
		{889D469C-B9F1-42B5-8A73-F55106348687}.SQL2008|Any CPU.ActiveCfg = SQL2008|Any CPU
		{889D469C-B9F1-42B5-8A73-F55106348687}.SQL2008|Any CPU.Build.0 = SQL2008|Any CPU
		{43367C58-37BA-444E-8DB8-0EF7033680CA}.Debug|Any CPU.ActiveCfg = Debug|Any CPU
		{43367C58-37BA-444E-8DB8-0EF7033680CA}.Debug|Any CPU.Build.0 = Debug|Any CPU
		{43367C58-37BA-444E-8DB8-0EF7033680CA}.Release|Any CPU.ActiveCfg = Release|Any CPU
		{43367C58-37BA-444E-8DB8-0EF7033680CA}.Release|Any CPU.Build.0 = Release|Any CPU
		{43367C58-37BA-444E-8DB8-0EF7033680CA}.SQL2008|Any CPU.ActiveCfg = SQL2008|Any CPU
		{43367C58-37BA-444E-8DB8-0EF7033680CA}.SQL2008|Any CPU.Build.0 = SQL2008|Any CPU
		{26587766-78C1-4DBE-BDFA-EB173AD5DD23}.Debug|Any CPU.ActiveCfg = Debug|Any CPU
		{26587766-78C1-4DBE-BDFA-EB173AD5DD23}.Debug|Any CPU.Build.0 = Debug|Any CPU
		{26587766-78C1-4DBE-BDFA-EB173AD5DD23}.Release|Any CPU.ActiveCfg = Release|Any CPU
		{26587766-78C1-4DBE-BDFA-EB173AD5DD23}.Release|Any CPU.Build.0 = Release|Any CPU
		{26587766-78C1-4DBE-BDFA-EB173AD5DD23}.SQL2008|Any CPU.ActiveCfg = SQL2008|Any CPU
		{26587766-78C1-4DBE-BDFA-EB173AD5DD23}.SQL2008|Any CPU.Build.0 = SQL2008|Any CPU
		{880F65EA-1A22-4672-A137-FFC91290A209}.Debug|Any CPU.ActiveCfg = Debug|Any CPU
		{880F65EA-1A22-4672-A137-FFC91290A209}.Debug|Any CPU.Build.0 = Debug|Any CPU
		{880F65EA-1A22-4672-A137-FFC91290A209}.Release|Any CPU.ActiveCfg = Release|Any CPU
		{880F65EA-1A22-4672-A137-FFC91290A209}.Release|Any CPU.Build.0 = Release|Any CPU
		{880F65EA-1A22-4672-A137-FFC91290A209}.SQL2008|Any CPU.ActiveCfg = SQL2008|Any CPU
		{880F65EA-1A22-4672-A137-FFC91290A209}.SQL2008|Any CPU.Build.0 = SQL2008|Any CPU
		{E762ABB0-9982-444C-A2B5-23B5866954F3}.Debug|Any CPU.ActiveCfg = Debug|Any CPU
		{E762ABB0-9982-444C-A2B5-23B5866954F3}.Debug|Any CPU.Build.0 = Debug|Any CPU
		{E762ABB0-9982-444C-A2B5-23B5866954F3}.Release|Any CPU.ActiveCfg = Release|Any CPU
		{E762ABB0-9982-444C-A2B5-23B5866954F3}.Release|Any CPU.Build.0 = Release|Any CPU
		{E762ABB0-9982-444C-A2B5-23B5866954F3}.SQL2008|Any CPU.ActiveCfg = SQL2008|Any CPU
		{E762ABB0-9982-444C-A2B5-23B5866954F3}.SQL2008|Any CPU.Build.0 = SQL2008|Any CPU
		{426C92DF-3C40-426C-B0BE-40A1DF9044C2}.Debug|Any CPU.ActiveCfg = Debug|Any CPU
		{426C92DF-3C40-426C-B0BE-40A1DF9044C2}.Debug|Any CPU.Build.0 = Debug|Any CPU
		{426C92DF-3C40-426C-B0BE-40A1DF9044C2}.Release|Any CPU.ActiveCfg = Release|Any CPU
		{426C92DF-3C40-426C-B0BE-40A1DF9044C2}.Release|Any CPU.Build.0 = Release|Any CPU
		{426C92DF-3C40-426C-B0BE-40A1DF9044C2}.SQL2008|Any CPU.ActiveCfg = SQL2008|Any CPU
		{426C92DF-3C40-426C-B0BE-40A1DF9044C2}.SQL2008|Any CPU.Build.0 = SQL2008|Any CPU
		{62F22FFA-A1CF-4A74-838C-9AB33A9442EA}.Debug|Any CPU.ActiveCfg = Debug|Any CPU
		{62F22FFA-A1CF-4A74-838C-9AB33A9442EA}.Debug|Any CPU.Build.0 = Debug|Any CPU
		{62F22FFA-A1CF-4A74-838C-9AB33A9442EA}.Release|Any CPU.ActiveCfg = Release|Any CPU
		{62F22FFA-A1CF-4A74-838C-9AB33A9442EA}.Release|Any CPU.Build.0 = Release|Any CPU
		{62F22FFA-A1CF-4A74-838C-9AB33A9442EA}.SQL2008|Any CPU.ActiveCfg = SQL2008|Any CPU
		{62F22FFA-A1CF-4A74-838C-9AB33A9442EA}.SQL2008|Any CPU.Build.0 = SQL2008|Any CPU
		{77D47855-A3D4-4B92-9FC0-C2EDEE27A8A7}.Debug|Any CPU.ActiveCfg = Debug|Any CPU
		{77D47855-A3D4-4B92-9FC0-C2EDEE27A8A7}.Debug|Any CPU.Build.0 = Debug|Any CPU
		{77D47855-A3D4-4B92-9FC0-C2EDEE27A8A7}.Release|Any CPU.ActiveCfg = Release|Any CPU
		{77D47855-A3D4-4B92-9FC0-C2EDEE27A8A7}.Release|Any CPU.Build.0 = Release|Any CPU
		{77D47855-A3D4-4B92-9FC0-C2EDEE27A8A7}.SQL2008|Any CPU.ActiveCfg = SQL2008|Any CPU
		{77D47855-A3D4-4B92-9FC0-C2EDEE27A8A7}.SQL2008|Any CPU.Build.0 = SQL2008|Any CPU
		{96885C8F-AD20-41B4-86EE-BC9B3D47D9F9}.Debug|Any CPU.ActiveCfg = Debug|Any CPU
		{96885C8F-AD20-41B4-86EE-BC9B3D47D9F9}.Debug|Any CPU.Build.0 = Debug|Any CPU
		{96885C8F-AD20-41B4-86EE-BC9B3D47D9F9}.Release|Any CPU.ActiveCfg = Release|Any CPU
		{96885C8F-AD20-41B4-86EE-BC9B3D47D9F9}.Release|Any CPU.Build.0 = Release|Any CPU
		{96885C8F-AD20-41B4-86EE-BC9B3D47D9F9}.SQL2008|Any CPU.ActiveCfg = SQL2008|Any CPU
		{96885C8F-AD20-41B4-86EE-BC9B3D47D9F9}.SQL2008|Any CPU.Build.0 = SQL2008|Any CPU
		{ECB429BC-3E76-4FCD-897E-235B546C8738}.Debug|Any CPU.ActiveCfg = Debug|Any CPU
		{ECB429BC-3E76-4FCD-897E-235B546C8738}.Debug|Any CPU.Build.0 = Debug|Any CPU
		{ECB429BC-3E76-4FCD-897E-235B546C8738}.Release|Any CPU.ActiveCfg = Release|Any CPU
		{ECB429BC-3E76-4FCD-897E-235B546C8738}.Release|Any CPU.Build.0 = Release|Any CPU
		{ECB429BC-3E76-4FCD-897E-235B546C8738}.SQL2008|Any CPU.ActiveCfg = SQL2008|Any CPU
		{ECB429BC-3E76-4FCD-897E-235B546C8738}.SQL2008|Any CPU.Build.0 = SQL2008|Any CPU
		{21971F28-8ED8-4F50-B623-E9DB2658AF54}.Debug|Any CPU.ActiveCfg = Debug|Any CPU
		{21971F28-8ED8-4F50-B623-E9DB2658AF54}.Debug|Any CPU.Build.0 = Debug|Any CPU
		{21971F28-8ED8-4F50-B623-E9DB2658AF54}.Release|Any CPU.ActiveCfg = Release|Any CPU
		{21971F28-8ED8-4F50-B623-E9DB2658AF54}.Release|Any CPU.Build.0 = Release|Any CPU
		{21971F28-8ED8-4F50-B623-E9DB2658AF54}.SQL2008|Any CPU.ActiveCfg = SQL2008|Any CPU
		{21971F28-8ED8-4F50-B623-E9DB2658AF54}.SQL2008|Any CPU.Build.0 = SQL2008|Any CPU
		{880F65EA-1A22-4672-A137-FFC912902112}.Debug|Any CPU.ActiveCfg = Debug|Any CPU
		{880F65EA-1A22-4672-A137-FFC912902112}.Debug|Any CPU.Build.0 = Debug|Any CPU
		{880F65EA-1A22-4672-A137-FFC912902112}.Release|Any CPU.ActiveCfg = Release|Any CPU
		{880F65EA-1A22-4672-A137-FFC912902112}.Release|Any CPU.Build.0 = Release|Any CPU
		{880F65EA-1A22-4672-A137-FFC912902112}.SQL2008|Any CPU.ActiveCfg = SQL2008|Any CPU
		{880F65EA-1A22-4672-A137-FFC912902112}.SQL2008|Any CPU.Build.0 = SQL2008|Any CPU
		{880F65EA-1A22-4672-A137-FFC912902046}.Debug|Any CPU.ActiveCfg = Debug|Any CPU
		{880F65EA-1A22-4672-A137-FFC912902046}.Debug|Any CPU.Build.0 = Debug|Any CPU
		{880F65EA-1A22-4672-A137-FFC912902046}.Release|Any CPU.ActiveCfg = Release|Any CPU
		{880F65EA-1A22-4672-A137-FFC912902046}.Release|Any CPU.Build.0 = Release|Any CPU
		{880F65EA-1A22-4672-A137-FFC912902046}.SQL2008|Any CPU.ActiveCfg = SQL2008|Any CPU
		{880F65EA-1A22-4672-A137-FFC912902046}.SQL2008|Any CPU.Build.0 = SQL2008|Any CPU
		{16ABD509-8E84-46F5-9F56-1E5E4B5B3913}.Debug|Any CPU.ActiveCfg = Debug|Any CPU
		{16ABD509-8E84-46F5-9F56-1E5E4B5B3913}.Debug|Any CPU.Build.0 = Debug|Any CPU
		{16ABD509-8E84-46F5-9F56-1E5E4B5B3913}.Release|Any CPU.ActiveCfg = Release|Any CPU
		{16ABD509-8E84-46F5-9F56-1E5E4B5B3913}.Release|Any CPU.Build.0 = Release|Any CPU
		{16ABD509-8E84-46F5-9F56-1E5E4B5B3913}.SQL2008|Any CPU.ActiveCfg = SQL2008|Any CPU
		{16ABD509-8E84-46F5-9F56-1E5E4B5B3913}.SQL2008|Any CPU.Build.0 = SQL2008|Any CPU
		{4F6F2194-F11D-4CC6-8BB1-7D20F97EC082}.Debug|Any CPU.ActiveCfg = Debug|Any CPU
		{4F6F2194-F11D-4CC6-8BB1-7D20F97EC082}.Debug|Any CPU.Build.0 = Debug|Any CPU
		{4F6F2194-F11D-4CC6-8BB1-7D20F97EC082}.Release|Any CPU.ActiveCfg = Release|Any CPU
		{4F6F2194-F11D-4CC6-8BB1-7D20F97EC082}.Release|Any CPU.Build.0 = Release|Any CPU
		{4F6F2194-F11D-4CC6-8BB1-7D20F97EC082}.SQL2008|Any CPU.ActiveCfg = SQL2008|Any CPU
		{4F6F2194-F11D-4CC6-8BB1-7D20F97EC082}.SQL2008|Any CPU.Build.0 = SQL2008|Any CPU
		{0403B026-5047-41A4-98EE-62F2D92B812C}.Debug|Any CPU.ActiveCfg = Debug|Any CPU
		{0403B026-5047-41A4-98EE-62F2D92B812C}.Debug|Any CPU.Build.0 = Debug|Any CPU
		{0403B026-5047-41A4-98EE-62F2D92B812C}.Release|Any CPU.ActiveCfg = Release|Any CPU
		{0403B026-5047-41A4-98EE-62F2D92B812C}.Release|Any CPU.Build.0 = Release|Any CPU
		{0403B026-5047-41A4-98EE-62F2D92B812C}.SQL2008|Any CPU.ActiveCfg = SQL2008|Any CPU
		{0403B026-5047-41A4-98EE-62F2D92B812C}.SQL2008|Any CPU.Build.0 = SQL2008|Any CPU
		{1571576A-27DE-4470-8AAD-A76E8CF111D1}.Debug|Any CPU.ActiveCfg = Debug|Any CPU
		{1571576A-27DE-4470-8AAD-A76E8CF111D1}.Debug|Any CPU.Build.0 = Debug|Any CPU
		{1571576A-27DE-4470-8AAD-A76E8CF111D1}.Release|Any CPU.ActiveCfg = Release|Any CPU
		{1571576A-27DE-4470-8AAD-A76E8CF111D1}.Release|Any CPU.Build.0 = Release|Any CPU
		{1571576A-27DE-4470-8AAD-A76E8CF111D1}.SQL2008|Any CPU.ActiveCfg = SQL2008|Any CPU
		{1571576A-27DE-4470-8AAD-A76E8CF111D1}.SQL2008|Any CPU.Build.0 = SQL2008|Any CPU
		{EAB144DB-F0C6-4192-8FA7-AFBA2A663A8C}.Debug|Any CPU.ActiveCfg = Debug|Any CPU
		{EAB144DB-F0C6-4192-8FA7-AFBA2A663A8C}.Debug|Any CPU.Build.0 = Debug|Any CPU
		{EAB144DB-F0C6-4192-8FA7-AFBA2A663A8C}.Release|Any CPU.ActiveCfg = Release|Any CPU
		{EAB144DB-F0C6-4192-8FA7-AFBA2A663A8C}.Release|Any CPU.Build.0 = Release|Any CPU
		{EAB144DB-F0C6-4192-8FA7-AFBA2A663A8C}.SQL2008|Any CPU.ActiveCfg = SQL2008|Any CPU
		{EAB144DB-F0C6-4192-8FA7-AFBA2A663A8C}.SQL2008|Any CPU.Build.0 = SQL2008|Any CPU
		{176E6AB2-A219-4A45-9374-EEDB725B3B1C}.Debug|Any CPU.ActiveCfg = Debug|Any CPU
		{176E6AB2-A219-4A45-9374-EEDB725B3B1C}.Debug|Any CPU.Build.0 = Debug|Any CPU
		{176E6AB2-A219-4A45-9374-EEDB725B3B1C}.Release|Any CPU.ActiveCfg = Release|Any CPU
		{176E6AB2-A219-4A45-9374-EEDB725B3B1C}.Release|Any CPU.Build.0 = Release|Any CPU
		{176E6AB2-A219-4A45-9374-EEDB725B3B1C}.SQL2008|Any CPU.ActiveCfg = SQL2008|Any CPU
		{176E6AB2-A219-4A45-9374-EEDB725B3B1C}.SQL2008|Any CPU.Build.0 = SQL2008|Any CPU
		{8A00570F-4D51-46EE-BA1D-52EC2A7BD38A}.Debug|Any CPU.ActiveCfg = Debug|Any CPU
		{8A00570F-4D51-46EE-BA1D-52EC2A7BD38A}.Debug|Any CPU.Build.0 = Debug|Any CPU
		{8A00570F-4D51-46EE-BA1D-52EC2A7BD38A}.Release|Any CPU.ActiveCfg = Release|Any CPU
		{8A00570F-4D51-46EE-BA1D-52EC2A7BD38A}.Release|Any CPU.Build.0 = Release|Any CPU
		{8A00570F-4D51-46EE-BA1D-52EC2A7BD38A}.SQL2008|Any CPU.ActiveCfg = SQL2008|Any CPU
		{8A00570F-4D51-46EE-BA1D-52EC2A7BD38A}.SQL2008|Any CPU.Build.0 = SQL2008|Any CPU
		{880F65EA-1A22-4672-A137-FFC912902113}.Debug|Any CPU.ActiveCfg = Debug|Any CPU
		{880F65EA-1A22-4672-A137-FFC912902113}.Debug|Any CPU.Build.0 = Debug|Any CPU
		{880F65EA-1A22-4672-A137-FFC912902113}.Release|Any CPU.ActiveCfg = Release|Any CPU
		{880F65EA-1A22-4672-A137-FFC912902113}.Release|Any CPU.Build.0 = Release|Any CPU
		{880F65EA-1A22-4672-A137-FFC912902113}.SQL2008|Any CPU.ActiveCfg = SQL2008|Any CPU
		{880F65EA-1A22-4672-A137-FFC912902113}.SQL2008|Any CPU.Build.0 = SQL2008|Any CPU
		{278EFC9F-54D0-495B-AD33-085BBC436E90}.Debug|Any CPU.ActiveCfg = Debug|Any CPU
		{278EFC9F-54D0-495B-AD33-085BBC436E90}.Debug|Any CPU.Build.0 = Debug|Any CPU
		{278EFC9F-54D0-495B-AD33-085BBC436E90}.Release|Any CPU.ActiveCfg = Release|Any CPU
		{278EFC9F-54D0-495B-AD33-085BBC436E90}.Release|Any CPU.Build.0 = Release|Any CPU
		{278EFC9F-54D0-495B-AD33-085BBC436E90}.SQL2008|Any CPU.ActiveCfg = SQL2008|Any CPU
		{278EFC9F-54D0-495B-AD33-085BBC436E90}.SQL2008|Any CPU.Build.0 = SQL2008|Any CPU
		{E33177AD-E8A9-4B1C-A4BD-75B371C38C19}.Debug|Any CPU.ActiveCfg = Debug|Any CPU
		{E33177AD-E8A9-4B1C-A4BD-75B371C38C19}.Debug|Any CPU.Build.0 = Debug|Any CPU
		{E33177AD-E8A9-4B1C-A4BD-75B371C38C19}.Release|Any CPU.ActiveCfg = Release|Any CPU
		{E33177AD-E8A9-4B1C-A4BD-75B371C38C19}.Release|Any CPU.Build.0 = Release|Any CPU
		{E33177AD-E8A9-4B1C-A4BD-75B371C38C19}.SQL2008|Any CPU.ActiveCfg = SQL2008|Any CPU
		{E33177AD-E8A9-4B1C-A4BD-75B371C38C19}.SQL2008|Any CPU.Build.0 = SQL2008|Any CPU
		{D9A1867F-0E9C-4438-944C-4967B0F0D0AA}.Debug|Any CPU.ActiveCfg = Debug|Any CPU
		{D9A1867F-0E9C-4438-944C-4967B0F0D0AA}.Debug|Any CPU.Build.0 = Debug|Any CPU
		{D9A1867F-0E9C-4438-944C-4967B0F0D0AA}.Release|Any CPU.ActiveCfg = Release|Any CPU
		{D9A1867F-0E9C-4438-944C-4967B0F0D0AA}.Release|Any CPU.Build.0 = Release|Any CPU
		{D9A1867F-0E9C-4438-944C-4967B0F0D0AA}.SQL2008|Any CPU.ActiveCfg = SQL2008|Any CPU
		{D9A1867F-0E9C-4438-944C-4967B0F0D0AA}.SQL2008|Any CPU.Build.0 = SQL2008|Any CPU
		{B500972D-C69B-4C55-A473-FCAE66982FF6}.Debug|Any CPU.ActiveCfg = Debug|Any CPU
		{B500972D-C69B-4C55-A473-FCAE66982FF6}.Debug|Any CPU.Build.0 = Debug|Any CPU
		{B500972D-C69B-4C55-A473-FCAE66982FF6}.Release|Any CPU.ActiveCfg = Release|Any CPU
		{B500972D-C69B-4C55-A473-FCAE66982FF6}.Release|Any CPU.Build.0 = Release|Any CPU
		{B500972D-C69B-4C55-A473-FCAE66982FF6}.SQL2008|Any CPU.ActiveCfg = SQL2008|Any CPU
		{B500972D-C69B-4C55-A473-FCAE66982FF6}.SQL2008|Any CPU.Build.0 = SQL2008|Any CPU
		{31CE132D-BFE7-443E-B68C-8C05F0751BC5}.Debug|Any CPU.ActiveCfg = Debug|Any CPU
		{31CE132D-BFE7-443E-B68C-8C05F0751BC5}.Debug|Any CPU.Build.0 = Debug|Any CPU
		{31CE132D-BFE7-443E-B68C-8C05F0751BC5}.Release|Any CPU.ActiveCfg = Release|Any CPU
		{31CE132D-BFE7-443E-B68C-8C05F0751BC5}.Release|Any CPU.Build.0 = Release|Any CPU
		{31CE132D-BFE7-443E-B68C-8C05F0751BC5}.SQL2008|Any CPU.ActiveCfg = SQL2008|Any CPU
		{31CE132D-BFE7-443E-B68C-8C05F0751BC5}.SQL2008|Any CPU.Build.0 = SQL2008|Any CPU
		{504C0589-4616-43B7-B13C-7AEBA0B70DFF}.Debug|Any CPU.ActiveCfg = Debug|Any CPU
		{504C0589-4616-43B7-B13C-7AEBA0B70DFF}.Debug|Any CPU.Build.0 = Debug|Any CPU
		{504C0589-4616-43B7-B13C-7AEBA0B70DFF}.Release|Any CPU.ActiveCfg = Release|Any CPU
		{504C0589-4616-43B7-B13C-7AEBA0B70DFF}.Release|Any CPU.Build.0 = Release|Any CPU
		{504C0589-4616-43B7-B13C-7AEBA0B70DFF}.SQL2008|Any CPU.ActiveCfg = SQL2008|Any CPU
		{504C0589-4616-43B7-B13C-7AEBA0B70DFF}.SQL2008|Any CPU.Build.0 = SQL2008|Any CPU
		{6E377C34-83F1-41C2-8AD2-5146E19768D5}.Debug|Any CPU.ActiveCfg = Debug|Any CPU
		{6E377C34-83F1-41C2-8AD2-5146E19768D5}.Debug|Any CPU.Build.0 = Debug|Any CPU
		{6E377C34-83F1-41C2-8AD2-5146E19768D5}.Release|Any CPU.ActiveCfg = Release|Any CPU
		{6E377C34-83F1-41C2-8AD2-5146E19768D5}.Release|Any CPU.Build.0 = Release|Any CPU
		{6E377C34-83F1-41C2-8AD2-5146E19768D5}.SQL2008|Any CPU.ActiveCfg = SQL2008|Any CPU
		{6E377C34-83F1-41C2-8AD2-5146E19768D5}.SQL2008|Any CPU.Build.0 = SQL2008|Any CPU
	EndGlobalSection
	GlobalSection(SolutionProperties) = preSolution
		HideSolutionNode = FALSE
	EndGlobalSection
	GlobalSection(NestedProjects) = preSolution
		{43367C58-37BA-444E-8DB8-0EF7033680CA} = {A4C64DF0-A9D2-4123-A1F0-D1D689B1B920}
		{26587766-78C1-4DBE-BDFA-EB173AD5DD23} = {A4C64DF0-A9D2-4123-A1F0-D1D689B1B920}
		{D189BF94-2022-4236-8031-652AB4291044} = {EBC504B1-C49C-4B7D-88F1-DC5478273649}
		{331C4BA2-56D1-43DF-941E-1880259188A3} = {EBC504B1-C49C-4B7D-88F1-DC5478273649}
		{880F65EA-1A22-4672-A137-FFC91290A209} = {D189BF94-2022-4236-8031-652AB4291044}
		{E762ABB0-9982-444C-A2B5-23B5866954F3} = {D189BF94-2022-4236-8031-652AB4291044}
		{426C92DF-3C40-426C-B0BE-40A1DF9044C2} = {D189BF94-2022-4236-8031-652AB4291044}
		{62F22FFA-A1CF-4A74-838C-9AB33A9442EA} = {D189BF94-2022-4236-8031-652AB4291044}
		{77D47855-A3D4-4B92-9FC0-C2EDEE27A8A7} = {D189BF94-2022-4236-8031-652AB4291044}
		{96885C8F-AD20-41B4-86EE-BC9B3D47D9F9} = {D189BF94-2022-4236-8031-652AB4291044}
		{ECB429BC-3E76-4FCD-897E-235B546C8738} = {D189BF94-2022-4236-8031-652AB4291044}
		{21971F28-8ED8-4F50-B623-E9DB2658AF54} = {D189BF94-2022-4236-8031-652AB4291044}
		{880F65EA-1A22-4672-A137-FFC912902112} = {D189BF94-2022-4236-8031-652AB4291044}
		{2B6615CB-C89A-45D6-B31D-5C4D85F72299} = {D189BF94-2022-4236-8031-652AB4291044}
		{278EFC9F-54D0-495B-AD33-085BBC436E90} = {331C4BA2-56D1-43DF-941E-1880259188A3}
		{E33177AD-E8A9-4B1C-A4BD-75B371C38C19} = {331C4BA2-56D1-43DF-941E-1880259188A3}
		{D9A1867F-0E9C-4438-944C-4967B0F0D0AA} = {331C4BA2-56D1-43DF-941E-1880259188A3}
		{B500972D-C69B-4C55-A473-FCAE66982FF6} = {331C4BA2-56D1-43DF-941E-1880259188A3}
		{31CE132D-BFE7-443E-B68C-8C05F0751BC5} = {331C4BA2-56D1-43DF-941E-1880259188A3}
		{504C0589-4616-43B7-B13C-7AEBA0B70DFF} = {331C4BA2-56D1-43DF-941E-1880259188A3}
		{6E377C34-83F1-41C2-8AD2-5146E19768D5} = {331C4BA2-56D1-43DF-941E-1880259188A3}
		{880F65EA-1A22-4672-A137-FFC912902046} = {2B6615CB-C89A-45D6-B31D-5C4D85F72299}
		{16ABD509-8E84-46F5-9F56-1E5E4B5B3913} = {2B6615CB-C89A-45D6-B31D-5C4D85F72299}
		{4F6F2194-F11D-4CC6-8BB1-7D20F97EC082} = {2B6615CB-C89A-45D6-B31D-5C4D85F72299}
		{0403B026-5047-41A4-98EE-62F2D92B812C} = {2B6615CB-C89A-45D6-B31D-5C4D85F72299}
		{1571576A-27DE-4470-8AAD-A76E8CF111D1} = {2B6615CB-C89A-45D6-B31D-5C4D85F72299}
		{EAB144DB-F0C6-4192-8FA7-AFBA2A663A8C} = {2B6615CB-C89A-45D6-B31D-5C4D85F72299}
		{176E6AB2-A219-4A45-9374-EEDB725B3B1C} = {2B6615CB-C89A-45D6-B31D-5C4D85F72299}
		{8A00570F-4D51-46EE-BA1D-52EC2A7BD38A} = {2B6615CB-C89A-45D6-B31D-5C4D85F72299}
		{880F65EA-1A22-4672-A137-FFC912902113} = {2B6615CB-C89A-45D6-B31D-5C4D85F72299}
	EndGlobalSection
EndGlobal
