
Microsoft Visual Studio Solution File, Format Version 12.00
# Visual Studio 2012
Project("{FAE04EC0-301F-11D3-BF4B-00C04F79EFBC}") = "Qorpent.Integration.BSharp.Builder", "Qorpent.Integration.BSharp.Builder\Qorpent.Integration.BSharp.Builder.csproj", "{9F8A9B7F-0CAD-47A3-A3C7-F7AC3158864A}"
EndProject
Project("{2150E333-8FDC-42A3-9474-1A3956D46DE8}") = "dependency", "dependency", "{E3089D42-2BDA-48CC-A0B3-EB76694965EA}"
EndProject
Project("{FAE04EC0-301F-11D3-BF4B-00C04F79EFBC}") = "Qorpent.Core", "..\qorpent.sys\Qorpent.Core\Qorpent.Core.csproj", "{880F65EA-1A22-4672-A137-FFC91290A209}"
EndProject
Project("{FAE04EC0-301F-11D3-BF4B-00C04F79EFBC}") = "Qorpent.Utils", "..\qorpent.sys\Qorpent.Utils\Qorpent.Utils.csproj", "{880F65EA-1A22-4672-A137-FFC912902112}"
EndProject
Project("{FAE04EC0-301F-11D3-BF4B-00C04F79EFBC}") = "Qorpent.Serialization", "..\qorpent.sys\Qorpent.Serialization\Qorpent.Serialization.csproj", "{21971F28-8ED8-4F50-B623-E9DB2658AF54}"
EndProject
Project("{FAE04EC0-301F-11D3-BF4B-00C04F79EFBC}") = "Qorpent.Serialization.Tests", "..\qorpent.sys\Qorpent.Serialization.Tests\Qorpent.Serialization.Tests.csproj", "{8A00570F-4D51-46EE-BA1D-52EC2A7BD38A}"
EndProject
Project("{FAE04EC0-301F-11D3-BF4B-00C04F79EFBC}") = "Qorpent.Integration.BSharp.Builder.Tests", "Qorpent.Integration.BSharp.Builder.Tests\Qorpent.Integration.BSharp.Builder.Tests.csproj", "{F19F73AE-89C6-4D1C-BED0-9470BA8B04E2}"
EndProject
Project("{FAE04EC0-301F-11D3-BF4B-00C04F79EFBC}") = "Qorpent.IO", "..\qorpent.sys\Qorpent.IO\Qorpent.IO.csproj", "{426C92DF-3C40-426C-B0BE-40A1DF9044C2}"
EndProject
Project("{FAE04EC0-301F-11D3-BF4B-00C04F79EFBC}") = "Qorpent.Integration.BSharp.Builder.Exe", "Qorpent.Integration.BSharp.Builder.Exe\Qorpent.Integration.BSharp.Builder.Exe.csproj", "{CCB8EB2C-9F96-47F4-90E9-E6F7247EDF8E}"
	ProjectSection(ProjectDependencies) = postProject
		{9F8A9B7F-0CAD-47A3-A3C7-F7AC3158864A} = {9F8A9B7F-0CAD-47A3-A3C7-F7AC3158864A}
	EndProjectSection
EndProject
Project("{FAE04EC0-301F-11D3-BF4B-00C04F79EFBC}") = "Qorpent.Utils.Tests", "..\qorpent.sys\Qorpent.Utils.Tests\Qorpent.Utils.Tests.csproj", "{880F65EA-1A22-4672-A137-FFC912902113}"
EndProject
Global
	GlobalSection(SolutionConfigurationPlatforms) = preSolution
		Debug|Any CPU = Debug|Any CPU
		Release|Any CPU = Release|Any CPU
		SQL2008|Any CPU = SQL2008|Any CPU
	EndGlobalSection
	GlobalSection(ProjectConfigurationPlatforms) = postSolution
		{9F8A9B7F-0CAD-47A3-A3C7-F7AC3158864A}.Debug|Any CPU.ActiveCfg = Debug|Any CPU
		{9F8A9B7F-0CAD-47A3-A3C7-F7AC3158864A}.Debug|Any CPU.Build.0 = Debug|Any CPU
		{9F8A9B7F-0CAD-47A3-A3C7-F7AC3158864A}.Release|Any CPU.ActiveCfg = Release|Any CPU
		{9F8A9B7F-0CAD-47A3-A3C7-F7AC3158864A}.Release|Any CPU.Build.0 = Release|Any CPU
		{9F8A9B7F-0CAD-47A3-A3C7-F7AC3158864A}.SQL2008|Any CPU.ActiveCfg = SQL2008|Any CPU
		{9F8A9B7F-0CAD-47A3-A3C7-F7AC3158864A}.SQL2008|Any CPU.Build.0 = SQL2008|Any CPU
		{880F65EA-1A22-4672-A137-FFC91290A209}.Debug|Any CPU.ActiveCfg = Debug|Any CPU
		{880F65EA-1A22-4672-A137-FFC91290A209}.Debug|Any CPU.Build.0 = Debug|Any CPU
		{880F65EA-1A22-4672-A137-FFC91290A209}.Release|Any CPU.ActiveCfg = Release|Any CPU
		{880F65EA-1A22-4672-A137-FFC91290A209}.Release|Any CPU.Build.0 = Release|Any CPU
		{880F65EA-1A22-4672-A137-FFC91290A209}.SQL2008|Any CPU.ActiveCfg = SQL2008|Any CPU
		{880F65EA-1A22-4672-A137-FFC91290A209}.SQL2008|Any CPU.Build.0 = SQL2008|Any CPU
		{880F65EA-1A22-4672-A137-FFC912902112}.Debug|Any CPU.ActiveCfg = Debug|Any CPU
		{880F65EA-1A22-4672-A137-FFC912902112}.Debug|Any CPU.Build.0 = Debug|Any CPU
		{880F65EA-1A22-4672-A137-FFC912902112}.Release|Any CPU.ActiveCfg = Release|Any CPU
		{880F65EA-1A22-4672-A137-FFC912902112}.Release|Any CPU.Build.0 = Release|Any CPU
		{880F65EA-1A22-4672-A137-FFC912902112}.SQL2008|Any CPU.ActiveCfg = SQL2008|Any CPU
		{880F65EA-1A22-4672-A137-FFC912902112}.SQL2008|Any CPU.Build.0 = SQL2008|Any CPU
		{21971F28-8ED8-4F50-B623-E9DB2658AF54}.Debug|Any CPU.ActiveCfg = Debug|Any CPU
		{21971F28-8ED8-4F50-B623-E9DB2658AF54}.Debug|Any CPU.Build.0 = Debug|Any CPU
		{21971F28-8ED8-4F50-B623-E9DB2658AF54}.Release|Any CPU.ActiveCfg = Release|Any CPU
		{21971F28-8ED8-4F50-B623-E9DB2658AF54}.Release|Any CPU.Build.0 = Release|Any CPU
		{21971F28-8ED8-4F50-B623-E9DB2658AF54}.SQL2008|Any CPU.ActiveCfg = SQL2008|Any CPU
		{21971F28-8ED8-4F50-B623-E9DB2658AF54}.SQL2008|Any CPU.Build.0 = SQL2008|Any CPU
		{8A00570F-4D51-46EE-BA1D-52EC2A7BD38A}.Debug|Any CPU.ActiveCfg = Debug|Any CPU
		{8A00570F-4D51-46EE-BA1D-52EC2A7BD38A}.Debug|Any CPU.Build.0 = Debug|Any CPU
		{8A00570F-4D51-46EE-BA1D-52EC2A7BD38A}.Release|Any CPU.ActiveCfg = Release|Any CPU
		{8A00570F-4D51-46EE-BA1D-52EC2A7BD38A}.Release|Any CPU.Build.0 = Release|Any CPU
		{8A00570F-4D51-46EE-BA1D-52EC2A7BD38A}.SQL2008|Any CPU.ActiveCfg = SQL2008|Any CPU
		{8A00570F-4D51-46EE-BA1D-52EC2A7BD38A}.SQL2008|Any CPU.Build.0 = SQL2008|Any CPU
		{F19F73AE-89C6-4D1C-BED0-9470BA8B04E2}.Debug|Any CPU.ActiveCfg = Debug|Any CPU
		{F19F73AE-89C6-4D1C-BED0-9470BA8B04E2}.Debug|Any CPU.Build.0 = Debug|Any CPU
		{F19F73AE-89C6-4D1C-BED0-9470BA8B04E2}.Release|Any CPU.ActiveCfg = Release|Any CPU
		{F19F73AE-89C6-4D1C-BED0-9470BA8B04E2}.Release|Any CPU.Build.0 = Release|Any CPU
		{F19F73AE-89C6-4D1C-BED0-9470BA8B04E2}.SQL2008|Any CPU.ActiveCfg = SQL2008|Any CPU
		{F19F73AE-89C6-4D1C-BED0-9470BA8B04E2}.SQL2008|Any CPU.Build.0 = SQL2008|Any CPU
		{426C92DF-3C40-426C-B0BE-40A1DF9044C2}.Debug|Any CPU.ActiveCfg = Debug|Any CPU
		{426C92DF-3C40-426C-B0BE-40A1DF9044C2}.Debug|Any CPU.Build.0 = Debug|Any CPU
		{426C92DF-3C40-426C-B0BE-40A1DF9044C2}.Release|Any CPU.ActiveCfg = Release|Any CPU
		{426C92DF-3C40-426C-B0BE-40A1DF9044C2}.Release|Any CPU.Build.0 = Release|Any CPU
		{426C92DF-3C40-426C-B0BE-40A1DF9044C2}.SQL2008|Any CPU.ActiveCfg = SQL2008|Any CPU
		{426C92DF-3C40-426C-B0BE-40A1DF9044C2}.SQL2008|Any CPU.Build.0 = SQL2008|Any CPU
		{CCB8EB2C-9F96-47F4-90E9-E6F7247EDF8E}.Debug|Any CPU.ActiveCfg = Debug|Any CPU
		{CCB8EB2C-9F96-47F4-90E9-E6F7247EDF8E}.Debug|Any CPU.Build.0 = Debug|Any CPU
		{CCB8EB2C-9F96-47F4-90E9-E6F7247EDF8E}.Release|Any CPU.ActiveCfg = Release|Any CPU
		{CCB8EB2C-9F96-47F4-90E9-E6F7247EDF8E}.Release|Any CPU.Build.0 = Release|Any CPU
		{CCB8EB2C-9F96-47F4-90E9-E6F7247EDF8E}.SQL2008|Any CPU.ActiveCfg = SQL2008|Any CPU
		{CCB8EB2C-9F96-47F4-90E9-E6F7247EDF8E}.SQL2008|Any CPU.Build.0 = SQL2008|Any CPU
		{880F65EA-1A22-4672-A137-FFC912902113}.Debug|Any CPU.ActiveCfg = Debug|Any CPU
		{880F65EA-1A22-4672-A137-FFC912902113}.Debug|Any CPU.Build.0 = Debug|Any CPU
		{880F65EA-1A22-4672-A137-FFC912902113}.Release|Any CPU.ActiveCfg = Release|Any CPU
		{880F65EA-1A22-4672-A137-FFC912902113}.Release|Any CPU.Build.0 = Release|Any CPU
		{880F65EA-1A22-4672-A137-FFC912902113}.SQL2008|Any CPU.ActiveCfg = SQL2008|Any CPU
		{880F65EA-1A22-4672-A137-FFC912902113}.SQL2008|Any CPU.Build.0 = SQL2008|Any CPU
	EndGlobalSection
	GlobalSection(SolutionProperties) = preSolution
		HideSolutionNode = FALSE
	EndGlobalSection
	GlobalSection(NestedProjects) = preSolution
		{880F65EA-1A22-4672-A137-FFC91290A209} = {E3089D42-2BDA-48CC-A0B3-EB76694965EA}
		{880F65EA-1A22-4672-A137-FFC912902112} = {E3089D42-2BDA-48CC-A0B3-EB76694965EA}
		{21971F28-8ED8-4F50-B623-E9DB2658AF54} = {E3089D42-2BDA-48CC-A0B3-EB76694965EA}
		{8A00570F-4D51-46EE-BA1D-52EC2A7BD38A} = {E3089D42-2BDA-48CC-A0B3-EB76694965EA}
		{426C92DF-3C40-426C-B0BE-40A1DF9044C2} = {E3089D42-2BDA-48CC-A0B3-EB76694965EA}
		{880F65EA-1A22-4672-A137-FFC912902113} = {E3089D42-2BDA-48CC-A0B3-EB76694965EA}
	EndGlobalSection
EndGlobal
