
Microsoft Visual Studio Solution File, Format Version 12.00
# Visual Studio 2013
VisualStudioVersion = 12.0.21005.1
MinimumVisualStudioVersion = 10.0.40219.1
Project("{FAE04EC0-301F-11D3-BF4B-00C04F79EFBC}") = "Qorpent.Host", "Qorpent.Host\Qorpent.Host.csproj", "{43AE4275-6E9C-41DC-AEE9-EC54FC739B87}"
EndProject
Project("{FAE04EC0-301F-11D3-BF4B-00C04F79EFBC}") = "Qorpent.Host.Lib", "Qorpent.Host.Lib\Qorpent.Host.Lib.csproj", "{E31B62A2-2FEF-4EF9-AADC-21B24885E035}"
EndProject
Project("{FAE04EC0-301F-11D3-BF4B-00C04F79EFBC}") = "Qorpent.Host.Lib.Tests", "Qorpent.Host.Lib.Tests\Qorpent.Host.Lib.Tests.csproj", "{AE0B26CF-9B06-4310-B538-839A909DA571}"
EndProject
Project("{2150E333-8FDC-42A3-9474-1A3956D46DE8}") = "Dependency", "Dependency", "{1C57CCDB-C542-436C-B098-BD444E29B30F}"
EndProject
Project("{FAE04EC0-301F-11D3-BF4B-00C04F79EFBC}") = "Qorpent.Core", "..\qorpent.sys\Qorpent.Core\Qorpent.Core.csproj", "{880F65EA-1A22-4672-A137-FFC91290A209}"
EndProject
Project("{FAE04EC0-301F-11D3-BF4B-00C04F79EFBC}") = "Qorpent.Utils", "..\qorpent.sys\Qorpent.Utils\Qorpent.Utils.csproj", "{880F65EA-1A22-4672-A137-FFC912902112}"
EndProject
Project("{FAE04EC0-301F-11D3-BF4B-00C04F79EFBC}") = "Qorpent.Serialization", "..\qorpent.sys\Qorpent.Serialization\Qorpent.Serialization.csproj", "{21971F28-8ED8-4F50-B623-E9DB2658AF54}"
EndProject
Project("{FAE04EC0-301F-11D3-BF4B-00C04F79EFBC}") = "Qorpent.IoC", "..\qorpent.sys\Qorpent.IoC\Qorpent.IoC.csproj", "{62F22FFA-A1CF-4A74-838C-9AB33A9442EA}"
EndProject
Project("{FAE04EC0-301F-11D3-BF4B-00C04F79EFBC}") = "Qorpent.Mvc", "..\qorpent.sys\Qorpent.Mvc\Qorpent.Mvc.csproj", "{96885C8F-AD20-41B4-86EE-BC9B3D47D9F9}"
EndProject
Project("{FAE04EC0-301F-11D3-BF4B-00C04F79EFBC}") = "Qorpent.IO", "..\qorpent.sys\Qorpent.IO\Qorpent.IO.csproj", "{426C92DF-3C40-426C-B0BE-40A1DF9044C2}"
EndProject
Project("{FAE04EC0-301F-11D3-BF4B-00C04F79EFBC}") = "Qorpent.Data", "..\qorpent.sys\Qorpent.Data\Qorpent.Data.csproj", "{E762ABB0-9982-444C-A2B5-23B5866954F3}"
EndProject
Project("{FAE04EC0-301F-11D3-BF4B-00C04F79EFBC}") = "Qorpent.Serialization.Tests", "..\qorpent.sys\Qorpent.Serialization.Tests\Qorpent.Serialization.Tests.csproj", "{8A00570F-4D51-46EE-BA1D-52EC2A7BD38A}"
EndProject
Global
	GlobalSection(SolutionConfigurationPlatforms) = preSolution
		Debug|Any CPU = Debug|Any CPU
		Release|Any CPU = Release|Any CPU
		SQL2008|Any CPU = SQL2008|Any CPU
	EndGlobalSection
	GlobalSection(ProjectConfigurationPlatforms) = postSolution
		{43AE4275-6E9C-41DC-AEE9-EC54FC739B87}.Debug|Any CPU.ActiveCfg = Debug|Any CPU
		{43AE4275-6E9C-41DC-AEE9-EC54FC739B87}.Debug|Any CPU.Build.0 = Debug|Any CPU
		{43AE4275-6E9C-41DC-AEE9-EC54FC739B87}.Release|Any CPU.ActiveCfg = Release|Any CPU
		{43AE4275-6E9C-41DC-AEE9-EC54FC739B87}.Release|Any CPU.Build.0 = Release|Any CPU
		{43AE4275-6E9C-41DC-AEE9-EC54FC739B87}.SQL2008|Any CPU.ActiveCfg = SQL2008|Any CPU
		{43AE4275-6E9C-41DC-AEE9-EC54FC739B87}.SQL2008|Any CPU.Build.0 = SQL2008|Any CPU
		{E31B62A2-2FEF-4EF9-AADC-21B24885E035}.Debug|Any CPU.ActiveCfg = Debug|Any CPU
		{E31B62A2-2FEF-4EF9-AADC-21B24885E035}.Debug|Any CPU.Build.0 = Debug|Any CPU
		{E31B62A2-2FEF-4EF9-AADC-21B24885E035}.Release|Any CPU.ActiveCfg = Release|Any CPU
		{E31B62A2-2FEF-4EF9-AADC-21B24885E035}.Release|Any CPU.Build.0 = Release|Any CPU
		{E31B62A2-2FEF-4EF9-AADC-21B24885E035}.SQL2008|Any CPU.ActiveCfg = SQL2008|Any CPU
		{E31B62A2-2FEF-4EF9-AADC-21B24885E035}.SQL2008|Any CPU.Build.0 = SQL2008|Any CPU
		{AE0B26CF-9B06-4310-B538-839A909DA571}.Debug|Any CPU.ActiveCfg = Debug|Any CPU
		{AE0B26CF-9B06-4310-B538-839A909DA571}.Debug|Any CPU.Build.0 = Debug|Any CPU
		{AE0B26CF-9B06-4310-B538-839A909DA571}.Release|Any CPU.ActiveCfg = Release|Any CPU
		{AE0B26CF-9B06-4310-B538-839A909DA571}.Release|Any CPU.Build.0 = Release|Any CPU
		{AE0B26CF-9B06-4310-B538-839A909DA571}.SQL2008|Any CPU.ActiveCfg = SQL2008|Any CPU
		{AE0B26CF-9B06-4310-B538-839A909DA571}.SQL2008|Any CPU.Build.0 = SQL2008|Any CPU
		{880F65EA-1A22-4672-A137-FFC91290A209}.Debug|Any CPU.ActiveCfg = Debug|Any CPU
		{880F65EA-1A22-4672-A137-FFC91290A209}.Debug|Any CPU.Build.0 = Debug|Any CPU
		{880F65EA-1A22-4672-A137-FFC91290A209}.Release|Any CPU.ActiveCfg = Release|Any CPU
		{880F65EA-1A22-4672-A137-FFC91290A209}.Release|Any CPU.Build.0 = Release|Any CPU
		{880F65EA-1A22-4672-A137-FFC91290A209}.SQL2008|Any CPU.ActiveCfg = SQL2008|Any CPU
		{880F65EA-1A22-4672-A137-FFC91290A209}.SQL2008|Any CPU.Build.0 = SQL2008|Any CPU
		{880F65EA-1A22-4672-A137-FFC912902112}.Debug|Any CPU.ActiveCfg = Debug|Any CPU
		{880F65EA-1A22-4672-A137-FFC912902112}.Debug|Any CPU.Build.0 = Debug|Any CPU
		{880F65EA-1A22-4672-A137-FFC912902112}.Release|Any CPU.ActiveCfg = Release|Any CPU
		{880F65EA-1A22-4672-A137-FFC912902112}.Release|Any CPU.Build.0 = Release|Any CPU
		{880F65EA-1A22-4672-A137-FFC912902112}.SQL2008|Any CPU.ActiveCfg = SQL2008|Any CPU
		{880F65EA-1A22-4672-A137-FFC912902112}.SQL2008|Any CPU.Build.0 = SQL2008|Any CPU
		{21971F28-8ED8-4F50-B623-E9DB2658AF54}.Debug|Any CPU.ActiveCfg = Debug|Any CPU
		{21971F28-8ED8-4F50-B623-E9DB2658AF54}.Debug|Any CPU.Build.0 = Debug|Any CPU
		{21971F28-8ED8-4F50-B623-E9DB2658AF54}.Release|Any CPU.ActiveCfg = Release|Any CPU
		{21971F28-8ED8-4F50-B623-E9DB2658AF54}.Release|Any CPU.Build.0 = Release|Any CPU
		{21971F28-8ED8-4F50-B623-E9DB2658AF54}.SQL2008|Any CPU.ActiveCfg = SQL2008|Any CPU
		{21971F28-8ED8-4F50-B623-E9DB2658AF54}.SQL2008|Any CPU.Build.0 = SQL2008|Any CPU
		{62F22FFA-A1CF-4A74-838C-9AB33A9442EA}.Debug|Any CPU.ActiveCfg = Debug|Any CPU
		{62F22FFA-A1CF-4A74-838C-9AB33A9442EA}.Debug|Any CPU.Build.0 = Debug|Any CPU
		{62F22FFA-A1CF-4A74-838C-9AB33A9442EA}.Release|Any CPU.ActiveCfg = Release|Any CPU
		{62F22FFA-A1CF-4A74-838C-9AB33A9442EA}.Release|Any CPU.Build.0 = Release|Any CPU
		{62F22FFA-A1CF-4A74-838C-9AB33A9442EA}.SQL2008|Any CPU.ActiveCfg = SQL2008|Any CPU
		{62F22FFA-A1CF-4A74-838C-9AB33A9442EA}.SQL2008|Any CPU.Build.0 = SQL2008|Any CPU
		{96885C8F-AD20-41B4-86EE-BC9B3D47D9F9}.Debug|Any CPU.ActiveCfg = Debug|Any CPU
		{96885C8F-AD20-41B4-86EE-BC9B3D47D9F9}.Debug|Any CPU.Build.0 = Debug|Any CPU
		{96885C8F-AD20-41B4-86EE-BC9B3D47D9F9}.Release|Any CPU.ActiveCfg = Release|Any CPU
		{96885C8F-AD20-41B4-86EE-BC9B3D47D9F9}.Release|Any CPU.Build.0 = Release|Any CPU
		{96885C8F-AD20-41B4-86EE-BC9B3D47D9F9}.SQL2008|Any CPU.ActiveCfg = SQL2008|Any CPU
		{96885C8F-AD20-41B4-86EE-BC9B3D47D9F9}.SQL2008|Any CPU.Build.0 = SQL2008|Any CPU
		{426C92DF-3C40-426C-B0BE-40A1DF9044C2}.Debug|Any CPU.ActiveCfg = Debug|Any CPU
		{426C92DF-3C40-426C-B0BE-40A1DF9044C2}.Debug|Any CPU.Build.0 = Debug|Any CPU
		{426C92DF-3C40-426C-B0BE-40A1DF9044C2}.Release|Any CPU.ActiveCfg = Release|Any CPU
		{426C92DF-3C40-426C-B0BE-40A1DF9044C2}.Release|Any CPU.Build.0 = Release|Any CPU
		{426C92DF-3C40-426C-B0BE-40A1DF9044C2}.SQL2008|Any CPU.ActiveCfg = SQL2008|Any CPU
		{426C92DF-3C40-426C-B0BE-40A1DF9044C2}.SQL2008|Any CPU.Build.0 = SQL2008|Any CPU
		{E762ABB0-9982-444C-A2B5-23B5866954F3}.Debug|Any CPU.ActiveCfg = Debug|Any CPU
		{E762ABB0-9982-444C-A2B5-23B5866954F3}.Debug|Any CPU.Build.0 = Debug|Any CPU
		{E762ABB0-9982-444C-A2B5-23B5866954F3}.Release|Any CPU.ActiveCfg = Release|Any CPU
		{E762ABB0-9982-444C-A2B5-23B5866954F3}.Release|Any CPU.Build.0 = Release|Any CPU
		{E762ABB0-9982-444C-A2B5-23B5866954F3}.SQL2008|Any CPU.ActiveCfg = SQL2008|Any CPU
		{E762ABB0-9982-444C-A2B5-23B5866954F3}.SQL2008|Any CPU.Build.0 = SQL2008|Any CPU
		{8A00570F-4D51-46EE-BA1D-52EC2A7BD38A}.Debug|Any CPU.ActiveCfg = Debug|Any CPU
		{8A00570F-4D51-46EE-BA1D-52EC2A7BD38A}.Debug|Any CPU.Build.0 = Debug|Any CPU
		{8A00570F-4D51-46EE-BA1D-52EC2A7BD38A}.Release|Any CPU.ActiveCfg = Release|Any CPU
		{8A00570F-4D51-46EE-BA1D-52EC2A7BD38A}.Release|Any CPU.Build.0 = Release|Any CPU
		{8A00570F-4D51-46EE-BA1D-52EC2A7BD38A}.SQL2008|Any CPU.ActiveCfg = SQL2008|Any CPU
		{8A00570F-4D51-46EE-BA1D-52EC2A7BD38A}.SQL2008|Any CPU.Build.0 = SQL2008|Any CPU
	EndGlobalSection
	GlobalSection(SolutionProperties) = preSolution
		HideSolutionNode = FALSE
	EndGlobalSection
	GlobalSection(NestedProjects) = preSolution
		{880F65EA-1A22-4672-A137-FFC91290A209} = {1C57CCDB-C542-436C-B098-BD444E29B30F}
		{880F65EA-1A22-4672-A137-FFC912902112} = {1C57CCDB-C542-436C-B098-BD444E29B30F}
		{21971F28-8ED8-4F50-B623-E9DB2658AF54} = {1C57CCDB-C542-436C-B098-BD444E29B30F}
		{62F22FFA-A1CF-4A74-838C-9AB33A9442EA} = {1C57CCDB-C542-436C-B098-BD444E29B30F}
		{96885C8F-AD20-41B4-86EE-BC9B3D47D9F9} = {1C57CCDB-C542-436C-B098-BD444E29B30F}
		{426C92DF-3C40-426C-B0BE-40A1DF9044C2} = {1C57CCDB-C542-436C-B098-BD444E29B30F}
		{E762ABB0-9982-444C-A2B5-23B5866954F3} = {1C57CCDB-C542-436C-B098-BD444E29B30F}
		{8A00570F-4D51-46EE-BA1D-52EC2A7BD38A} = {1C57CCDB-C542-436C-B098-BD444E29B30F}
	EndGlobalSection
EndGlobal
