
Microsoft Visual Studio Solution File, Format Version 12.00
# Visual Studio 2012
Project("{FAE04EC0-301F-11D3-BF4B-00C04F79EFBC}") = "Qorpent.Integration.YouTrack", "Qorpent.Integration.YouTrack\Qorpent.Integration.YouTrack.csproj", "{01B17933-9AA7-44C4-8BB7-66479780DEDB}"
EndProject
Project("{FAE04EC0-301F-11D3-BF4B-00C04F79EFBC}") = "Qorpent.Integration.YouTrack.Tests", "Qorpent.Integration.YouTrack.Tests\Qorpent.Integration.YouTrack.Tests.csproj", "{1C8FB3E4-38CF-4AD1-BB06-CAD42EBC5CEA}"
EndProject
Project("{FAE04EC0-301F-11D3-BF4B-00C04F79EFBC}") = "Qorpent.Integration.SqlExtensions", "Qorpent.Integration.SqlExtensions\Qorpent.Integration.SqlExtensions.csproj", "{91E303FD-01E0-4F79-A6DC-E68BF24B2B04}"
EndProject
Project("{FAE04EC0-301F-11D3-BF4B-00C04F79EFBC}") = "Qorpent.Integration.SqlExtensions.Tests", "Qorpent.Integration.SqlExtensions.Tests\Qorpent.Integration.SqlExtensions.Tests.csproj", "{80553B52-5E2F-43D1-891E-057B98C0AD2C}"
EndProject
Project("{2150E333-8FDC-42A3-9474-1A3956D46DE8}") = "Solution Items", "Solution Items", "{B593AD48-AD7C-4426-AC85-BE8039C3F4B0}"
	ProjectSection(SolutionItems) = preProject
		.gitattributes = .gitattributes
		.gitignore = .gitignore
		build.IncludeMongoDB = build.IncludeMongoDB
		install.IncludeMongoDB = install.IncludeMongoDB
		Integration.MongoDB.ioc-manifest.bxl = Integration.MongoDB.ioc-manifest.bxl
		m-Qorpent.Integration.YouTrack.ioc-manifest.bxl = m-Qorpent.Integration.YouTrack.ioc-manifest.bxl
		youtrack-exreg.ioc-manifest.bxl = youtrack-exreg.ioc-manifest.bxl
	EndProjectSection
EndProject
Project("{FAE04EC0-301F-11D3-BF4B-00C04F79EFBC}") = "Qorpent.Integration.MongoDB", "Qorpent.Integration.MongoDB\Qorpent.Integration.MongoDB.csproj", "{31CE132D-BFE7-443E-B68C-8C05F0751BC5}"
	ProjectSection(ProjectDependencies) = postProject
		{880F65EA-1A22-4672-A137-FFC91290A209} = {880F65EA-1A22-4672-A137-FFC91290A209}
	EndProjectSection
EndProject
Project("{2150E333-8FDC-42A3-9474-1A3956D46DE8}") = "Tests", "Tests", "{CE3A34E0-DE22-4AA2-9665-A22C3D8EC812}"
EndProject
Project("{FAE04EC0-301F-11D3-BF4B-00C04F79EFBC}") = "Qorpent.Integration.MongoDB.Tests", "Qorpent.Integration.MongoDB.Tests\Qorpent.Integration.MongoDB.Tests.csproj", "{42318A48-6D14-4A83-A4B5-BBE5C1D8F928}"
EndProject
Project("{2150E333-8FDC-42A3-9474-1A3956D46DE8}") = "Deps", "Deps", "{FABF9718-2BA3-47A1-9782-E8D1D58B1EDF}"
EndProject
Project("{FAE04EC0-301F-11D3-BF4B-00C04F79EFBC}") = "Qorpent.Core", "..\qorpent.sys\Qorpent.Core\Qorpent.Core.csproj", "{880F65EA-1A22-4672-A137-FFC91290A209}"
EndProject
Project("{2150E333-8FDC-42A3-9474-1A3956D46DE8}") = "Tests", "Tests", "{690AA1DD-503E-47C0-AA58-53529331D847}"
EndProject
Project("{2150E333-8FDC-42A3-9474-1A3956D46DE8}") = "commons", "commons", "{C2A79FDB-910A-44E8-9B99-710642104C7E}"
	ProjectSection(SolutionItems) = preProject
		..\qorpent.sys\.gitattributes = ..\qorpent.sys\.gitattributes
		..\qorpent.sys\.gitignore = ..\qorpent.sys\.gitignore
		..\qorpent.sys\build = ..\qorpent.sys\build
		..\qorpent.sys\commons\default-log.ioc-manifest.bxl = ..\qorpent.sys\commons\default-log.ioc-manifest.bxl
		..\qorpent.sys\commons\default-template.build = ..\qorpent.sys\commons\default-template.build
		..\qorpent.sys\install = ..\qorpent.sys\install
		..\qorpent.sys\commons\log.ioc-template = ..\qorpent.sys\commons\log.ioc-template
		..\qorpent.sys\commons\ndoc3ext.xslt = ..\qorpent.sys\commons\ndoc3ext.xslt
		..\qorpent.sys\commons\notes.txt = ..\qorpent.sys\commons\notes.txt
		..\qorpent.sys\PackageAssemblyInfo.cs = ..\qorpent.sys\PackageAssemblyInfo.cs
		..\qorpent.sys\README.md = ..\qorpent.sys\README.md
		..\qorpent.sys\commons\webapp.build = ..\qorpent.sys\commons\webapp.build
	EndProjectSection
EndProject
Project("{FAE04EC0-301F-11D3-BF4B-00C04F79EFBC}") = "Qorpent.Utils", "..\qorpent.sys\Qorpent.Utils\Qorpent.Utils.csproj", "{880F65EA-1A22-4672-A137-FFC912902112}"
EndProject
Project("{FAE04EC0-301F-11D3-BF4B-00C04F79EFBC}") = "Qorpent.IO", "..\qorpent.sys\Qorpent.IO\Qorpent.IO.csproj", "{426C92DF-3C40-426C-B0BE-40A1DF9044C2}"
EndProject
Project("{FAE04EC0-301F-11D3-BF4B-00C04F79EFBC}") = "Qorpent.IoC", "..\qorpent.sys\Qorpent.IoC\Qorpent.IoC.csproj", "{62F22FFA-A1CF-4A74-838C-9AB33A9442EA}"
EndProject
Project("{FAE04EC0-301F-11D3-BF4B-00C04F79EFBC}") = "Qorpent.Log", "..\qorpent.sys\Qorpent.Log\Qorpent.Log.csproj", "{77D47855-A3D4-4B92-9FC0-C2EDEE27A8A7}"
EndProject
Project("{FAE04EC0-301F-11D3-BF4B-00C04F79EFBC}") = "Qorpent.Mvc", "..\qorpent.sys\Qorpent.Mvc\Qorpent.Mvc.csproj", "{96885C8F-AD20-41B4-86EE-BC9B3D47D9F9}"
EndProject
Project("{FAE04EC0-301F-11D3-BF4B-00C04F79EFBC}") = "Qorpent.Security", "..\qorpent.sys\Qorpent.Security\Qorpent.Security.csproj", "{ECB429BC-3E76-4FCD-897E-235B546C8738}"
EndProject
Project("{FAE04EC0-301F-11D3-BF4B-00C04F79EFBC}") = "Qorpent.Serialization", "..\qorpent.sys\Qorpent.Serialization\Qorpent.Serialization.csproj", "{21971F28-8ED8-4F50-B623-E9DB2658AF54}"
EndProject
Project("{FAE04EC0-301F-11D3-BF4B-00C04F79EFBC}") = "Qorpent.Core.Tests", "..\qorpent.sys\Qorpent.Core.Tests\Qorpent.Core.Tests.csproj", "{880F65EA-1A22-4672-A137-FFC912902046}"
	ProjectSection(ProjectDependencies) = postProject
		{96885C8F-AD20-41B4-86EE-BC9B3D47D9F9} = {96885C8F-AD20-41B4-86EE-BC9B3D47D9F9}
	EndProjectSection
EndProject
Project("{FAE04EC0-301F-11D3-BF4B-00C04F79EFBC}") = "Qorpent.IoC.Tests", "..\qorpent.sys\Qorpent.IoC.Tests\Qorpent.IoC.Tests.csproj", "{0403B026-5047-41A4-98EE-62F2D92B812C}"
EndProject
Project("{FAE04EC0-301F-11D3-BF4B-00C04F79EFBC}") = "Qorpent.Log.Tests", "..\qorpent.sys\Qorpent.Log.Tests\Qorpent.Log.Tests.csproj", "{1571576A-27DE-4470-8AAD-A76E8CF111D1}"
EndProject
Project("{FAE04EC0-301F-11D3-BF4B-00C04F79EFBC}") = "Qorpent.Mvc.Tests", "..\qorpent.sys\Qorpent.Mvc.Tests\Qorpent.Mvc.Tests.csproj", "{EAB144DB-F0C6-4192-8FA7-AFBA2A663A8C}"
EndProject
Project("{FAE04EC0-301F-11D3-BF4B-00C04F79EFBC}") = "Qorpent.Security.Tests", "..\qorpent.sys\Qorpent.Security.Tests\Qorpent.Security.Tests.csproj", "{176E6AB2-A219-4A45-9374-EEDB725B3B1C}"
EndProject
Project("{FAE04EC0-301F-11D3-BF4B-00C04F79EFBC}") = "Qorpent.Serialization.Tests", "..\qorpent.sys\Qorpent.Serialization.Tests\Qorpent.Serialization.Tests.csproj", "{8A00570F-4D51-46EE-BA1D-52EC2A7BD38A}"
EndProject
Project("{FAE04EC0-301F-11D3-BF4B-00C04F79EFBC}") = "Qorpent.Utils.Tests", "..\qorpent.sys\Qorpent.Utils.Tests\Qorpent.Utils.Tests.csproj", "{880F65EA-1A22-4672-A137-FFC912902113}"
EndProject
Project("{FAE04EC0-301F-11D3-BF4B-00C04F79EFBC}") = "Qorpent.Data", "..\qorpent.sys\Qorpent.Data\Qorpent.Data.csproj", "{E762ABB0-9982-444C-A2B5-23B5866954F3}"
EndProject
Project("{FAE04EC0-301F-11D3-BF4B-00C04F79EFBC}") = "Qorpent.Data.Tests", "..\qorpent.sys\Qorpent.Data.Tests\Qorpent.Data.Tests.csproj", "{16ABD509-8E84-46F5-9F56-1E5E4B5B3913}"
EndProject
Project("{FAE04EC0-301F-11D3-BF4B-00C04F79EFBC}") = "Qorpent.IO.Tests", "..\qorpent.sys\Qorpent.IO.Tests\Qorpent.IO.Tests.csproj", "{4F6F2194-F11D-4CC6-8BB1-7D20F97EC082}"
EndProject
Project("{FAE04EC0-301F-11D3-BF4B-00C04F79EFBC}") = "MongoDB.Bson", "..\mongo-csharp-driver\MongoDB.Bson\MongoDB.Bson.csproj", "{0E9A3A2A-49CD-4F6C-847C-DC79B4B65CE6}"
EndProject
Project("{FAE04EC0-301F-11D3-BF4B-00C04F79EFBC}") = "MongoDB.Driver", "..\mongo-csharp-driver\MongoDB.Driver\MongoDB.Driver.csproj", "{AE5166CD-76B0-4911-BD80-CED9521F37A1}"
EndProject
Project("{FAE04EC0-301F-11D3-BF4B-00C04F79EFBC}") = "Qorpent.Integration.Cloud.Tests", "Qorpent.Integration.Cloud.Tests\Qorpent.Integration.Cloud.Tests.csproj", "{E7372FAC-676E-4318-BEA9-52716802AE07}"
EndProject
Project("{FAE04EC0-301F-11D3-BF4B-00C04F79EFBC}") = "Qorpent.Integration.Cloud", "Qorpent.Integration.Cloud\Qorpent.Integration.Cloud.csproj", "{278EFC9F-54D0-495B-AD33-085BBC436E90}"
EndProject
Project("{FAE04EC0-301F-11D3-BF4B-00C04F79EFBC}") = "Qorpent.Integration.Feed", "Qorpent.Integration.Feed\Qorpent.Integration.Feed.csproj", "{E33177AD-E8A9-4B1C-A4BD-75B371C38C19}"
	ProjectSection(ProjectDependencies) = postProject
		{21971F28-8ED8-4F50-B623-E9DB2658AF54} = {21971F28-8ED8-4F50-B623-E9DB2658AF54}
		{31CE132D-BFE7-443E-B68C-8C05F0751BC5} = {31CE132D-BFE7-443E-B68C-8C05F0751BC5}
		{880F65EA-1A22-4672-A137-FFC91290A209} = {880F65EA-1A22-4672-A137-FFC91290A209}
	EndProjectSection
EndProject
Project("{FAE04EC0-301F-11D3-BF4B-00C04F79EFBC}") = "Qorpent.Integration.Feed.Tests", "Qorpent.Integration.Feed.Tests\Qorpent.Integration.Feed.Tests.csproj", "{D8D42867-46F0-4F0B-8A58-6FA47F7D1A2D}"
EndProject
Project("{FAE04EC0-301F-11D3-BF4B-00C04F79EFBC}") = "Qorpent.Integration.RuToken.Tests", "Qorpent.Integration.RuToken.Tests\Qorpent.Integration.RuToken.Tests.csproj", "{48DB5DA5-7CB8-4AFC-B967-1D7DB10B9BBF}"
EndProject
Project("{FAE04EC0-301F-11D3-BF4B-00C04F79EFBC}") = "Qorpent.Integration.RuToken", "Qorpent.Integration.RuToken\Qorpent.Integration.RuToken.csproj", "{8618BCEC-EAB5-4A70-9622-2AE1922A4050}"
	ProjectSection(ProjectDependencies) = postProject
		{96885C8F-AD20-41B4-86EE-BC9B3D47D9F9} = {96885C8F-AD20-41B4-86EE-BC9B3D47D9F9}
		{880F65EA-1A22-4672-A137-FFC91290A209} = {880F65EA-1A22-4672-A137-FFC91290A209}
		{62F22FFA-A1CF-4A74-838C-9AB33A9442EA} = {62F22FFA-A1CF-4A74-838C-9AB33A9442EA}
	EndProjectSection
EndProject
Project("{FAE04EC0-301F-11D3-BF4B-00C04F79EFBC}") = "Qorpent.Integration.Wiki", "Qorpent.Integration.Wiki\Qorpent.Integration.Wiki.csproj", "{6E377C34-83F1-41C2-8AD2-5146E19768D5}"
	ProjectSection(ProjectDependencies) = postProject
		{96885C8F-AD20-41B4-86EE-BC9B3D47D9F9} = {96885C8F-AD20-41B4-86EE-BC9B3D47D9F9}
		{880F65EA-1A22-4672-A137-FFC912902112} = {880F65EA-1A22-4672-A137-FFC912902112}
		{880F65EA-1A22-4672-A137-FFC91290A209} = {880F65EA-1A22-4672-A137-FFC91290A209}
		{62F22FFA-A1CF-4A74-838C-9AB33A9442EA} = {62F22FFA-A1CF-4A74-838C-9AB33A9442EA}
	EndProjectSection
EndProject
Project("{FAE04EC0-301F-11D3-BF4B-00C04F79EFBC}") = "Qorpent.Integration.Wiki.Tests", "Qorpent.Integration.Wiki.Tests\Qorpent.Integration.Wiki.Tests.csproj", "{CE3188B2-250E-4839-9A45-B40B32D58097}"
EndProject
Project("{FAE04EC0-301F-11D3-BF4B-00C04F79EFBC}") = "Qorpent.Integration.BSharp.Builder", "Qorpent.Integration.BSharp.Builder\Qorpent.Integration.BSharp.Builder.csproj", "{9F8A9B7F-0CAD-47A3-A3C7-F7AC3158864A}"
EndProject
Project("{FAE04EC0-301F-11D3-BF4B-00C04F79EFBC}") = "Qorpent.Integration.BSharp.Builder.Exe", "Qorpent.Integration.BSharp.Builder.Exe\Qorpent.Integration.BSharp.Builder.Exe.csproj", "{CCB8EB2C-9F96-47F4-90E9-E6F7247EDF8E}"
EndProject
Project("{FAE04EC0-301F-11D3-BF4B-00C04F79EFBC}") = "Qorpent.Integration.BSharp.Builder.Exe.Tests", "Qorpent.Integration.BSharp.Builder.Exe.Tests\Qorpent.Integration.BSharp.Builder.Exe.Tests.csproj", "{EA3F4734-6D2C-4D50-A889-D7A0B69C4E36}"
EndProject
Project("{FAE04EC0-301F-11D3-BF4B-00C04F79EFBC}") = "Qorpent.Integration.BSharp.Builder.Tests", "Qorpent.Integration.BSharp.Builder.Tests\Qorpent.Integration.BSharp.Builder.Tests.csproj", "{F19F73AE-89C6-4D1C-BED0-9470BA8B04E2}"
EndProject
Project("{2150E333-8FDC-42A3-9474-1A3956D46DE8}") = "Qorpent", "Qorpent", "{1C28159A-DF6D-4037-A6E4-7C3690515E4C}"
EndProject
Project("{2150E333-8FDC-42A3-9474-1A3956D46DE8}") = "Drivers", "Drivers", "{5DE2DC2E-E5F8-477E-B513-FFBEE75AE9CE}"
EndProject
Project("{2150E333-8FDC-42A3-9474-1A3956D46DE8}") = "MongoDB", "MongoDB", "{0CD2AF6F-1951-4686-BDDA-529B5FDFFCEA}"
EndProject
Project("{2150E333-8FDC-42A3-9474-1A3956D46DE8}") = "Redis", "Redis", "{150979A1-AE2B-4A7D-9BB4-AB817F07FCB6}"
EndProject
Project("{FAE04EC0-301F-11D3-BF4B-00C04F79EFBC}") = "ServiceStack.Redis", "..\ServiceStack.Redis\src\ServiceStack.Redis\ServiceStack.Redis.csproj", "{AF99F19B-4C04-4F58-81EF-B092F1FCC540}"
EndProject
Project("{FAE04EC0-301F-11D3-BF4B-00C04F79EFBC}") = "Qorpent.Integration.FileStorages.Tests", "Qorpent.Integration.FileStorages.Tests\Qorpent.Integration.FileStorages.Tests.csproj", "{941763F9-BA7D-44E4-A049-97EE662B8777}"
	ProjectSection(ProjectDependencies) = postProject
		{0E9A3A2A-49CD-4F6C-847C-DC79B4B65CE6} = {0E9A3A2A-49CD-4F6C-847C-DC79B4B65CE6}
		{31CE132D-BFE7-443E-B68C-8C05F0751BC5} = {31CE132D-BFE7-443E-B68C-8C05F0751BC5}
		{AE5166CD-76B0-4911-BD80-CED9521F37A1} = {AE5166CD-76B0-4911-BD80-CED9521F37A1}
		{426C92DF-3C40-426C-B0BE-40A1DF9044C2} = {426C92DF-3C40-426C-B0BE-40A1DF9044C2}
	EndProjectSection
EndProject
Project("{FAE04EC0-301F-11D3-BF4B-00C04F79EFBC}") = "Qorpent.Integration.FileStorages", "Qorpent.Integration.FileStorages\Qorpent.Integration.FileStorages.csproj", "{D9A1867F-0E9C-4438-944C-4967B0F0D0AA}"
	ProjectSection(ProjectDependencies) = postProject
		{0E9A3A2A-49CD-4F6C-847C-DC79B4B65CE6} = {0E9A3A2A-49CD-4F6C-847C-DC79B4B65CE6}
		{31CE132D-BFE7-443E-B68C-8C05F0751BC5} = {31CE132D-BFE7-443E-B68C-8C05F0751BC5}
		{AE5166CD-76B0-4911-BD80-CED9521F37A1} = {AE5166CD-76B0-4911-BD80-CED9521F37A1}
		{426C92DF-3C40-426C-B0BE-40A1DF9044C2} = {426C92DF-3C40-426C-B0BE-40A1DF9044C2}
	EndProjectSection
EndProject
Project("{FAE04EC0-301F-11D3-BF4B-00C04F79EFBC}") = "Qorpent.Integration.WikiFsBackup", "Qorpent.Integration.WikiFsBackup\Qorpent.Integration.WikiFsBackup.csproj", "{9DC29DE9-6D9F-41C7-AC64-319B185AF0EC}"
	ProjectSection(ProjectDependencies) = postProject
		{0E9A3A2A-49CD-4F6C-847C-DC79B4B65CE6} = {0E9A3A2A-49CD-4F6C-847C-DC79B4B65CE6}
		{31CE132D-BFE7-443E-B68C-8C05F0751BC5} = {31CE132D-BFE7-443E-B68C-8C05F0751BC5}
		{AE5166CD-76B0-4911-BD80-CED9521F37A1} = {AE5166CD-76B0-4911-BD80-CED9521F37A1}
	EndProjectSection
EndProject
Project("{FAE04EC0-301F-11D3-BF4B-00C04F79EFBC}") = "Qorpent.Integration.WikiFsBackup.Tests", "Qorpent.Integration.WikiFsBackup.Tests\Qorpent.Integration.WikiFsBackup.Tests.csproj", "{DC288A0F-53BB-43CA-BAA6-91E74CE45D32}"
EndProject
Project("{FAE04EC0-301F-11D3-BF4B-00C04F79EFBC}") = "Qorpent.Tools.SqlExtensionsInstallerLib", "Qorpent.Tools.SqlExtensionsInstallerLib\Qorpent.Tools.SqlExtensionsInstallerLib.csproj", "{820AF793-EECC-418D-91CD-E40E8597BC09}"
EndProject
Project("{FAE04EC0-301F-11D3-BF4B-00C04F79EFBC}") = "Qorpent.Tools.SqlExtensionsInstaller", "Qorpent.Tools.SqlExtensionsInstaller\Qorpent.Tools.SqlExtensionsInstaller.csproj", "{9156EE53-0EED-4467-B5EF-4583F9DC3645}"
EndProject
Project("{FAE04EC0-301F-11D3-BF4B-00C04F79EFBC}") = "Qorpent.Port.Setup", "Qorpent.Port.Setup\Qorpent.Port.Setup.csproj", "{84A77A00-A526-4959-A93C-79B8F50172E7}"
EndProject
Project("{FAE04EC0-301F-11D3-BF4B-00C04F79EFBC}") = "Qorpent.Host.Lib", "Qorpent.Host.Lib\Qorpent.Host.Lib.csproj", "{E31B62A2-2FEF-4EF9-AADC-21B24885E035}"
EndProject
Project("{FAE04EC0-301F-11D3-BF4B-00C04F79EFBC}") = "Qorpent.Integration.NetworkCredentialsEditor", "Qorpent.Integration.NetworkCredentialsEditor\Qorpent.Integration.NetworkCredentialsEditor.csproj", "{504C0589-4616-43B7-B13C-7AEBA0B70DFF}"
EndProject
Project("{FAE04EC0-301F-11D3-BF4B-00C04F79EFBC}") = "Qorpent.Scaffolding", "..\qorpent.sys\Qorpent.Scaffolding\Qorpent.Scaffolding.csproj", "{6934ABA6-5D22-4C03-9591-211E9A930D40}"
EndProject
Global
	GlobalSection(SolutionConfigurationPlatforms) = preSolution
		Debug|Any CPU = Debug|Any CPU
		Debug|x86 = Debug|x86
		MonoTouch|Any CPU = MonoTouch|Any CPU
		MonoTouch|x86 = MonoTouch|x86
		Release|Any CPU = Release|Any CPU
		Release|x86 = Release|x86
		SQL2008|Any CPU = SQL2008|Any CPU
		SQL2008|x86 = SQL2008|x86
		STATIC_ONLY NO_EXPRESSIONS|Any CPU = STATIC_ONLY NO_EXPRESSIONS|Any CPU
		STATIC_ONLY NO_EXPRESSIONS|x86 = STATIC_ONLY NO_EXPRESSIONS|x86
	EndGlobalSection
	GlobalSection(ProjectConfigurationPlatforms) = postSolution
		{01B17933-9AA7-44C4-8BB7-66479780DEDB}.Debug|Any CPU.ActiveCfg = Debug|Any CPU
		{01B17933-9AA7-44C4-8BB7-66479780DEDB}.Debug|Any CPU.Build.0 = Debug|Any CPU
		{01B17933-9AA7-44C4-8BB7-66479780DEDB}.Debug|x86.ActiveCfg = Debug|Any CPU
		{01B17933-9AA7-44C4-8BB7-66479780DEDB}.MonoTouch|Any CPU.ActiveCfg = SQL2008|Any CPU
		{01B17933-9AA7-44C4-8BB7-66479780DEDB}.MonoTouch|Any CPU.Build.0 = SQL2008|Any CPU
		{01B17933-9AA7-44C4-8BB7-66479780DEDB}.MonoTouch|x86.ActiveCfg = SQL2008|Any CPU
		{01B17933-9AA7-44C4-8BB7-66479780DEDB}.Release|Any CPU.ActiveCfg = Release|Any CPU
		{01B17933-9AA7-44C4-8BB7-66479780DEDB}.Release|Any CPU.Build.0 = Release|Any CPU
		{01B17933-9AA7-44C4-8BB7-66479780DEDB}.Release|x86.ActiveCfg = Release|Any CPU
		{01B17933-9AA7-44C4-8BB7-66479780DEDB}.SQL2008|Any CPU.ActiveCfg = SQL2008|Any CPU
		{01B17933-9AA7-44C4-8BB7-66479780DEDB}.SQL2008|Any CPU.Build.0 = SQL2008|Any CPU
		{01B17933-9AA7-44C4-8BB7-66479780DEDB}.SQL2008|x86.ActiveCfg = SQL2008|Any CPU
		{01B17933-9AA7-44C4-8BB7-66479780DEDB}.STATIC_ONLY NO_EXPRESSIONS|Any CPU.ActiveCfg = SQL2008|Any CPU
		{01B17933-9AA7-44C4-8BB7-66479780DEDB}.STATIC_ONLY NO_EXPRESSIONS|Any CPU.Build.0 = SQL2008|Any CPU
		{01B17933-9AA7-44C4-8BB7-66479780DEDB}.STATIC_ONLY NO_EXPRESSIONS|x86.ActiveCfg = SQL2008|Any CPU
		{1C8FB3E4-38CF-4AD1-BB06-CAD42EBC5CEA}.Debug|Any CPU.ActiveCfg = Debug|Any CPU
		{1C8FB3E4-38CF-4AD1-BB06-CAD42EBC5CEA}.Debug|Any CPU.Build.0 = Debug|Any CPU
		{1C8FB3E4-38CF-4AD1-BB06-CAD42EBC5CEA}.Debug|x86.ActiveCfg = Debug|Any CPU
		{1C8FB3E4-38CF-4AD1-BB06-CAD42EBC5CEA}.MonoTouch|Any CPU.ActiveCfg = SQL2008|Any CPU
		{1C8FB3E4-38CF-4AD1-BB06-CAD42EBC5CEA}.MonoTouch|Any CPU.Build.0 = SQL2008|Any CPU
		{1C8FB3E4-38CF-4AD1-BB06-CAD42EBC5CEA}.MonoTouch|x86.ActiveCfg = SQL2008|Any CPU
		{1C8FB3E4-38CF-4AD1-BB06-CAD42EBC5CEA}.Release|Any CPU.ActiveCfg = Release|Any CPU
		{1C8FB3E4-38CF-4AD1-BB06-CAD42EBC5CEA}.Release|Any CPU.Build.0 = Release|Any CPU
		{1C8FB3E4-38CF-4AD1-BB06-CAD42EBC5CEA}.Release|x86.ActiveCfg = Release|Any CPU
		{1C8FB3E4-38CF-4AD1-BB06-CAD42EBC5CEA}.SQL2008|Any CPU.ActiveCfg = SQL2008|Any CPU
		{1C8FB3E4-38CF-4AD1-BB06-CAD42EBC5CEA}.SQL2008|Any CPU.Build.0 = SQL2008|Any CPU
		{1C8FB3E4-38CF-4AD1-BB06-CAD42EBC5CEA}.SQL2008|x86.ActiveCfg = SQL2008|Any CPU
		{1C8FB3E4-38CF-4AD1-BB06-CAD42EBC5CEA}.STATIC_ONLY NO_EXPRESSIONS|Any CPU.ActiveCfg = SQL2008|Any CPU
		{1C8FB3E4-38CF-4AD1-BB06-CAD42EBC5CEA}.STATIC_ONLY NO_EXPRESSIONS|Any CPU.Build.0 = SQL2008|Any CPU
		{1C8FB3E4-38CF-4AD1-BB06-CAD42EBC5CEA}.STATIC_ONLY NO_EXPRESSIONS|x86.ActiveCfg = SQL2008|Any CPU
		{91E303FD-01E0-4F79-A6DC-E68BF24B2B04}.Debug|Any CPU.ActiveCfg = Debug|Any CPU
		{91E303FD-01E0-4F79-A6DC-E68BF24B2B04}.Debug|Any CPU.Build.0 = Debug|Any CPU
		{91E303FD-01E0-4F79-A6DC-E68BF24B2B04}.Debug|x86.ActiveCfg = Debug|Any CPU
		{91E303FD-01E0-4F79-A6DC-E68BF24B2B04}.MonoTouch|Any CPU.ActiveCfg = SQL2008|Any CPU
		{91E303FD-01E0-4F79-A6DC-E68BF24B2B04}.MonoTouch|Any CPU.Build.0 = SQL2008|Any CPU
		{91E303FD-01E0-4F79-A6DC-E68BF24B2B04}.MonoTouch|x86.ActiveCfg = SQL2008|Any CPU
		{91E303FD-01E0-4F79-A6DC-E68BF24B2B04}.Release|Any CPU.ActiveCfg = Release|Any CPU
		{91E303FD-01E0-4F79-A6DC-E68BF24B2B04}.Release|Any CPU.Build.0 = Release|Any CPU
		{91E303FD-01E0-4F79-A6DC-E68BF24B2B04}.Release|x86.ActiveCfg = Release|Any CPU
		{91E303FD-01E0-4F79-A6DC-E68BF24B2B04}.SQL2008|Any CPU.ActiveCfg = SQL2008|Any CPU
		{91E303FD-01E0-4F79-A6DC-E68BF24B2B04}.SQL2008|Any CPU.Build.0 = SQL2008|Any CPU
		{91E303FD-01E0-4F79-A6DC-E68BF24B2B04}.SQL2008|x86.ActiveCfg = SQL2008|Any CPU
		{91E303FD-01E0-4F79-A6DC-E68BF24B2B04}.STATIC_ONLY NO_EXPRESSIONS|Any CPU.ActiveCfg = SQL2008|Any CPU
		{91E303FD-01E0-4F79-A6DC-E68BF24B2B04}.STATIC_ONLY NO_EXPRESSIONS|Any CPU.Build.0 = SQL2008|Any CPU
		{91E303FD-01E0-4F79-A6DC-E68BF24B2B04}.STATIC_ONLY NO_EXPRESSIONS|x86.ActiveCfg = SQL2008|Any CPU
		{80553B52-5E2F-43D1-891E-057B98C0AD2C}.Debug|Any CPU.ActiveCfg = Debug|Any CPU
		{80553B52-5E2F-43D1-891E-057B98C0AD2C}.Debug|Any CPU.Build.0 = Debug|Any CPU
		{80553B52-5E2F-43D1-891E-057B98C0AD2C}.Debug|x86.ActiveCfg = Debug|Any CPU
		{80553B52-5E2F-43D1-891E-057B98C0AD2C}.MonoTouch|Any CPU.ActiveCfg = SQL2008|Any CPU
		{80553B52-5E2F-43D1-891E-057B98C0AD2C}.MonoTouch|Any CPU.Build.0 = SQL2008|Any CPU
		{80553B52-5E2F-43D1-891E-057B98C0AD2C}.MonoTouch|x86.ActiveCfg = SQL2008|Any CPU
		{80553B52-5E2F-43D1-891E-057B98C0AD2C}.Release|Any CPU.ActiveCfg = Release|Any CPU
		{80553B52-5E2F-43D1-891E-057B98C0AD2C}.Release|Any CPU.Build.0 = Release|Any CPU
		{80553B52-5E2F-43D1-891E-057B98C0AD2C}.Release|x86.ActiveCfg = Release|Any CPU
		{80553B52-5E2F-43D1-891E-057B98C0AD2C}.SQL2008|Any CPU.ActiveCfg = SQL2008|Any CPU
		{80553B52-5E2F-43D1-891E-057B98C0AD2C}.SQL2008|Any CPU.Build.0 = SQL2008|Any CPU
		{80553B52-5E2F-43D1-891E-057B98C0AD2C}.SQL2008|x86.ActiveCfg = SQL2008|Any CPU
		{80553B52-5E2F-43D1-891E-057B98C0AD2C}.STATIC_ONLY NO_EXPRESSIONS|Any CPU.ActiveCfg = SQL2008|Any CPU
		{80553B52-5E2F-43D1-891E-057B98C0AD2C}.STATIC_ONLY NO_EXPRESSIONS|Any CPU.Build.0 = SQL2008|Any CPU
		{80553B52-5E2F-43D1-891E-057B98C0AD2C}.STATIC_ONLY NO_EXPRESSIONS|x86.ActiveCfg = SQL2008|Any CPU
		{31CE132D-BFE7-443E-B68C-8C05F0751BC5}.Debug|Any CPU.ActiveCfg = Debug|Any CPU
		{31CE132D-BFE7-443E-B68C-8C05F0751BC5}.Debug|Any CPU.Build.0 = Debug|Any CPU
		{31CE132D-BFE7-443E-B68C-8C05F0751BC5}.Debug|x86.ActiveCfg = Debug|Any CPU
		{31CE132D-BFE7-443E-B68C-8C05F0751BC5}.MonoTouch|Any CPU.ActiveCfg = SQL2008|Any CPU
		{31CE132D-BFE7-443E-B68C-8C05F0751BC5}.MonoTouch|Any CPU.Build.0 = SQL2008|Any CPU
		{31CE132D-BFE7-443E-B68C-8C05F0751BC5}.MonoTouch|x86.ActiveCfg = SQL2008|Any CPU
		{31CE132D-BFE7-443E-B68C-8C05F0751BC5}.Release|Any CPU.ActiveCfg = Release|Any CPU
		{31CE132D-BFE7-443E-B68C-8C05F0751BC5}.Release|Any CPU.Build.0 = Release|Any CPU
		{31CE132D-BFE7-443E-B68C-8C05F0751BC5}.Release|x86.ActiveCfg = Release|Any CPU
		{31CE132D-BFE7-443E-B68C-8C05F0751BC5}.SQL2008|Any CPU.ActiveCfg = SQL2008|Any CPU
		{31CE132D-BFE7-443E-B68C-8C05F0751BC5}.SQL2008|Any CPU.Build.0 = SQL2008|Any CPU
		{31CE132D-BFE7-443E-B68C-8C05F0751BC5}.SQL2008|x86.ActiveCfg = SQL2008|Any CPU
		{31CE132D-BFE7-443E-B68C-8C05F0751BC5}.STATIC_ONLY NO_EXPRESSIONS|Any CPU.ActiveCfg = SQL2008|Any CPU
		{31CE132D-BFE7-443E-B68C-8C05F0751BC5}.STATIC_ONLY NO_EXPRESSIONS|Any CPU.Build.0 = SQL2008|Any CPU
		{31CE132D-BFE7-443E-B68C-8C05F0751BC5}.STATIC_ONLY NO_EXPRESSIONS|x86.ActiveCfg = SQL2008|Any CPU
		{42318A48-6D14-4A83-A4B5-BBE5C1D8F928}.Debug|Any CPU.ActiveCfg = Debug|Any CPU
		{42318A48-6D14-4A83-A4B5-BBE5C1D8F928}.Debug|Any CPU.Build.0 = Debug|Any CPU
		{42318A48-6D14-4A83-A4B5-BBE5C1D8F928}.Debug|x86.ActiveCfg = Debug|Any CPU
		{42318A48-6D14-4A83-A4B5-BBE5C1D8F928}.MonoTouch|Any CPU.ActiveCfg = SQL2008|Any CPU
		{42318A48-6D14-4A83-A4B5-BBE5C1D8F928}.MonoTouch|Any CPU.Build.0 = SQL2008|Any CPU
		{42318A48-6D14-4A83-A4B5-BBE5C1D8F928}.MonoTouch|x86.ActiveCfg = SQL2008|Any CPU
		{42318A48-6D14-4A83-A4B5-BBE5C1D8F928}.Release|Any CPU.ActiveCfg = Release|Any CPU
		{42318A48-6D14-4A83-A4B5-BBE5C1D8F928}.Release|Any CPU.Build.0 = Release|Any CPU
		{42318A48-6D14-4A83-A4B5-BBE5C1D8F928}.Release|x86.ActiveCfg = Release|Any CPU
		{42318A48-6D14-4A83-A4B5-BBE5C1D8F928}.SQL2008|Any CPU.ActiveCfg = SQL2008|Any CPU
		{42318A48-6D14-4A83-A4B5-BBE5C1D8F928}.SQL2008|Any CPU.Build.0 = SQL2008|Any CPU
		{42318A48-6D14-4A83-A4B5-BBE5C1D8F928}.SQL2008|x86.ActiveCfg = SQL2008|Any CPU
		{42318A48-6D14-4A83-A4B5-BBE5C1D8F928}.STATIC_ONLY NO_EXPRESSIONS|Any CPU.ActiveCfg = SQL2008|Any CPU
		{42318A48-6D14-4A83-A4B5-BBE5C1D8F928}.STATIC_ONLY NO_EXPRESSIONS|Any CPU.Build.0 = SQL2008|Any CPU
		{42318A48-6D14-4A83-A4B5-BBE5C1D8F928}.STATIC_ONLY NO_EXPRESSIONS|x86.ActiveCfg = SQL2008|Any CPU
		{880F65EA-1A22-4672-A137-FFC91290A209}.Debug|Any CPU.ActiveCfg = Debug|Any CPU
		{880F65EA-1A22-4672-A137-FFC91290A209}.Debug|Any CPU.Build.0 = Debug|Any CPU
		{880F65EA-1A22-4672-A137-FFC91290A209}.Debug|x86.ActiveCfg = Debug|Any CPU
		{880F65EA-1A22-4672-A137-FFC91290A209}.MonoTouch|Any CPU.ActiveCfg = SQL2008|Any CPU
		{880F65EA-1A22-4672-A137-FFC91290A209}.MonoTouch|Any CPU.Build.0 = SQL2008|Any CPU
		{880F65EA-1A22-4672-A137-FFC91290A209}.MonoTouch|x86.ActiveCfg = SQL2008|Any CPU
		{880F65EA-1A22-4672-A137-FFC91290A209}.Release|Any CPU.ActiveCfg = Release|Any CPU
		{880F65EA-1A22-4672-A137-FFC91290A209}.Release|Any CPU.Build.0 = Release|Any CPU
		{880F65EA-1A22-4672-A137-FFC91290A209}.Release|x86.ActiveCfg = Release|Any CPU
		{880F65EA-1A22-4672-A137-FFC91290A209}.SQL2008|Any CPU.ActiveCfg = SQL2008|Any CPU
		{880F65EA-1A22-4672-A137-FFC91290A209}.SQL2008|Any CPU.Build.0 = SQL2008|Any CPU
		{880F65EA-1A22-4672-A137-FFC91290A209}.SQL2008|x86.ActiveCfg = SQL2008|Any CPU
		{880F65EA-1A22-4672-A137-FFC91290A209}.STATIC_ONLY NO_EXPRESSIONS|Any CPU.ActiveCfg = SQL2008|Any CPU
		{880F65EA-1A22-4672-A137-FFC91290A209}.STATIC_ONLY NO_EXPRESSIONS|Any CPU.Build.0 = SQL2008|Any CPU
		{880F65EA-1A22-4672-A137-FFC91290A209}.STATIC_ONLY NO_EXPRESSIONS|x86.ActiveCfg = SQL2008|Any CPU
		{880F65EA-1A22-4672-A137-FFC912902112}.Debug|Any CPU.ActiveCfg = Debug|Any CPU
		{880F65EA-1A22-4672-A137-FFC912902112}.Debug|Any CPU.Build.0 = Debug|Any CPU
		{880F65EA-1A22-4672-A137-FFC912902112}.Debug|x86.ActiveCfg = Debug|Any CPU
		{880F65EA-1A22-4672-A137-FFC912902112}.MonoTouch|Any CPU.ActiveCfg = SQL2008|Any CPU
		{880F65EA-1A22-4672-A137-FFC912902112}.MonoTouch|Any CPU.Build.0 = SQL2008|Any CPU
		{880F65EA-1A22-4672-A137-FFC912902112}.MonoTouch|x86.ActiveCfg = SQL2008|Any CPU
		{880F65EA-1A22-4672-A137-FFC912902112}.Release|Any CPU.ActiveCfg = Release|Any CPU
		{880F65EA-1A22-4672-A137-FFC912902112}.Release|Any CPU.Build.0 = Release|Any CPU
		{880F65EA-1A22-4672-A137-FFC912902112}.Release|x86.ActiveCfg = Release|Any CPU
		{880F65EA-1A22-4672-A137-FFC912902112}.SQL2008|Any CPU.ActiveCfg = SQL2008|Any CPU
		{880F65EA-1A22-4672-A137-FFC912902112}.SQL2008|Any CPU.Build.0 = SQL2008|Any CPU
		{880F65EA-1A22-4672-A137-FFC912902112}.SQL2008|x86.ActiveCfg = SQL2008|Any CPU
		{880F65EA-1A22-4672-A137-FFC912902112}.STATIC_ONLY NO_EXPRESSIONS|Any CPU.ActiveCfg = SQL2008|Any CPU
		{880F65EA-1A22-4672-A137-FFC912902112}.STATIC_ONLY NO_EXPRESSIONS|Any CPU.Build.0 = SQL2008|Any CPU
		{880F65EA-1A22-4672-A137-FFC912902112}.STATIC_ONLY NO_EXPRESSIONS|x86.ActiveCfg = SQL2008|Any CPU
		{426C92DF-3C40-426C-B0BE-40A1DF9044C2}.Debug|Any CPU.ActiveCfg = Debug|Any CPU
		{426C92DF-3C40-426C-B0BE-40A1DF9044C2}.Debug|Any CPU.Build.0 = Debug|Any CPU
		{426C92DF-3C40-426C-B0BE-40A1DF9044C2}.Debug|x86.ActiveCfg = Debug|Any CPU
		{426C92DF-3C40-426C-B0BE-40A1DF9044C2}.MonoTouch|Any CPU.ActiveCfg = SQL2008|Any CPU
		{426C92DF-3C40-426C-B0BE-40A1DF9044C2}.MonoTouch|Any CPU.Build.0 = SQL2008|Any CPU
		{426C92DF-3C40-426C-B0BE-40A1DF9044C2}.MonoTouch|x86.ActiveCfg = SQL2008|Any CPU
		{426C92DF-3C40-426C-B0BE-40A1DF9044C2}.Release|Any CPU.ActiveCfg = Release|Any CPU
		{426C92DF-3C40-426C-B0BE-40A1DF9044C2}.Release|Any CPU.Build.0 = Release|Any CPU
		{426C92DF-3C40-426C-B0BE-40A1DF9044C2}.Release|x86.ActiveCfg = Release|Any CPU
		{426C92DF-3C40-426C-B0BE-40A1DF9044C2}.SQL2008|Any CPU.ActiveCfg = SQL2008|Any CPU
		{426C92DF-3C40-426C-B0BE-40A1DF9044C2}.SQL2008|Any CPU.Build.0 = SQL2008|Any CPU
		{426C92DF-3C40-426C-B0BE-40A1DF9044C2}.SQL2008|x86.ActiveCfg = SQL2008|Any CPU
		{426C92DF-3C40-426C-B0BE-40A1DF9044C2}.STATIC_ONLY NO_EXPRESSIONS|Any CPU.ActiveCfg = SQL2008|Any CPU
		{426C92DF-3C40-426C-B0BE-40A1DF9044C2}.STATIC_ONLY NO_EXPRESSIONS|Any CPU.Build.0 = SQL2008|Any CPU
		{426C92DF-3C40-426C-B0BE-40A1DF9044C2}.STATIC_ONLY NO_EXPRESSIONS|x86.ActiveCfg = SQL2008|Any CPU
		{62F22FFA-A1CF-4A74-838C-9AB33A9442EA}.Debug|Any CPU.ActiveCfg = Debug|Any CPU
		{62F22FFA-A1CF-4A74-838C-9AB33A9442EA}.Debug|Any CPU.Build.0 = Debug|Any CPU
		{62F22FFA-A1CF-4A74-838C-9AB33A9442EA}.Debug|x86.ActiveCfg = Debug|Any CPU
		{62F22FFA-A1CF-4A74-838C-9AB33A9442EA}.MonoTouch|Any CPU.ActiveCfg = SQL2008|Any CPU
		{62F22FFA-A1CF-4A74-838C-9AB33A9442EA}.MonoTouch|Any CPU.Build.0 = SQL2008|Any CPU
		{62F22FFA-A1CF-4A74-838C-9AB33A9442EA}.MonoTouch|x86.ActiveCfg = SQL2008|Any CPU
		{62F22FFA-A1CF-4A74-838C-9AB33A9442EA}.Release|Any CPU.ActiveCfg = Release|Any CPU
		{62F22FFA-A1CF-4A74-838C-9AB33A9442EA}.Release|Any CPU.Build.0 = Release|Any CPU
		{62F22FFA-A1CF-4A74-838C-9AB33A9442EA}.Release|x86.ActiveCfg = Release|Any CPU
		{62F22FFA-A1CF-4A74-838C-9AB33A9442EA}.SQL2008|Any CPU.ActiveCfg = SQL2008|Any CPU
		{62F22FFA-A1CF-4A74-838C-9AB33A9442EA}.SQL2008|Any CPU.Build.0 = SQL2008|Any CPU
		{62F22FFA-A1CF-4A74-838C-9AB33A9442EA}.SQL2008|x86.ActiveCfg = SQL2008|Any CPU
		{62F22FFA-A1CF-4A74-838C-9AB33A9442EA}.STATIC_ONLY NO_EXPRESSIONS|Any CPU.ActiveCfg = SQL2008|Any CPU
		{62F22FFA-A1CF-4A74-838C-9AB33A9442EA}.STATIC_ONLY NO_EXPRESSIONS|Any CPU.Build.0 = SQL2008|Any CPU
		{62F22FFA-A1CF-4A74-838C-9AB33A9442EA}.STATIC_ONLY NO_EXPRESSIONS|x86.ActiveCfg = SQL2008|Any CPU
		{77D47855-A3D4-4B92-9FC0-C2EDEE27A8A7}.Debug|Any CPU.ActiveCfg = Debug|Any CPU
		{77D47855-A3D4-4B92-9FC0-C2EDEE27A8A7}.Debug|Any CPU.Build.0 = Debug|Any CPU
		{77D47855-A3D4-4B92-9FC0-C2EDEE27A8A7}.Debug|x86.ActiveCfg = Debug|Any CPU
		{77D47855-A3D4-4B92-9FC0-C2EDEE27A8A7}.MonoTouch|Any CPU.ActiveCfg = SQL2008|Any CPU
		{77D47855-A3D4-4B92-9FC0-C2EDEE27A8A7}.MonoTouch|Any CPU.Build.0 = SQL2008|Any CPU
		{77D47855-A3D4-4B92-9FC0-C2EDEE27A8A7}.MonoTouch|x86.ActiveCfg = SQL2008|Any CPU
		{77D47855-A3D4-4B92-9FC0-C2EDEE27A8A7}.Release|Any CPU.ActiveCfg = Release|Any CPU
		{77D47855-A3D4-4B92-9FC0-C2EDEE27A8A7}.Release|Any CPU.Build.0 = Release|Any CPU
		{77D47855-A3D4-4B92-9FC0-C2EDEE27A8A7}.Release|x86.ActiveCfg = Release|Any CPU
		{77D47855-A3D4-4B92-9FC0-C2EDEE27A8A7}.SQL2008|Any CPU.ActiveCfg = SQL2008|Any CPU
		{77D47855-A3D4-4B92-9FC0-C2EDEE27A8A7}.SQL2008|Any CPU.Build.0 = SQL2008|Any CPU
		{77D47855-A3D4-4B92-9FC0-C2EDEE27A8A7}.SQL2008|x86.ActiveCfg = SQL2008|Any CPU
		{77D47855-A3D4-4B92-9FC0-C2EDEE27A8A7}.STATIC_ONLY NO_EXPRESSIONS|Any CPU.ActiveCfg = SQL2008|Any CPU
		{77D47855-A3D4-4B92-9FC0-C2EDEE27A8A7}.STATIC_ONLY NO_EXPRESSIONS|Any CPU.Build.0 = SQL2008|Any CPU
		{77D47855-A3D4-4B92-9FC0-C2EDEE27A8A7}.STATIC_ONLY NO_EXPRESSIONS|x86.ActiveCfg = SQL2008|Any CPU
		{96885C8F-AD20-41B4-86EE-BC9B3D47D9F9}.Debug|Any CPU.ActiveCfg = Debug|Any CPU
		{96885C8F-AD20-41B4-86EE-BC9B3D47D9F9}.Debug|Any CPU.Build.0 = Debug|Any CPU
		{96885C8F-AD20-41B4-86EE-BC9B3D47D9F9}.Debug|x86.ActiveCfg = Debug|Any CPU
		{96885C8F-AD20-41B4-86EE-BC9B3D47D9F9}.MonoTouch|Any CPU.ActiveCfg = SQL2008|Any CPU
		{96885C8F-AD20-41B4-86EE-BC9B3D47D9F9}.MonoTouch|Any CPU.Build.0 = SQL2008|Any CPU
		{96885C8F-AD20-41B4-86EE-BC9B3D47D9F9}.MonoTouch|x86.ActiveCfg = SQL2008|Any CPU
		{96885C8F-AD20-41B4-86EE-BC9B3D47D9F9}.Release|Any CPU.ActiveCfg = Release|Any CPU
		{96885C8F-AD20-41B4-86EE-BC9B3D47D9F9}.Release|Any CPU.Build.0 = Release|Any CPU
		{96885C8F-AD20-41B4-86EE-BC9B3D47D9F9}.Release|x86.ActiveCfg = Release|Any CPU
		{96885C8F-AD20-41B4-86EE-BC9B3D47D9F9}.SQL2008|Any CPU.ActiveCfg = SQL2008|Any CPU
		{96885C8F-AD20-41B4-86EE-BC9B3D47D9F9}.SQL2008|Any CPU.Build.0 = SQL2008|Any CPU
		{96885C8F-AD20-41B4-86EE-BC9B3D47D9F9}.SQL2008|x86.ActiveCfg = SQL2008|Any CPU
		{96885C8F-AD20-41B4-86EE-BC9B3D47D9F9}.STATIC_ONLY NO_EXPRESSIONS|Any CPU.ActiveCfg = SQL2008|Any CPU
		{96885C8F-AD20-41B4-86EE-BC9B3D47D9F9}.STATIC_ONLY NO_EXPRESSIONS|Any CPU.Build.0 = SQL2008|Any CPU
		{96885C8F-AD20-41B4-86EE-BC9B3D47D9F9}.STATIC_ONLY NO_EXPRESSIONS|x86.ActiveCfg = SQL2008|Any CPU
		{ECB429BC-3E76-4FCD-897E-235B546C8738}.Debug|Any CPU.ActiveCfg = Debug|Any CPU
		{ECB429BC-3E76-4FCD-897E-235B546C8738}.Debug|Any CPU.Build.0 = Debug|Any CPU
		{ECB429BC-3E76-4FCD-897E-235B546C8738}.Debug|x86.ActiveCfg = Debug|Any CPU
		{ECB429BC-3E76-4FCD-897E-235B546C8738}.MonoTouch|Any CPU.ActiveCfg = SQL2008|Any CPU
		{ECB429BC-3E76-4FCD-897E-235B546C8738}.MonoTouch|Any CPU.Build.0 = SQL2008|Any CPU
		{ECB429BC-3E76-4FCD-897E-235B546C8738}.MonoTouch|x86.ActiveCfg = SQL2008|Any CPU
		{ECB429BC-3E76-4FCD-897E-235B546C8738}.Release|Any CPU.ActiveCfg = Release|Any CPU
		{ECB429BC-3E76-4FCD-897E-235B546C8738}.Release|Any CPU.Build.0 = Release|Any CPU
		{ECB429BC-3E76-4FCD-897E-235B546C8738}.Release|x86.ActiveCfg = Release|Any CPU
		{ECB429BC-3E76-4FCD-897E-235B546C8738}.SQL2008|Any CPU.ActiveCfg = SQL2008|Any CPU
		{ECB429BC-3E76-4FCD-897E-235B546C8738}.SQL2008|Any CPU.Build.0 = SQL2008|Any CPU
		{ECB429BC-3E76-4FCD-897E-235B546C8738}.SQL2008|x86.ActiveCfg = SQL2008|Any CPU
		{ECB429BC-3E76-4FCD-897E-235B546C8738}.STATIC_ONLY NO_EXPRESSIONS|Any CPU.ActiveCfg = SQL2008|Any CPU
		{ECB429BC-3E76-4FCD-897E-235B546C8738}.STATIC_ONLY NO_EXPRESSIONS|Any CPU.Build.0 = SQL2008|Any CPU
		{ECB429BC-3E76-4FCD-897E-235B546C8738}.STATIC_ONLY NO_EXPRESSIONS|x86.ActiveCfg = SQL2008|Any CPU
		{21971F28-8ED8-4F50-B623-E9DB2658AF54}.Debug|Any CPU.ActiveCfg = Debug|Any CPU
		{21971F28-8ED8-4F50-B623-E9DB2658AF54}.Debug|Any CPU.Build.0 = Debug|Any CPU
		{21971F28-8ED8-4F50-B623-E9DB2658AF54}.Debug|x86.ActiveCfg = Debug|Any CPU
		{21971F28-8ED8-4F50-B623-E9DB2658AF54}.MonoTouch|Any CPU.ActiveCfg = SQL2008|Any CPU
		{21971F28-8ED8-4F50-B623-E9DB2658AF54}.MonoTouch|Any CPU.Build.0 = SQL2008|Any CPU
		{21971F28-8ED8-4F50-B623-E9DB2658AF54}.MonoTouch|x86.ActiveCfg = SQL2008|Any CPU
		{21971F28-8ED8-4F50-B623-E9DB2658AF54}.Release|Any CPU.ActiveCfg = Release|Any CPU
		{21971F28-8ED8-4F50-B623-E9DB2658AF54}.Release|Any CPU.Build.0 = Release|Any CPU
		{21971F28-8ED8-4F50-B623-E9DB2658AF54}.Release|x86.ActiveCfg = Release|Any CPU
		{21971F28-8ED8-4F50-B623-E9DB2658AF54}.SQL2008|Any CPU.ActiveCfg = SQL2008|Any CPU
		{21971F28-8ED8-4F50-B623-E9DB2658AF54}.SQL2008|Any CPU.Build.0 = SQL2008|Any CPU
		{21971F28-8ED8-4F50-B623-E9DB2658AF54}.SQL2008|x86.ActiveCfg = SQL2008|Any CPU
		{21971F28-8ED8-4F50-B623-E9DB2658AF54}.STATIC_ONLY NO_EXPRESSIONS|Any CPU.ActiveCfg = SQL2008|Any CPU
		{21971F28-8ED8-4F50-B623-E9DB2658AF54}.STATIC_ONLY NO_EXPRESSIONS|Any CPU.Build.0 = SQL2008|Any CPU
		{21971F28-8ED8-4F50-B623-E9DB2658AF54}.STATIC_ONLY NO_EXPRESSIONS|x86.ActiveCfg = SQL2008|Any CPU
		{880F65EA-1A22-4672-A137-FFC912902046}.Debug|Any CPU.ActiveCfg = Debug|Any CPU
		{880F65EA-1A22-4672-A137-FFC912902046}.Debug|Any CPU.Build.0 = Debug|Any CPU
		{880F65EA-1A22-4672-A137-FFC912902046}.Debug|x86.ActiveCfg = Debug|Any CPU
		{880F65EA-1A22-4672-A137-FFC912902046}.MonoTouch|Any CPU.ActiveCfg = SQL2008|Any CPU
		{880F65EA-1A22-4672-A137-FFC912902046}.MonoTouch|Any CPU.Build.0 = SQL2008|Any CPU
		{880F65EA-1A22-4672-A137-FFC912902046}.MonoTouch|x86.ActiveCfg = SQL2008|Any CPU
		{880F65EA-1A22-4672-A137-FFC912902046}.Release|Any CPU.ActiveCfg = Release|Any CPU
		{880F65EA-1A22-4672-A137-FFC912902046}.Release|Any CPU.Build.0 = Release|Any CPU
		{880F65EA-1A22-4672-A137-FFC912902046}.Release|x86.ActiveCfg = Release|Any CPU
		{880F65EA-1A22-4672-A137-FFC912902046}.SQL2008|Any CPU.ActiveCfg = SQL2008|Any CPU
		{880F65EA-1A22-4672-A137-FFC912902046}.SQL2008|Any CPU.Build.0 = SQL2008|Any CPU
		{880F65EA-1A22-4672-A137-FFC912902046}.SQL2008|x86.ActiveCfg = SQL2008|Any CPU
		{880F65EA-1A22-4672-A137-FFC912902046}.STATIC_ONLY NO_EXPRESSIONS|Any CPU.ActiveCfg = SQL2008|Any CPU
		{880F65EA-1A22-4672-A137-FFC912902046}.STATIC_ONLY NO_EXPRESSIONS|Any CPU.Build.0 = SQL2008|Any CPU
		{880F65EA-1A22-4672-A137-FFC912902046}.STATIC_ONLY NO_EXPRESSIONS|x86.ActiveCfg = SQL2008|Any CPU
		{0403B026-5047-41A4-98EE-62F2D92B812C}.Debug|Any CPU.ActiveCfg = Debug|Any CPU
		{0403B026-5047-41A4-98EE-62F2D92B812C}.Debug|Any CPU.Build.0 = Debug|Any CPU
		{0403B026-5047-41A4-98EE-62F2D92B812C}.Debug|x86.ActiveCfg = Debug|Any CPU
		{0403B026-5047-41A4-98EE-62F2D92B812C}.MonoTouch|Any CPU.ActiveCfg = SQL2008|Any CPU
		{0403B026-5047-41A4-98EE-62F2D92B812C}.MonoTouch|Any CPU.Build.0 = SQL2008|Any CPU
		{0403B026-5047-41A4-98EE-62F2D92B812C}.MonoTouch|x86.ActiveCfg = SQL2008|Any CPU
		{0403B026-5047-41A4-98EE-62F2D92B812C}.Release|Any CPU.ActiveCfg = Release|Any CPU
		{0403B026-5047-41A4-98EE-62F2D92B812C}.Release|Any CPU.Build.0 = Release|Any CPU
		{0403B026-5047-41A4-98EE-62F2D92B812C}.Release|x86.ActiveCfg = Release|Any CPU
		{0403B026-5047-41A4-98EE-62F2D92B812C}.SQL2008|Any CPU.ActiveCfg = SQL2008|Any CPU
		{0403B026-5047-41A4-98EE-62F2D92B812C}.SQL2008|Any CPU.Build.0 = SQL2008|Any CPU
		{0403B026-5047-41A4-98EE-62F2D92B812C}.SQL2008|x86.ActiveCfg = SQL2008|Any CPU
		{0403B026-5047-41A4-98EE-62F2D92B812C}.STATIC_ONLY NO_EXPRESSIONS|Any CPU.ActiveCfg = SQL2008|Any CPU
		{0403B026-5047-41A4-98EE-62F2D92B812C}.STATIC_ONLY NO_EXPRESSIONS|Any CPU.Build.0 = SQL2008|Any CPU
		{0403B026-5047-41A4-98EE-62F2D92B812C}.STATIC_ONLY NO_EXPRESSIONS|x86.ActiveCfg = SQL2008|Any CPU
		{1571576A-27DE-4470-8AAD-A76E8CF111D1}.Debug|Any CPU.ActiveCfg = Debug|Any CPU
		{1571576A-27DE-4470-8AAD-A76E8CF111D1}.Debug|Any CPU.Build.0 = Debug|Any CPU
		{1571576A-27DE-4470-8AAD-A76E8CF111D1}.Debug|x86.ActiveCfg = Debug|Any CPU
		{1571576A-27DE-4470-8AAD-A76E8CF111D1}.MonoTouch|Any CPU.ActiveCfg = SQL2008|Any CPU
		{1571576A-27DE-4470-8AAD-A76E8CF111D1}.MonoTouch|Any CPU.Build.0 = SQL2008|Any CPU
		{1571576A-27DE-4470-8AAD-A76E8CF111D1}.MonoTouch|x86.ActiveCfg = SQL2008|Any CPU
		{1571576A-27DE-4470-8AAD-A76E8CF111D1}.Release|Any CPU.ActiveCfg = Release|Any CPU
		{1571576A-27DE-4470-8AAD-A76E8CF111D1}.Release|Any CPU.Build.0 = Release|Any CPU
		{1571576A-27DE-4470-8AAD-A76E8CF111D1}.Release|x86.ActiveCfg = Release|Any CPU
		{1571576A-27DE-4470-8AAD-A76E8CF111D1}.SQL2008|Any CPU.ActiveCfg = SQL2008|Any CPU
		{1571576A-27DE-4470-8AAD-A76E8CF111D1}.SQL2008|Any CPU.Build.0 = SQL2008|Any CPU
		{1571576A-27DE-4470-8AAD-A76E8CF111D1}.SQL2008|x86.ActiveCfg = SQL2008|Any CPU
		{1571576A-27DE-4470-8AAD-A76E8CF111D1}.STATIC_ONLY NO_EXPRESSIONS|Any CPU.ActiveCfg = SQL2008|Any CPU
		{1571576A-27DE-4470-8AAD-A76E8CF111D1}.STATIC_ONLY NO_EXPRESSIONS|Any CPU.Build.0 = SQL2008|Any CPU
		{1571576A-27DE-4470-8AAD-A76E8CF111D1}.STATIC_ONLY NO_EXPRESSIONS|x86.ActiveCfg = SQL2008|Any CPU
		{EAB144DB-F0C6-4192-8FA7-AFBA2A663A8C}.Debug|Any CPU.ActiveCfg = Debug|Any CPU
		{EAB144DB-F0C6-4192-8FA7-AFBA2A663A8C}.Debug|Any CPU.Build.0 = Debug|Any CPU
		{EAB144DB-F0C6-4192-8FA7-AFBA2A663A8C}.Debug|x86.ActiveCfg = Debug|Any CPU
		{EAB144DB-F0C6-4192-8FA7-AFBA2A663A8C}.MonoTouch|Any CPU.ActiveCfg = SQL2008|Any CPU
		{EAB144DB-F0C6-4192-8FA7-AFBA2A663A8C}.MonoTouch|Any CPU.Build.0 = SQL2008|Any CPU
		{EAB144DB-F0C6-4192-8FA7-AFBA2A663A8C}.MonoTouch|x86.ActiveCfg = SQL2008|Any CPU
		{EAB144DB-F0C6-4192-8FA7-AFBA2A663A8C}.Release|Any CPU.ActiveCfg = Release|Any CPU
		{EAB144DB-F0C6-4192-8FA7-AFBA2A663A8C}.Release|Any CPU.Build.0 = Release|Any CPU
		{EAB144DB-F0C6-4192-8FA7-AFBA2A663A8C}.Release|x86.ActiveCfg = Release|Any CPU
		{EAB144DB-F0C6-4192-8FA7-AFBA2A663A8C}.SQL2008|Any CPU.ActiveCfg = SQL2008|Any CPU
		{EAB144DB-F0C6-4192-8FA7-AFBA2A663A8C}.SQL2008|Any CPU.Build.0 = SQL2008|Any CPU
		{EAB144DB-F0C6-4192-8FA7-AFBA2A663A8C}.SQL2008|x86.ActiveCfg = SQL2008|Any CPU
		{EAB144DB-F0C6-4192-8FA7-AFBA2A663A8C}.STATIC_ONLY NO_EXPRESSIONS|Any CPU.ActiveCfg = SQL2008|Any CPU
		{EAB144DB-F0C6-4192-8FA7-AFBA2A663A8C}.STATIC_ONLY NO_EXPRESSIONS|Any CPU.Build.0 = SQL2008|Any CPU
		{EAB144DB-F0C6-4192-8FA7-AFBA2A663A8C}.STATIC_ONLY NO_EXPRESSIONS|x86.ActiveCfg = SQL2008|Any CPU
		{176E6AB2-A219-4A45-9374-EEDB725B3B1C}.Debug|Any CPU.ActiveCfg = Debug|Any CPU
		{176E6AB2-A219-4A45-9374-EEDB725B3B1C}.Debug|Any CPU.Build.0 = Debug|Any CPU
		{176E6AB2-A219-4A45-9374-EEDB725B3B1C}.Debug|x86.ActiveCfg = Debug|Any CPU
		{176E6AB2-A219-4A45-9374-EEDB725B3B1C}.MonoTouch|Any CPU.ActiveCfg = SQL2008|Any CPU
		{176E6AB2-A219-4A45-9374-EEDB725B3B1C}.MonoTouch|Any CPU.Build.0 = SQL2008|Any CPU
		{176E6AB2-A219-4A45-9374-EEDB725B3B1C}.MonoTouch|x86.ActiveCfg = SQL2008|Any CPU
		{176E6AB2-A219-4A45-9374-EEDB725B3B1C}.Release|Any CPU.ActiveCfg = Release|Any CPU
		{176E6AB2-A219-4A45-9374-EEDB725B3B1C}.Release|Any CPU.Build.0 = Release|Any CPU
		{176E6AB2-A219-4A45-9374-EEDB725B3B1C}.Release|x86.ActiveCfg = Release|Any CPU
		{176E6AB2-A219-4A45-9374-EEDB725B3B1C}.SQL2008|Any CPU.ActiveCfg = SQL2008|Any CPU
		{176E6AB2-A219-4A45-9374-EEDB725B3B1C}.SQL2008|Any CPU.Build.0 = SQL2008|Any CPU
		{176E6AB2-A219-4A45-9374-EEDB725B3B1C}.SQL2008|x86.ActiveCfg = SQL2008|Any CPU
		{176E6AB2-A219-4A45-9374-EEDB725B3B1C}.STATIC_ONLY NO_EXPRESSIONS|Any CPU.ActiveCfg = SQL2008|Any CPU
		{176E6AB2-A219-4A45-9374-EEDB725B3B1C}.STATIC_ONLY NO_EXPRESSIONS|Any CPU.Build.0 = SQL2008|Any CPU
		{176E6AB2-A219-4A45-9374-EEDB725B3B1C}.STATIC_ONLY NO_EXPRESSIONS|x86.ActiveCfg = SQL2008|Any CPU
		{8A00570F-4D51-46EE-BA1D-52EC2A7BD38A}.Debug|Any CPU.ActiveCfg = Debug|Any CPU
		{8A00570F-4D51-46EE-BA1D-52EC2A7BD38A}.Debug|Any CPU.Build.0 = Debug|Any CPU
		{8A00570F-4D51-46EE-BA1D-52EC2A7BD38A}.Debug|x86.ActiveCfg = Debug|Any CPU
		{8A00570F-4D51-46EE-BA1D-52EC2A7BD38A}.MonoTouch|Any CPU.ActiveCfg = SQL2008|Any CPU
		{8A00570F-4D51-46EE-BA1D-52EC2A7BD38A}.MonoTouch|Any CPU.Build.0 = SQL2008|Any CPU
		{8A00570F-4D51-46EE-BA1D-52EC2A7BD38A}.MonoTouch|x86.ActiveCfg = SQL2008|Any CPU
		{8A00570F-4D51-46EE-BA1D-52EC2A7BD38A}.Release|Any CPU.ActiveCfg = Release|Any CPU
		{8A00570F-4D51-46EE-BA1D-52EC2A7BD38A}.Release|Any CPU.Build.0 = Release|Any CPU
		{8A00570F-4D51-46EE-BA1D-52EC2A7BD38A}.Release|x86.ActiveCfg = Release|Any CPU
		{8A00570F-4D51-46EE-BA1D-52EC2A7BD38A}.SQL2008|Any CPU.ActiveCfg = SQL2008|Any CPU
		{8A00570F-4D51-46EE-BA1D-52EC2A7BD38A}.SQL2008|Any CPU.Build.0 = SQL2008|Any CPU
		{8A00570F-4D51-46EE-BA1D-52EC2A7BD38A}.SQL2008|x86.ActiveCfg = SQL2008|Any CPU
		{8A00570F-4D51-46EE-BA1D-52EC2A7BD38A}.STATIC_ONLY NO_EXPRESSIONS|Any CPU.ActiveCfg = SQL2008|Any CPU
		{8A00570F-4D51-46EE-BA1D-52EC2A7BD38A}.STATIC_ONLY NO_EXPRESSIONS|Any CPU.Build.0 = SQL2008|Any CPU
		{8A00570F-4D51-46EE-BA1D-52EC2A7BD38A}.STATIC_ONLY NO_EXPRESSIONS|x86.ActiveCfg = SQL2008|Any CPU
		{880F65EA-1A22-4672-A137-FFC912902113}.Debug|Any CPU.ActiveCfg = Debug|Any CPU
		{880F65EA-1A22-4672-A137-FFC912902113}.Debug|Any CPU.Build.0 = Debug|Any CPU
		{880F65EA-1A22-4672-A137-FFC912902113}.Debug|x86.ActiveCfg = Debug|Any CPU
		{880F65EA-1A22-4672-A137-FFC912902113}.MonoTouch|Any CPU.ActiveCfg = SQL2008|Any CPU
		{880F65EA-1A22-4672-A137-FFC912902113}.MonoTouch|Any CPU.Build.0 = SQL2008|Any CPU
		{880F65EA-1A22-4672-A137-FFC912902113}.MonoTouch|x86.ActiveCfg = SQL2008|Any CPU
		{880F65EA-1A22-4672-A137-FFC912902113}.Release|Any CPU.ActiveCfg = Release|Any CPU
		{880F65EA-1A22-4672-A137-FFC912902113}.Release|Any CPU.Build.0 = Release|Any CPU
		{880F65EA-1A22-4672-A137-FFC912902113}.Release|x86.ActiveCfg = Release|Any CPU
		{880F65EA-1A22-4672-A137-FFC912902113}.SQL2008|Any CPU.ActiveCfg = SQL2008|Any CPU
		{880F65EA-1A22-4672-A137-FFC912902113}.SQL2008|Any CPU.Build.0 = SQL2008|Any CPU
		{880F65EA-1A22-4672-A137-FFC912902113}.SQL2008|x86.ActiveCfg = SQL2008|Any CPU
		{880F65EA-1A22-4672-A137-FFC912902113}.STATIC_ONLY NO_EXPRESSIONS|Any CPU.ActiveCfg = SQL2008|Any CPU
		{880F65EA-1A22-4672-A137-FFC912902113}.STATIC_ONLY NO_EXPRESSIONS|Any CPU.Build.0 = SQL2008|Any CPU
		{880F65EA-1A22-4672-A137-FFC912902113}.STATIC_ONLY NO_EXPRESSIONS|x86.ActiveCfg = SQL2008|Any CPU
		{E762ABB0-9982-444C-A2B5-23B5866954F3}.Debug|Any CPU.ActiveCfg = Debug|Any CPU
		{E762ABB0-9982-444C-A2B5-23B5866954F3}.Debug|Any CPU.Build.0 = Debug|Any CPU
		{E762ABB0-9982-444C-A2B5-23B5866954F3}.Debug|x86.ActiveCfg = Debug|Any CPU
		{E762ABB0-9982-444C-A2B5-23B5866954F3}.MonoTouch|Any CPU.ActiveCfg = SQL2008|Any CPU
		{E762ABB0-9982-444C-A2B5-23B5866954F3}.MonoTouch|Any CPU.Build.0 = SQL2008|Any CPU
		{E762ABB0-9982-444C-A2B5-23B5866954F3}.MonoTouch|x86.ActiveCfg = SQL2008|Any CPU
		{E762ABB0-9982-444C-A2B5-23B5866954F3}.Release|Any CPU.ActiveCfg = Release|Any CPU
		{E762ABB0-9982-444C-A2B5-23B5866954F3}.Release|Any CPU.Build.0 = Release|Any CPU
		{E762ABB0-9982-444C-A2B5-23B5866954F3}.Release|x86.ActiveCfg = Release|Any CPU
		{E762ABB0-9982-444C-A2B5-23B5866954F3}.SQL2008|Any CPU.ActiveCfg = SQL2008|Any CPU
		{E762ABB0-9982-444C-A2B5-23B5866954F3}.SQL2008|Any CPU.Build.0 = SQL2008|Any CPU
		{E762ABB0-9982-444C-A2B5-23B5866954F3}.SQL2008|x86.ActiveCfg = SQL2008|Any CPU
		{E762ABB0-9982-444C-A2B5-23B5866954F3}.STATIC_ONLY NO_EXPRESSIONS|Any CPU.ActiveCfg = SQL2008|Any CPU
		{E762ABB0-9982-444C-A2B5-23B5866954F3}.STATIC_ONLY NO_EXPRESSIONS|Any CPU.Build.0 = SQL2008|Any CPU
		{E762ABB0-9982-444C-A2B5-23B5866954F3}.STATIC_ONLY NO_EXPRESSIONS|x86.ActiveCfg = SQL2008|Any CPU
		{16ABD509-8E84-46F5-9F56-1E5E4B5B3913}.Debug|Any CPU.ActiveCfg = Debug|Any CPU
		{16ABD509-8E84-46F5-9F56-1E5E4B5B3913}.Debug|Any CPU.Build.0 = Debug|Any CPU
		{16ABD509-8E84-46F5-9F56-1E5E4B5B3913}.Debug|x86.ActiveCfg = Debug|Any CPU
		{16ABD509-8E84-46F5-9F56-1E5E4B5B3913}.MonoTouch|Any CPU.ActiveCfg = SQL2008|Any CPU
		{16ABD509-8E84-46F5-9F56-1E5E4B5B3913}.MonoTouch|Any CPU.Build.0 = SQL2008|Any CPU
		{16ABD509-8E84-46F5-9F56-1E5E4B5B3913}.MonoTouch|x86.ActiveCfg = SQL2008|Any CPU
		{16ABD509-8E84-46F5-9F56-1E5E4B5B3913}.Release|Any CPU.ActiveCfg = Release|Any CPU
		{16ABD509-8E84-46F5-9F56-1E5E4B5B3913}.Release|Any CPU.Build.0 = Release|Any CPU
		{16ABD509-8E84-46F5-9F56-1E5E4B5B3913}.Release|x86.ActiveCfg = Release|Any CPU
		{16ABD509-8E84-46F5-9F56-1E5E4B5B3913}.SQL2008|Any CPU.ActiveCfg = SQL2008|Any CPU
		{16ABD509-8E84-46F5-9F56-1E5E4B5B3913}.SQL2008|Any CPU.Build.0 = SQL2008|Any CPU
		{16ABD509-8E84-46F5-9F56-1E5E4B5B3913}.SQL2008|x86.ActiveCfg = SQL2008|Any CPU
		{16ABD509-8E84-46F5-9F56-1E5E4B5B3913}.STATIC_ONLY NO_EXPRESSIONS|Any CPU.ActiveCfg = SQL2008|Any CPU
		{16ABD509-8E84-46F5-9F56-1E5E4B5B3913}.STATIC_ONLY NO_EXPRESSIONS|Any CPU.Build.0 = SQL2008|Any CPU
		{16ABD509-8E84-46F5-9F56-1E5E4B5B3913}.STATIC_ONLY NO_EXPRESSIONS|x86.ActiveCfg = SQL2008|Any CPU
		{4F6F2194-F11D-4CC6-8BB1-7D20F97EC082}.Debug|Any CPU.ActiveCfg = Debug|Any CPU
		{4F6F2194-F11D-4CC6-8BB1-7D20F97EC082}.Debug|Any CPU.Build.0 = Debug|Any CPU
		{4F6F2194-F11D-4CC6-8BB1-7D20F97EC082}.Debug|x86.ActiveCfg = Debug|Any CPU
		{4F6F2194-F11D-4CC6-8BB1-7D20F97EC082}.MonoTouch|Any CPU.ActiveCfg = SQL2008|Any CPU
		{4F6F2194-F11D-4CC6-8BB1-7D20F97EC082}.MonoTouch|Any CPU.Build.0 = SQL2008|Any CPU
		{4F6F2194-F11D-4CC6-8BB1-7D20F97EC082}.MonoTouch|x86.ActiveCfg = SQL2008|Any CPU
		{4F6F2194-F11D-4CC6-8BB1-7D20F97EC082}.Release|Any CPU.ActiveCfg = Release|Any CPU
		{4F6F2194-F11D-4CC6-8BB1-7D20F97EC082}.Release|Any CPU.Build.0 = Release|Any CPU
		{4F6F2194-F11D-4CC6-8BB1-7D20F97EC082}.Release|x86.ActiveCfg = Release|Any CPU
		{4F6F2194-F11D-4CC6-8BB1-7D20F97EC082}.SQL2008|Any CPU.ActiveCfg = SQL2008|Any CPU
		{4F6F2194-F11D-4CC6-8BB1-7D20F97EC082}.SQL2008|Any CPU.Build.0 = SQL2008|Any CPU
		{4F6F2194-F11D-4CC6-8BB1-7D20F97EC082}.SQL2008|x86.ActiveCfg = SQL2008|Any CPU
		{4F6F2194-F11D-4CC6-8BB1-7D20F97EC082}.STATIC_ONLY NO_EXPRESSIONS|Any CPU.ActiveCfg = SQL2008|Any CPU
		{4F6F2194-F11D-4CC6-8BB1-7D20F97EC082}.STATIC_ONLY NO_EXPRESSIONS|Any CPU.Build.0 = SQL2008|Any CPU
		{4F6F2194-F11D-4CC6-8BB1-7D20F97EC082}.STATIC_ONLY NO_EXPRESSIONS|x86.ActiveCfg = SQL2008|Any CPU
		{0E9A3A2A-49CD-4F6C-847C-DC79B4B65CE6}.Debug|Any CPU.ActiveCfg = Debug|Any CPU
		{0E9A3A2A-49CD-4F6C-847C-DC79B4B65CE6}.Debug|Any CPU.Build.0 = Debug|Any CPU
		{0E9A3A2A-49CD-4F6C-847C-DC79B4B65CE6}.Debug|x86.ActiveCfg = Debug|Any CPU
		{0E9A3A2A-49CD-4F6C-847C-DC79B4B65CE6}.MonoTouch|Any CPU.ActiveCfg = Release|Any CPU
		{0E9A3A2A-49CD-4F6C-847C-DC79B4B65CE6}.MonoTouch|Any CPU.Build.0 = Release|Any CPU
		{0E9A3A2A-49CD-4F6C-847C-DC79B4B65CE6}.MonoTouch|x86.ActiveCfg = Release|Any CPU
		{0E9A3A2A-49CD-4F6C-847C-DC79B4B65CE6}.Release|Any CPU.ActiveCfg = Release|Any CPU
		{0E9A3A2A-49CD-4F6C-847C-DC79B4B65CE6}.Release|Any CPU.Build.0 = Release|Any CPU
		{0E9A3A2A-49CD-4F6C-847C-DC79B4B65CE6}.Release|x86.ActiveCfg = Release|Any CPU
		{0E9A3A2A-49CD-4F6C-847C-DC79B4B65CE6}.SQL2008|Any CPU.ActiveCfg = Release|Any CPU
		{0E9A3A2A-49CD-4F6C-847C-DC79B4B65CE6}.SQL2008|Any CPU.Build.0 = Release|Any CPU
		{0E9A3A2A-49CD-4F6C-847C-DC79B4B65CE6}.SQL2008|x86.ActiveCfg = Release|Any CPU
		{0E9A3A2A-49CD-4F6C-847C-DC79B4B65CE6}.STATIC_ONLY NO_EXPRESSIONS|Any CPU.ActiveCfg = Release|Any CPU
		{0E9A3A2A-49CD-4F6C-847C-DC79B4B65CE6}.STATIC_ONLY NO_EXPRESSIONS|Any CPU.Build.0 = Release|Any CPU
		{0E9A3A2A-49CD-4F6C-847C-DC79B4B65CE6}.STATIC_ONLY NO_EXPRESSIONS|x86.ActiveCfg = Release|Any CPU
		{AE5166CD-76B0-4911-BD80-CED9521F37A1}.Debug|Any CPU.ActiveCfg = Debug|Any CPU
		{AE5166CD-76B0-4911-BD80-CED9521F37A1}.Debug|Any CPU.Build.0 = Debug|Any CPU
		{AE5166CD-76B0-4911-BD80-CED9521F37A1}.Debug|x86.ActiveCfg = Debug|Any CPU
		{AE5166CD-76B0-4911-BD80-CED9521F37A1}.MonoTouch|Any CPU.ActiveCfg = Release|Any CPU
		{AE5166CD-76B0-4911-BD80-CED9521F37A1}.MonoTouch|Any CPU.Build.0 = Release|Any CPU
		{AE5166CD-76B0-4911-BD80-CED9521F37A1}.MonoTouch|x86.ActiveCfg = Release|Any CPU
		{AE5166CD-76B0-4911-BD80-CED9521F37A1}.Release|Any CPU.ActiveCfg = Release|Any CPU
		{AE5166CD-76B0-4911-BD80-CED9521F37A1}.Release|Any CPU.Build.0 = Release|Any CPU
		{AE5166CD-76B0-4911-BD80-CED9521F37A1}.Release|x86.ActiveCfg = Release|Any CPU
		{AE5166CD-76B0-4911-BD80-CED9521F37A1}.SQL2008|Any CPU.ActiveCfg = Release|Any CPU
		{AE5166CD-76B0-4911-BD80-CED9521F37A1}.SQL2008|Any CPU.Build.0 = Release|Any CPU
		{AE5166CD-76B0-4911-BD80-CED9521F37A1}.SQL2008|x86.ActiveCfg = Release|Any CPU
		{AE5166CD-76B0-4911-BD80-CED9521F37A1}.STATIC_ONLY NO_EXPRESSIONS|Any CPU.ActiveCfg = Release|Any CPU
		{AE5166CD-76B0-4911-BD80-CED9521F37A1}.STATIC_ONLY NO_EXPRESSIONS|Any CPU.Build.0 = Release|Any CPU
		{AE5166CD-76B0-4911-BD80-CED9521F37A1}.STATIC_ONLY NO_EXPRESSIONS|x86.ActiveCfg = Release|Any CPU
		{E7372FAC-676E-4318-BEA9-52716802AE07}.Debug|Any CPU.ActiveCfg = Debug|Any CPU
		{E7372FAC-676E-4318-BEA9-52716802AE07}.Debug|Any CPU.Build.0 = Debug|Any CPU
		{E7372FAC-676E-4318-BEA9-52716802AE07}.Debug|x86.ActiveCfg = Debug|Any CPU
		{E7372FAC-676E-4318-BEA9-52716802AE07}.MonoTouch|Any CPU.ActiveCfg = SQL2008|Any CPU
		{E7372FAC-676E-4318-BEA9-52716802AE07}.MonoTouch|Any CPU.Build.0 = SQL2008|Any CPU
		{E7372FAC-676E-4318-BEA9-52716802AE07}.MonoTouch|x86.ActiveCfg = SQL2008|Any CPU
		{E7372FAC-676E-4318-BEA9-52716802AE07}.Release|Any CPU.ActiveCfg = Release|Any CPU
		{E7372FAC-676E-4318-BEA9-52716802AE07}.Release|Any CPU.Build.0 = Release|Any CPU
		{E7372FAC-676E-4318-BEA9-52716802AE07}.Release|x86.ActiveCfg = Release|Any CPU
		{E7372FAC-676E-4318-BEA9-52716802AE07}.SQL2008|Any CPU.ActiveCfg = SQL2008|Any CPU
		{E7372FAC-676E-4318-BEA9-52716802AE07}.SQL2008|Any CPU.Build.0 = SQL2008|Any CPU
		{E7372FAC-676E-4318-BEA9-52716802AE07}.SQL2008|x86.ActiveCfg = SQL2008|Any CPU
		{E7372FAC-676E-4318-BEA9-52716802AE07}.STATIC_ONLY NO_EXPRESSIONS|Any CPU.ActiveCfg = SQL2008|Any CPU
		{E7372FAC-676E-4318-BEA9-52716802AE07}.STATIC_ONLY NO_EXPRESSIONS|Any CPU.Build.0 = SQL2008|Any CPU
		{E7372FAC-676E-4318-BEA9-52716802AE07}.STATIC_ONLY NO_EXPRESSIONS|x86.ActiveCfg = SQL2008|Any CPU
		{278EFC9F-54D0-495B-AD33-085BBC436E90}.Debug|Any CPU.ActiveCfg = Debug|Any CPU
		{278EFC9F-54D0-495B-AD33-085BBC436E90}.Debug|Any CPU.Build.0 = Debug|Any CPU
		{278EFC9F-54D0-495B-AD33-085BBC436E90}.Debug|x86.ActiveCfg = Debug|Any CPU
		{278EFC9F-54D0-495B-AD33-085BBC436E90}.MonoTouch|Any CPU.ActiveCfg = SQL2008|Any CPU
		{278EFC9F-54D0-495B-AD33-085BBC436E90}.MonoTouch|Any CPU.Build.0 = SQL2008|Any CPU
		{278EFC9F-54D0-495B-AD33-085BBC436E90}.MonoTouch|x86.ActiveCfg = SQL2008|Any CPU
		{278EFC9F-54D0-495B-AD33-085BBC436E90}.Release|Any CPU.ActiveCfg = Release|Any CPU
		{278EFC9F-54D0-495B-AD33-085BBC436E90}.Release|Any CPU.Build.0 = Release|Any CPU
		{278EFC9F-54D0-495B-AD33-085BBC436E90}.Release|x86.ActiveCfg = Release|Any CPU
		{278EFC9F-54D0-495B-AD33-085BBC436E90}.SQL2008|Any CPU.ActiveCfg = SQL2008|Any CPU
		{278EFC9F-54D0-495B-AD33-085BBC436E90}.SQL2008|Any CPU.Build.0 = SQL2008|Any CPU
		{278EFC9F-54D0-495B-AD33-085BBC436E90}.SQL2008|x86.ActiveCfg = SQL2008|Any CPU
		{278EFC9F-54D0-495B-AD33-085BBC436E90}.STATIC_ONLY NO_EXPRESSIONS|Any CPU.ActiveCfg = SQL2008|Any CPU
		{278EFC9F-54D0-495B-AD33-085BBC436E90}.STATIC_ONLY NO_EXPRESSIONS|Any CPU.Build.0 = SQL2008|Any CPU
		{278EFC9F-54D0-495B-AD33-085BBC436E90}.STATIC_ONLY NO_EXPRESSIONS|x86.ActiveCfg = SQL2008|Any CPU
		{E33177AD-E8A9-4B1C-A4BD-75B371C38C19}.Debug|Any CPU.ActiveCfg = Debug|Any CPU
		{E33177AD-E8A9-4B1C-A4BD-75B371C38C19}.Debug|Any CPU.Build.0 = Debug|Any CPU
		{E33177AD-E8A9-4B1C-A4BD-75B371C38C19}.Debug|x86.ActiveCfg = Debug|Any CPU
		{E33177AD-E8A9-4B1C-A4BD-75B371C38C19}.MonoTouch|Any CPU.ActiveCfg = SQL2008|Any CPU
		{E33177AD-E8A9-4B1C-A4BD-75B371C38C19}.MonoTouch|Any CPU.Build.0 = SQL2008|Any CPU
		{E33177AD-E8A9-4B1C-A4BD-75B371C38C19}.MonoTouch|x86.ActiveCfg = SQL2008|Any CPU
		{E33177AD-E8A9-4B1C-A4BD-75B371C38C19}.Release|Any CPU.ActiveCfg = Release|Any CPU
		{E33177AD-E8A9-4B1C-A4BD-75B371C38C19}.Release|Any CPU.Build.0 = Release|Any CPU
		{E33177AD-E8A9-4B1C-A4BD-75B371C38C19}.Release|x86.ActiveCfg = Release|Any CPU
		{E33177AD-E8A9-4B1C-A4BD-75B371C38C19}.SQL2008|Any CPU.ActiveCfg = SQL2008|Any CPU
		{E33177AD-E8A9-4B1C-A4BD-75B371C38C19}.SQL2008|Any CPU.Build.0 = SQL2008|Any CPU
		{E33177AD-E8A9-4B1C-A4BD-75B371C38C19}.SQL2008|x86.ActiveCfg = SQL2008|Any CPU
		{E33177AD-E8A9-4B1C-A4BD-75B371C38C19}.STATIC_ONLY NO_EXPRESSIONS|Any CPU.ActiveCfg = SQL2008|Any CPU
		{E33177AD-E8A9-4B1C-A4BD-75B371C38C19}.STATIC_ONLY NO_EXPRESSIONS|Any CPU.Build.0 = SQL2008|Any CPU
		{E33177AD-E8A9-4B1C-A4BD-75B371C38C19}.STATIC_ONLY NO_EXPRESSIONS|x86.ActiveCfg = SQL2008|Any CPU
		{D8D42867-46F0-4F0B-8A58-6FA47F7D1A2D}.Debug|Any CPU.ActiveCfg = Debug|Any CPU
		{D8D42867-46F0-4F0B-8A58-6FA47F7D1A2D}.Debug|Any CPU.Build.0 = Debug|Any CPU
		{D8D42867-46F0-4F0B-8A58-6FA47F7D1A2D}.Debug|x86.ActiveCfg = Debug|Any CPU
		{D8D42867-46F0-4F0B-8A58-6FA47F7D1A2D}.MonoTouch|Any CPU.ActiveCfg = SQL2008|Any CPU
		{D8D42867-46F0-4F0B-8A58-6FA47F7D1A2D}.MonoTouch|Any CPU.Build.0 = SQL2008|Any CPU
		{D8D42867-46F0-4F0B-8A58-6FA47F7D1A2D}.MonoTouch|x86.ActiveCfg = SQL2008|Any CPU
		{D8D42867-46F0-4F0B-8A58-6FA47F7D1A2D}.Release|Any CPU.ActiveCfg = Release|Any CPU
		{D8D42867-46F0-4F0B-8A58-6FA47F7D1A2D}.Release|Any CPU.Build.0 = Release|Any CPU
		{D8D42867-46F0-4F0B-8A58-6FA47F7D1A2D}.Release|x86.ActiveCfg = Release|Any CPU
		{D8D42867-46F0-4F0B-8A58-6FA47F7D1A2D}.SQL2008|Any CPU.ActiveCfg = SQL2008|Any CPU
		{D8D42867-46F0-4F0B-8A58-6FA47F7D1A2D}.SQL2008|Any CPU.Build.0 = SQL2008|Any CPU
		{D8D42867-46F0-4F0B-8A58-6FA47F7D1A2D}.SQL2008|x86.ActiveCfg = SQL2008|Any CPU
		{D8D42867-46F0-4F0B-8A58-6FA47F7D1A2D}.STATIC_ONLY NO_EXPRESSIONS|Any CPU.ActiveCfg = SQL2008|Any CPU
		{D8D42867-46F0-4F0B-8A58-6FA47F7D1A2D}.STATIC_ONLY NO_EXPRESSIONS|Any CPU.Build.0 = SQL2008|Any CPU
		{D8D42867-46F0-4F0B-8A58-6FA47F7D1A2D}.STATIC_ONLY NO_EXPRESSIONS|x86.ActiveCfg = SQL2008|Any CPU
		{48DB5DA5-7CB8-4AFC-B967-1D7DB10B9BBF}.Debug|Any CPU.ActiveCfg = Debug|Any CPU
		{48DB5DA5-7CB8-4AFC-B967-1D7DB10B9BBF}.Debug|Any CPU.Build.0 = Debug|Any CPU
		{48DB5DA5-7CB8-4AFC-B967-1D7DB10B9BBF}.Debug|x86.ActiveCfg = Debug|Any CPU
		{48DB5DA5-7CB8-4AFC-B967-1D7DB10B9BBF}.MonoTouch|Any CPU.ActiveCfg = SQL2008|Any CPU
		{48DB5DA5-7CB8-4AFC-B967-1D7DB10B9BBF}.MonoTouch|Any CPU.Build.0 = SQL2008|Any CPU
		{48DB5DA5-7CB8-4AFC-B967-1D7DB10B9BBF}.MonoTouch|x86.ActiveCfg = SQL2008|Any CPU
		{48DB5DA5-7CB8-4AFC-B967-1D7DB10B9BBF}.Release|Any CPU.ActiveCfg = Release|Any CPU
		{48DB5DA5-7CB8-4AFC-B967-1D7DB10B9BBF}.Release|Any CPU.Build.0 = Release|Any CPU
		{48DB5DA5-7CB8-4AFC-B967-1D7DB10B9BBF}.Release|x86.ActiveCfg = Release|Any CPU
		{48DB5DA5-7CB8-4AFC-B967-1D7DB10B9BBF}.SQL2008|Any CPU.ActiveCfg = SQL2008|Any CPU
		{48DB5DA5-7CB8-4AFC-B967-1D7DB10B9BBF}.SQL2008|Any CPU.Build.0 = SQL2008|Any CPU
		{48DB5DA5-7CB8-4AFC-B967-1D7DB10B9BBF}.SQL2008|x86.ActiveCfg = SQL2008|Any CPU
		{48DB5DA5-7CB8-4AFC-B967-1D7DB10B9BBF}.STATIC_ONLY NO_EXPRESSIONS|Any CPU.ActiveCfg = SQL2008|Any CPU
		{48DB5DA5-7CB8-4AFC-B967-1D7DB10B9BBF}.STATIC_ONLY NO_EXPRESSIONS|Any CPU.Build.0 = SQL2008|Any CPU
		{48DB5DA5-7CB8-4AFC-B967-1D7DB10B9BBF}.STATIC_ONLY NO_EXPRESSIONS|x86.ActiveCfg = SQL2008|Any CPU
		{8618BCEC-EAB5-4A70-9622-2AE1922A4050}.Debug|Any CPU.ActiveCfg = Debug|Any CPU
		{8618BCEC-EAB5-4A70-9622-2AE1922A4050}.Debug|Any CPU.Build.0 = Debug|Any CPU
		{8618BCEC-EAB5-4A70-9622-2AE1922A4050}.Debug|x86.ActiveCfg = Debug|Any CPU
		{8618BCEC-EAB5-4A70-9622-2AE1922A4050}.MonoTouch|Any CPU.ActiveCfg = SQL2008|Any CPU
		{8618BCEC-EAB5-4A70-9622-2AE1922A4050}.MonoTouch|Any CPU.Build.0 = SQL2008|Any CPU
		{8618BCEC-EAB5-4A70-9622-2AE1922A4050}.MonoTouch|x86.ActiveCfg = SQL2008|Any CPU
		{8618BCEC-EAB5-4A70-9622-2AE1922A4050}.Release|Any CPU.ActiveCfg = Release|Any CPU
		{8618BCEC-EAB5-4A70-9622-2AE1922A4050}.Release|Any CPU.Build.0 = Release|Any CPU
		{8618BCEC-EAB5-4A70-9622-2AE1922A4050}.Release|x86.ActiveCfg = Release|Any CPU
		{8618BCEC-EAB5-4A70-9622-2AE1922A4050}.SQL2008|Any CPU.ActiveCfg = SQL2008|Any CPU
		{8618BCEC-EAB5-4A70-9622-2AE1922A4050}.SQL2008|Any CPU.Build.0 = SQL2008|Any CPU
		{8618BCEC-EAB5-4A70-9622-2AE1922A4050}.SQL2008|x86.ActiveCfg = SQL2008|Any CPU
		{8618BCEC-EAB5-4A70-9622-2AE1922A4050}.STATIC_ONLY NO_EXPRESSIONS|Any CPU.ActiveCfg = SQL2008|Any CPU
		{8618BCEC-EAB5-4A70-9622-2AE1922A4050}.STATIC_ONLY NO_EXPRESSIONS|Any CPU.Build.0 = SQL2008|Any CPU
		{8618BCEC-EAB5-4A70-9622-2AE1922A4050}.STATIC_ONLY NO_EXPRESSIONS|x86.ActiveCfg = SQL2008|Any CPU
		{6E377C34-83F1-41C2-8AD2-5146E19768D5}.Debug|Any CPU.ActiveCfg = Debug|Any CPU
		{6E377C34-83F1-41C2-8AD2-5146E19768D5}.Debug|Any CPU.Build.0 = Debug|Any CPU
		{6E377C34-83F1-41C2-8AD2-5146E19768D5}.Debug|x86.ActiveCfg = Debug|Any CPU
		{6E377C34-83F1-41C2-8AD2-5146E19768D5}.MonoTouch|Any CPU.ActiveCfg = SQL2008|Any CPU
		{6E377C34-83F1-41C2-8AD2-5146E19768D5}.MonoTouch|Any CPU.Build.0 = SQL2008|Any CPU
		{6E377C34-83F1-41C2-8AD2-5146E19768D5}.MonoTouch|x86.ActiveCfg = SQL2008|Any CPU
		{6E377C34-83F1-41C2-8AD2-5146E19768D5}.Release|Any CPU.ActiveCfg = Release|Any CPU
		{6E377C34-83F1-41C2-8AD2-5146E19768D5}.Release|Any CPU.Build.0 = Release|Any CPU
		{6E377C34-83F1-41C2-8AD2-5146E19768D5}.Release|x86.ActiveCfg = Release|Any CPU
		{6E377C34-83F1-41C2-8AD2-5146E19768D5}.SQL2008|Any CPU.ActiveCfg = SQL2008|Any CPU
		{6E377C34-83F1-41C2-8AD2-5146E19768D5}.SQL2008|Any CPU.Build.0 = SQL2008|Any CPU
		{6E377C34-83F1-41C2-8AD2-5146E19768D5}.SQL2008|x86.ActiveCfg = SQL2008|Any CPU
		{6E377C34-83F1-41C2-8AD2-5146E19768D5}.STATIC_ONLY NO_EXPRESSIONS|Any CPU.ActiveCfg = SQL2008|Any CPU
		{6E377C34-83F1-41C2-8AD2-5146E19768D5}.STATIC_ONLY NO_EXPRESSIONS|Any CPU.Build.0 = SQL2008|Any CPU
		{6E377C34-83F1-41C2-8AD2-5146E19768D5}.STATIC_ONLY NO_EXPRESSIONS|x86.ActiveCfg = SQL2008|Any CPU
		{CE3188B2-250E-4839-9A45-B40B32D58097}.Debug|Any CPU.ActiveCfg = Debug|Any CPU
		{CE3188B2-250E-4839-9A45-B40B32D58097}.Debug|Any CPU.Build.0 = Debug|Any CPU
		{CE3188B2-250E-4839-9A45-B40B32D58097}.Debug|x86.ActiveCfg = Debug|Any CPU
		{CE3188B2-250E-4839-9A45-B40B32D58097}.MonoTouch|Any CPU.ActiveCfg = SQL2008|Any CPU
		{CE3188B2-250E-4839-9A45-B40B32D58097}.MonoTouch|Any CPU.Build.0 = SQL2008|Any CPU
		{CE3188B2-250E-4839-9A45-B40B32D58097}.MonoTouch|x86.ActiveCfg = SQL2008|Any CPU
		{CE3188B2-250E-4839-9A45-B40B32D58097}.Release|Any CPU.ActiveCfg = Release|Any CPU
		{CE3188B2-250E-4839-9A45-B40B32D58097}.Release|Any CPU.Build.0 = Release|Any CPU
		{CE3188B2-250E-4839-9A45-B40B32D58097}.Release|x86.ActiveCfg = Release|Any CPU
		{CE3188B2-250E-4839-9A45-B40B32D58097}.SQL2008|Any CPU.ActiveCfg = SQL2008|Any CPU
		{CE3188B2-250E-4839-9A45-B40B32D58097}.SQL2008|Any CPU.Build.0 = SQL2008|Any CPU
		{CE3188B2-250E-4839-9A45-B40B32D58097}.SQL2008|x86.ActiveCfg = SQL2008|Any CPU
		{CE3188B2-250E-4839-9A45-B40B32D58097}.STATIC_ONLY NO_EXPRESSIONS|Any CPU.ActiveCfg = SQL2008|Any CPU
		{CE3188B2-250E-4839-9A45-B40B32D58097}.STATIC_ONLY NO_EXPRESSIONS|Any CPU.Build.0 = SQL2008|Any CPU
		{CE3188B2-250E-4839-9A45-B40B32D58097}.STATIC_ONLY NO_EXPRESSIONS|x86.ActiveCfg = SQL2008|Any CPU
		{9F8A9B7F-0CAD-47A3-A3C7-F7AC3158864A}.Debug|Any CPU.ActiveCfg = Debug|Any CPU
		{9F8A9B7F-0CAD-47A3-A3C7-F7AC3158864A}.Debug|Any CPU.Build.0 = Debug|Any CPU
		{9F8A9B7F-0CAD-47A3-A3C7-F7AC3158864A}.Debug|x86.ActiveCfg = Debug|Any CPU
		{9F8A9B7F-0CAD-47A3-A3C7-F7AC3158864A}.MonoTouch|Any CPU.ActiveCfg = SQL2008|Any CPU
		{9F8A9B7F-0CAD-47A3-A3C7-F7AC3158864A}.MonoTouch|Any CPU.Build.0 = SQL2008|Any CPU
		{9F8A9B7F-0CAD-47A3-A3C7-F7AC3158864A}.MonoTouch|x86.ActiveCfg = SQL2008|Any CPU
		{9F8A9B7F-0CAD-47A3-A3C7-F7AC3158864A}.Release|Any CPU.ActiveCfg = Release|Any CPU
		{9F8A9B7F-0CAD-47A3-A3C7-F7AC3158864A}.Release|Any CPU.Build.0 = Release|Any CPU
		{9F8A9B7F-0CAD-47A3-A3C7-F7AC3158864A}.Release|x86.ActiveCfg = Release|Any CPU
		{9F8A9B7F-0CAD-47A3-A3C7-F7AC3158864A}.SQL2008|Any CPU.ActiveCfg = SQL2008|Any CPU
		{9F8A9B7F-0CAD-47A3-A3C7-F7AC3158864A}.SQL2008|Any CPU.Build.0 = SQL2008|Any CPU
		{9F8A9B7F-0CAD-47A3-A3C7-F7AC3158864A}.SQL2008|x86.ActiveCfg = SQL2008|Any CPU
		{9F8A9B7F-0CAD-47A3-A3C7-F7AC3158864A}.STATIC_ONLY NO_EXPRESSIONS|Any CPU.ActiveCfg = SQL2008|Any CPU
		{9F8A9B7F-0CAD-47A3-A3C7-F7AC3158864A}.STATIC_ONLY NO_EXPRESSIONS|Any CPU.Build.0 = SQL2008|Any CPU
		{9F8A9B7F-0CAD-47A3-A3C7-F7AC3158864A}.STATIC_ONLY NO_EXPRESSIONS|x86.ActiveCfg = SQL2008|Any CPU
		{CCB8EB2C-9F96-47F4-90E9-E6F7247EDF8E}.Debug|Any CPU.ActiveCfg = Debug|Any CPU
		{CCB8EB2C-9F96-47F4-90E9-E6F7247EDF8E}.Debug|Any CPU.Build.0 = Debug|Any CPU
		{CCB8EB2C-9F96-47F4-90E9-E6F7247EDF8E}.Debug|x86.ActiveCfg = Debug|Any CPU
		{CCB8EB2C-9F96-47F4-90E9-E6F7247EDF8E}.MonoTouch|Any CPU.ActiveCfg = SQL2008|Any CPU
		{CCB8EB2C-9F96-47F4-90E9-E6F7247EDF8E}.MonoTouch|Any CPU.Build.0 = SQL2008|Any CPU
		{CCB8EB2C-9F96-47F4-90E9-E6F7247EDF8E}.MonoTouch|x86.ActiveCfg = SQL2008|Any CPU
		{CCB8EB2C-9F96-47F4-90E9-E6F7247EDF8E}.Release|Any CPU.ActiveCfg = Release|Any CPU
		{CCB8EB2C-9F96-47F4-90E9-E6F7247EDF8E}.Release|Any CPU.Build.0 = Release|Any CPU
		{CCB8EB2C-9F96-47F4-90E9-E6F7247EDF8E}.Release|x86.ActiveCfg = Release|Any CPU
		{CCB8EB2C-9F96-47F4-90E9-E6F7247EDF8E}.SQL2008|Any CPU.ActiveCfg = SQL2008|Any CPU
		{CCB8EB2C-9F96-47F4-90E9-E6F7247EDF8E}.SQL2008|Any CPU.Build.0 = SQL2008|Any CPU
		{CCB8EB2C-9F96-47F4-90E9-E6F7247EDF8E}.SQL2008|x86.ActiveCfg = SQL2008|Any CPU
		{CCB8EB2C-9F96-47F4-90E9-E6F7247EDF8E}.STATIC_ONLY NO_EXPRESSIONS|Any CPU.ActiveCfg = SQL2008|Any CPU
		{CCB8EB2C-9F96-47F4-90E9-E6F7247EDF8E}.STATIC_ONLY NO_EXPRESSIONS|Any CPU.Build.0 = SQL2008|Any CPU
		{CCB8EB2C-9F96-47F4-90E9-E6F7247EDF8E}.STATIC_ONLY NO_EXPRESSIONS|x86.ActiveCfg = SQL2008|Any CPU
		{EA3F4734-6D2C-4D50-A889-D7A0B69C4E36}.Debug|Any CPU.ActiveCfg = Debug|Any CPU
		{EA3F4734-6D2C-4D50-A889-D7A0B69C4E36}.Debug|Any CPU.Build.0 = Debug|Any CPU
		{EA3F4734-6D2C-4D50-A889-D7A0B69C4E36}.Debug|x86.ActiveCfg = Debug|Any CPU
		{EA3F4734-6D2C-4D50-A889-D7A0B69C4E36}.MonoTouch|Any CPU.ActiveCfg = SQL2008|Any CPU
		{EA3F4734-6D2C-4D50-A889-D7A0B69C4E36}.MonoTouch|Any CPU.Build.0 = SQL2008|Any CPU
		{EA3F4734-6D2C-4D50-A889-D7A0B69C4E36}.MonoTouch|x86.ActiveCfg = SQL2008|Any CPU
		{EA3F4734-6D2C-4D50-A889-D7A0B69C4E36}.Release|Any CPU.ActiveCfg = Release|Any CPU
		{EA3F4734-6D2C-4D50-A889-D7A0B69C4E36}.Release|Any CPU.Build.0 = Release|Any CPU
		{EA3F4734-6D2C-4D50-A889-D7A0B69C4E36}.Release|x86.ActiveCfg = Release|Any CPU
		{EA3F4734-6D2C-4D50-A889-D7A0B69C4E36}.SQL2008|Any CPU.ActiveCfg = SQL2008|Any CPU
		{EA3F4734-6D2C-4D50-A889-D7A0B69C4E36}.SQL2008|Any CPU.Build.0 = SQL2008|Any CPU
		{EA3F4734-6D2C-4D50-A889-D7A0B69C4E36}.SQL2008|x86.ActiveCfg = SQL2008|Any CPU
		{EA3F4734-6D2C-4D50-A889-D7A0B69C4E36}.STATIC_ONLY NO_EXPRESSIONS|Any CPU.ActiveCfg = SQL2008|Any CPU
		{EA3F4734-6D2C-4D50-A889-D7A0B69C4E36}.STATIC_ONLY NO_EXPRESSIONS|Any CPU.Build.0 = SQL2008|Any CPU
		{EA3F4734-6D2C-4D50-A889-D7A0B69C4E36}.STATIC_ONLY NO_EXPRESSIONS|x86.ActiveCfg = SQL2008|Any CPU
		{F19F73AE-89C6-4D1C-BED0-9470BA8B04E2}.Debug|Any CPU.ActiveCfg = Debug|Any CPU
		{F19F73AE-89C6-4D1C-BED0-9470BA8B04E2}.Debug|Any CPU.Build.0 = Debug|Any CPU
		{F19F73AE-89C6-4D1C-BED0-9470BA8B04E2}.Debug|x86.ActiveCfg = Debug|Any CPU
		{F19F73AE-89C6-4D1C-BED0-9470BA8B04E2}.MonoTouch|Any CPU.ActiveCfg = SQL2008|Any CPU
		{F19F73AE-89C6-4D1C-BED0-9470BA8B04E2}.MonoTouch|Any CPU.Build.0 = SQL2008|Any CPU
		{F19F73AE-89C6-4D1C-BED0-9470BA8B04E2}.MonoTouch|x86.ActiveCfg = SQL2008|Any CPU
		{F19F73AE-89C6-4D1C-BED0-9470BA8B04E2}.Release|Any CPU.ActiveCfg = Release|Any CPU
		{F19F73AE-89C6-4D1C-BED0-9470BA8B04E2}.Release|Any CPU.Build.0 = Release|Any CPU
		{F19F73AE-89C6-4D1C-BED0-9470BA8B04E2}.Release|x86.ActiveCfg = Release|Any CPU
		{F19F73AE-89C6-4D1C-BED0-9470BA8B04E2}.SQL2008|Any CPU.ActiveCfg = SQL2008|Any CPU
		{F19F73AE-89C6-4D1C-BED0-9470BA8B04E2}.SQL2008|Any CPU.Build.0 = SQL2008|Any CPU
		{F19F73AE-89C6-4D1C-BED0-9470BA8B04E2}.SQL2008|x86.ActiveCfg = SQL2008|Any CPU
		{F19F73AE-89C6-4D1C-BED0-9470BA8B04E2}.STATIC_ONLY NO_EXPRESSIONS|Any CPU.ActiveCfg = SQL2008|Any CPU
		{F19F73AE-89C6-4D1C-BED0-9470BA8B04E2}.STATIC_ONLY NO_EXPRESSIONS|Any CPU.Build.0 = SQL2008|Any CPU
		{F19F73AE-89C6-4D1C-BED0-9470BA8B04E2}.STATIC_ONLY NO_EXPRESSIONS|x86.ActiveCfg = SQL2008|Any CPU
		{AF99F19B-4C04-4F58-81EF-B092F1FCC540}.Debug|Any CPU.ActiveCfg = Debug|Any CPU
		{AF99F19B-4C04-4F58-81EF-B092F1FCC540}.Debug|Any CPU.Build.0 = Debug|Any CPU
		{AF99F19B-4C04-4F58-81EF-B092F1FCC540}.Debug|x86.ActiveCfg = Debug|x86
		{AF99F19B-4C04-4F58-81EF-B092F1FCC540}.Debug|x86.Build.0 = Debug|x86
		{AF99F19B-4C04-4F58-81EF-B092F1FCC540}.MonoTouch|Any CPU.ActiveCfg = MonoTouch|Any CPU
		{AF99F19B-4C04-4F58-81EF-B092F1FCC540}.MonoTouch|Any CPU.Build.0 = MonoTouch|Any CPU
		{AF99F19B-4C04-4F58-81EF-B092F1FCC540}.MonoTouch|x86.ActiveCfg = MonoTouch|x86
		{AF99F19B-4C04-4F58-81EF-B092F1FCC540}.MonoTouch|x86.Build.0 = MonoTouch|x86
		{AF99F19B-4C04-4F58-81EF-B092F1FCC540}.Release|Any CPU.ActiveCfg = Release|Any CPU
		{AF99F19B-4C04-4F58-81EF-B092F1FCC540}.Release|Any CPU.Build.0 = Release|Any CPU
		{AF99F19B-4C04-4F58-81EF-B092F1FCC540}.Release|x86.ActiveCfg = Release|x86
		{AF99F19B-4C04-4F58-81EF-B092F1FCC540}.Release|x86.Build.0 = Release|x86
		{AF99F19B-4C04-4F58-81EF-B092F1FCC540}.SQL2008|Any CPU.ActiveCfg = STATIC_ONLY NO_EXPRESSIONS|Any CPU
		{AF99F19B-4C04-4F58-81EF-B092F1FCC540}.SQL2008|Any CPU.Build.0 = STATIC_ONLY NO_EXPRESSIONS|Any CPU
		{AF99F19B-4C04-4F58-81EF-B092F1FCC540}.SQL2008|x86.ActiveCfg = STATIC_ONLY NO_EXPRESSIONS|x86
		{AF99F19B-4C04-4F58-81EF-B092F1FCC540}.SQL2008|x86.Build.0 = STATIC_ONLY NO_EXPRESSIONS|x86
		{AF99F19B-4C04-4F58-81EF-B092F1FCC540}.STATIC_ONLY NO_EXPRESSIONS|Any CPU.ActiveCfg = STATIC_ONLY NO_EXPRESSIONS|Any CPU
		{AF99F19B-4C04-4F58-81EF-B092F1FCC540}.STATIC_ONLY NO_EXPRESSIONS|Any CPU.Build.0 = STATIC_ONLY NO_EXPRESSIONS|Any CPU
		{AF99F19B-4C04-4F58-81EF-B092F1FCC540}.STATIC_ONLY NO_EXPRESSIONS|x86.ActiveCfg = STATIC_ONLY NO_EXPRESSIONS|x86
		{AF99F19B-4C04-4F58-81EF-B092F1FCC540}.STATIC_ONLY NO_EXPRESSIONS|x86.Build.0 = STATIC_ONLY NO_EXPRESSIONS|x86
		{941763F9-BA7D-44E4-A049-97EE662B8777}.Debug|Any CPU.ActiveCfg = Debug|Any CPU
		{941763F9-BA7D-44E4-A049-97EE662B8777}.Debug|Any CPU.Build.0 = Debug|Any CPU
		{941763F9-BA7D-44E4-A049-97EE662B8777}.Debug|x86.ActiveCfg = Debug|Any CPU
		{941763F9-BA7D-44E4-A049-97EE662B8777}.MonoTouch|Any CPU.ActiveCfg = SQL2008|Any CPU
		{941763F9-BA7D-44E4-A049-97EE662B8777}.MonoTouch|Any CPU.Build.0 = SQL2008|Any CPU
		{941763F9-BA7D-44E4-A049-97EE662B8777}.MonoTouch|x86.ActiveCfg = SQL2008|Any CPU
		{941763F9-BA7D-44E4-A049-97EE662B8777}.Release|Any CPU.ActiveCfg = Release|Any CPU
		{941763F9-BA7D-44E4-A049-97EE662B8777}.Release|Any CPU.Build.0 = Release|Any CPU
		{941763F9-BA7D-44E4-A049-97EE662B8777}.Release|x86.ActiveCfg = Release|Any CPU
		{941763F9-BA7D-44E4-A049-97EE662B8777}.SQL2008|Any CPU.ActiveCfg = SQL2008|Any CPU
		{941763F9-BA7D-44E4-A049-97EE662B8777}.SQL2008|Any CPU.Build.0 = SQL2008|Any CPU
		{941763F9-BA7D-44E4-A049-97EE662B8777}.SQL2008|x86.ActiveCfg = SQL2008|Any CPU
		{941763F9-BA7D-44E4-A049-97EE662B8777}.STATIC_ONLY NO_EXPRESSIONS|Any CPU.ActiveCfg = SQL2008|Any CPU
		{941763F9-BA7D-44E4-A049-97EE662B8777}.STATIC_ONLY NO_EXPRESSIONS|Any CPU.Build.0 = SQL2008|Any CPU
		{941763F9-BA7D-44E4-A049-97EE662B8777}.STATIC_ONLY NO_EXPRESSIONS|x86.ActiveCfg = SQL2008|Any CPU
		{D9A1867F-0E9C-4438-944C-4967B0F0D0AA}.Debug|Any CPU.ActiveCfg = Debug|Any CPU
		{D9A1867F-0E9C-4438-944C-4967B0F0D0AA}.Debug|Any CPU.Build.0 = Debug|Any CPU
		{D9A1867F-0E9C-4438-944C-4967B0F0D0AA}.Debug|x86.ActiveCfg = Debug|Any CPU
		{D9A1867F-0E9C-4438-944C-4967B0F0D0AA}.MonoTouch|Any CPU.ActiveCfg = SQL2008|Any CPU
		{D9A1867F-0E9C-4438-944C-4967B0F0D0AA}.MonoTouch|Any CPU.Build.0 = SQL2008|Any CPU
		{D9A1867F-0E9C-4438-944C-4967B0F0D0AA}.MonoTouch|x86.ActiveCfg = SQL2008|Any CPU
		{D9A1867F-0E9C-4438-944C-4967B0F0D0AA}.Release|Any CPU.ActiveCfg = Release|Any CPU
		{D9A1867F-0E9C-4438-944C-4967B0F0D0AA}.Release|Any CPU.Build.0 = Release|Any CPU
		{D9A1867F-0E9C-4438-944C-4967B0F0D0AA}.Release|x86.ActiveCfg = Release|Any CPU
		{D9A1867F-0E9C-4438-944C-4967B0F0D0AA}.SQL2008|Any CPU.ActiveCfg = SQL2008|Any CPU
		{D9A1867F-0E9C-4438-944C-4967B0F0D0AA}.SQL2008|Any CPU.Build.0 = SQL2008|Any CPU
		{D9A1867F-0E9C-4438-944C-4967B0F0D0AA}.SQL2008|x86.ActiveCfg = SQL2008|Any CPU
		{D9A1867F-0E9C-4438-944C-4967B0F0D0AA}.STATIC_ONLY NO_EXPRESSIONS|Any CPU.ActiveCfg = SQL2008|Any CPU
		{D9A1867F-0E9C-4438-944C-4967B0F0D0AA}.STATIC_ONLY NO_EXPRESSIONS|Any CPU.Build.0 = SQL2008|Any CPU
		{D9A1867F-0E9C-4438-944C-4967B0F0D0AA}.STATIC_ONLY NO_EXPRESSIONS|x86.ActiveCfg = SQL2008|Any CPU
		{9DC29DE9-6D9F-41C7-AC64-319B185AF0EC}.Debug|Any CPU.ActiveCfg = Debug|Any CPU
		{9DC29DE9-6D9F-41C7-AC64-319B185AF0EC}.Debug|Any CPU.Build.0 = Debug|Any CPU
		{9DC29DE9-6D9F-41C7-AC64-319B185AF0EC}.Debug|x86.ActiveCfg = Debug|Any CPU
		{9DC29DE9-6D9F-41C7-AC64-319B185AF0EC}.MonoTouch|Any CPU.ActiveCfg = SQL2008|Any CPU
		{9DC29DE9-6D9F-41C7-AC64-319B185AF0EC}.MonoTouch|Any CPU.Build.0 = SQL2008|Any CPU
		{9DC29DE9-6D9F-41C7-AC64-319B185AF0EC}.MonoTouch|x86.ActiveCfg = SQL2008|Any CPU
		{9DC29DE9-6D9F-41C7-AC64-319B185AF0EC}.Release|Any CPU.ActiveCfg = Release|Any CPU
		{9DC29DE9-6D9F-41C7-AC64-319B185AF0EC}.Release|Any CPU.Build.0 = Release|Any CPU
		{9DC29DE9-6D9F-41C7-AC64-319B185AF0EC}.Release|x86.ActiveCfg = Release|Any CPU
		{9DC29DE9-6D9F-41C7-AC64-319B185AF0EC}.SQL2008|Any CPU.ActiveCfg = SQL2008|Any CPU
		{9DC29DE9-6D9F-41C7-AC64-319B185AF0EC}.SQL2008|Any CPU.Build.0 = SQL2008|Any CPU
		{9DC29DE9-6D9F-41C7-AC64-319B185AF0EC}.SQL2008|x86.ActiveCfg = SQL2008|Any CPU
		{9DC29DE9-6D9F-41C7-AC64-319B185AF0EC}.STATIC_ONLY NO_EXPRESSIONS|Any CPU.ActiveCfg = SQL2008|Any CPU
		{9DC29DE9-6D9F-41C7-AC64-319B185AF0EC}.STATIC_ONLY NO_EXPRESSIONS|Any CPU.Build.0 = SQL2008|Any CPU
		{9DC29DE9-6D9F-41C7-AC64-319B185AF0EC}.STATIC_ONLY NO_EXPRESSIONS|x86.ActiveCfg = SQL2008|Any CPU
		{DC288A0F-53BB-43CA-BAA6-91E74CE45D32}.Debug|Any CPU.ActiveCfg = Debug|Any CPU
		{DC288A0F-53BB-43CA-BAA6-91E74CE45D32}.Debug|Any CPU.Build.0 = Debug|Any CPU
		{DC288A0F-53BB-43CA-BAA6-91E74CE45D32}.Debug|x86.ActiveCfg = Debug|Any CPU
		{DC288A0F-53BB-43CA-BAA6-91E74CE45D32}.MonoTouch|Any CPU.ActiveCfg = SQL2008|Any CPU
		{DC288A0F-53BB-43CA-BAA6-91E74CE45D32}.MonoTouch|Any CPU.Build.0 = SQL2008|Any CPU
		{DC288A0F-53BB-43CA-BAA6-91E74CE45D32}.MonoTouch|x86.ActiveCfg = SQL2008|Any CPU
		{DC288A0F-53BB-43CA-BAA6-91E74CE45D32}.Release|Any CPU.ActiveCfg = Release|Any CPU
		{DC288A0F-53BB-43CA-BAA6-91E74CE45D32}.Release|Any CPU.Build.0 = Release|Any CPU
		{DC288A0F-53BB-43CA-BAA6-91E74CE45D32}.Release|x86.ActiveCfg = Release|Any CPU
		{DC288A0F-53BB-43CA-BAA6-91E74CE45D32}.SQL2008|Any CPU.ActiveCfg = SQL2008|Any CPU
		{DC288A0F-53BB-43CA-BAA6-91E74CE45D32}.SQL2008|Any CPU.Build.0 = SQL2008|Any CPU
		{DC288A0F-53BB-43CA-BAA6-91E74CE45D32}.SQL2008|x86.ActiveCfg = SQL2008|Any CPU
		{DC288A0F-53BB-43CA-BAA6-91E74CE45D32}.STATIC_ONLY NO_EXPRESSIONS|Any CPU.ActiveCfg = SQL2008|Any CPU
		{DC288A0F-53BB-43CA-BAA6-91E74CE45D32}.STATIC_ONLY NO_EXPRESSIONS|Any CPU.Build.0 = SQL2008|Any CPU
		{DC288A0F-53BB-43CA-BAA6-91E74CE45D32}.STATIC_ONLY NO_EXPRESSIONS|x86.ActiveCfg = SQL2008|Any CPU
		{820AF793-EECC-418D-91CD-E40E8597BC09}.Debug|Any CPU.ActiveCfg = Debug|Any CPU
		{820AF793-EECC-418D-91CD-E40E8597BC09}.Debug|Any CPU.Build.0 = Debug|Any CPU
		{820AF793-EECC-418D-91CD-E40E8597BC09}.Debug|x86.ActiveCfg = Debug|Any CPU
		{820AF793-EECC-418D-91CD-E40E8597BC09}.MonoTouch|Any CPU.ActiveCfg = Release|Any CPU
		{820AF793-EECC-418D-91CD-E40E8597BC09}.MonoTouch|Any CPU.Build.0 = Release|Any CPU
		{820AF793-EECC-418D-91CD-E40E8597BC09}.MonoTouch|x86.ActiveCfg = Release|Any CPU
		{820AF793-EECC-418D-91CD-E40E8597BC09}.Release|Any CPU.ActiveCfg = Release|Any CPU
		{820AF793-EECC-418D-91CD-E40E8597BC09}.Release|Any CPU.Build.0 = Release|Any CPU
		{820AF793-EECC-418D-91CD-E40E8597BC09}.Release|x86.ActiveCfg = Release|Any CPU
		{820AF793-EECC-418D-91CD-E40E8597BC09}.SQL2008|Any CPU.ActiveCfg = SQL2008|Any CPU
		{820AF793-EECC-418D-91CD-E40E8597BC09}.SQL2008|Any CPU.Build.0 = SQL2008|Any CPU
		{820AF793-EECC-418D-91CD-E40E8597BC09}.SQL2008|x86.ActiveCfg = SQL2008|Any CPU
		{820AF793-EECC-418D-91CD-E40E8597BC09}.STATIC_ONLY NO_EXPRESSIONS|Any CPU.ActiveCfg = SQL2008|Any CPU
		{820AF793-EECC-418D-91CD-E40E8597BC09}.STATIC_ONLY NO_EXPRESSIONS|Any CPU.Build.0 = SQL2008|Any CPU
		{820AF793-EECC-418D-91CD-E40E8597BC09}.STATIC_ONLY NO_EXPRESSIONS|x86.ActiveCfg = SQL2008|Any CPU
		{9156EE53-0EED-4467-B5EF-4583F9DC3645}.Debug|Any CPU.ActiveCfg = Debug|Any CPU
		{9156EE53-0EED-4467-B5EF-4583F9DC3645}.Debug|Any CPU.Build.0 = Debug|Any CPU
		{9156EE53-0EED-4467-B5EF-4583F9DC3645}.Debug|x86.ActiveCfg = Debug|Any CPU
		{9156EE53-0EED-4467-B5EF-4583F9DC3645}.MonoTouch|Any CPU.ActiveCfg = Release|Any CPU
		{9156EE53-0EED-4467-B5EF-4583F9DC3645}.MonoTouch|Any CPU.Build.0 = Release|Any CPU
		{9156EE53-0EED-4467-B5EF-4583F9DC3645}.MonoTouch|x86.ActiveCfg = Release|Any CPU
		{9156EE53-0EED-4467-B5EF-4583F9DC3645}.Release|Any CPU.ActiveCfg = Release|Any CPU
		{9156EE53-0EED-4467-B5EF-4583F9DC3645}.Release|Any CPU.Build.0 = Release|Any CPU
		{9156EE53-0EED-4467-B5EF-4583F9DC3645}.Release|x86.ActiveCfg = Release|Any CPU
		{9156EE53-0EED-4467-B5EF-4583F9DC3645}.SQL2008|Any CPU.ActiveCfg = SQL2008|Any CPU
		{9156EE53-0EED-4467-B5EF-4583F9DC3645}.SQL2008|Any CPU.Build.0 = SQL2008|Any CPU
		{9156EE53-0EED-4467-B5EF-4583F9DC3645}.SQL2008|x86.ActiveCfg = SQL2008|Any CPU
		{9156EE53-0EED-4467-B5EF-4583F9DC3645}.STATIC_ONLY NO_EXPRESSIONS|Any CPU.ActiveCfg = SQL2008|Any CPU
		{9156EE53-0EED-4467-B5EF-4583F9DC3645}.STATIC_ONLY NO_EXPRESSIONS|Any CPU.Build.0 = SQL2008|Any CPU
		{9156EE53-0EED-4467-B5EF-4583F9DC3645}.STATIC_ONLY NO_EXPRESSIONS|x86.ActiveCfg = SQL2008|Any CPU
		{84A77A00-A526-4959-A93C-79B8F50172E7}.Debug|Any CPU.ActiveCfg = Debug|Any CPU
		{84A77A00-A526-4959-A93C-79B8F50172E7}.Debug|Any CPU.Build.0 = Debug|Any CPU
		{84A77A00-A526-4959-A93C-79B8F50172E7}.Debug|x86.ActiveCfg = Debug|Any CPU
		{84A77A00-A526-4959-A93C-79B8F50172E7}.MonoTouch|Any CPU.ActiveCfg = Release|Any CPU
		{84A77A00-A526-4959-A93C-79B8F50172E7}.MonoTouch|Any CPU.Build.0 = Release|Any CPU
		{84A77A00-A526-4959-A93C-79B8F50172E7}.MonoTouch|x86.ActiveCfg = Release|Any CPU
		{84A77A00-A526-4959-A93C-79B8F50172E7}.Release|Any CPU.ActiveCfg = Release|Any CPU
		{84A77A00-A526-4959-A93C-79B8F50172E7}.Release|Any CPU.Build.0 = Release|Any CPU
		{84A77A00-A526-4959-A93C-79B8F50172E7}.Release|x86.ActiveCfg = Release|Any CPU
		{84A77A00-A526-4959-A93C-79B8F50172E7}.SQL2008|Any CPU.ActiveCfg = Release|Any CPU
		{84A77A00-A526-4959-A93C-79B8F50172E7}.SQL2008|Any CPU.Build.0 = Release|Any CPU
		{84A77A00-A526-4959-A93C-79B8F50172E7}.SQL2008|x86.ActiveCfg = Release|Any CPU
		{84A77A00-A526-4959-A93C-79B8F50172E7}.STATIC_ONLY NO_EXPRESSIONS|Any CPU.ActiveCfg = Release|Any CPU
		{84A77A00-A526-4959-A93C-79B8F50172E7}.STATIC_ONLY NO_EXPRESSIONS|Any CPU.Build.0 = Release|Any CPU
		{84A77A00-A526-4959-A93C-79B8F50172E7}.STATIC_ONLY NO_EXPRESSIONS|x86.ActiveCfg = Release|Any CPU
		{E31B62A2-2FEF-4EF9-AADC-21B24885E035}.Debug|Any CPU.ActiveCfg = Debug|Any CPU
		{E31B62A2-2FEF-4EF9-AADC-21B24885E035}.Debug|Any CPU.Build.0 = Debug|Any CPU
		{E31B62A2-2FEF-4EF9-AADC-21B24885E035}.Debug|x86.ActiveCfg = Debug|Any CPU
		{E31B62A2-2FEF-4EF9-AADC-21B24885E035}.MonoTouch|Any CPU.ActiveCfg = SQL2008|Any CPU
		{E31B62A2-2FEF-4EF9-AADC-21B24885E035}.MonoTouch|Any CPU.Build.0 = SQL2008|Any CPU
		{E31B62A2-2FEF-4EF9-AADC-21B24885E035}.MonoTouch|x86.ActiveCfg = SQL2008|Any CPU
		{E31B62A2-2FEF-4EF9-AADC-21B24885E035}.Release|Any CPU.ActiveCfg = Release|Any CPU
		{E31B62A2-2FEF-4EF9-AADC-21B24885E035}.Release|Any CPU.Build.0 = Release|Any CPU
		{E31B62A2-2FEF-4EF9-AADC-21B24885E035}.Release|x86.ActiveCfg = Release|Any CPU
		{E31B62A2-2FEF-4EF9-AADC-21B24885E035}.SQL2008|Any CPU.ActiveCfg = SQL2008|Any CPU
		{E31B62A2-2FEF-4EF9-AADC-21B24885E035}.SQL2008|Any CPU.Build.0 = SQL2008|Any CPU
		{E31B62A2-2FEF-4EF9-AADC-21B24885E035}.SQL2008|x86.ActiveCfg = SQL2008|Any CPU
		{E31B62A2-2FEF-4EF9-AADC-21B24885E035}.STATIC_ONLY NO_EXPRESSIONS|Any CPU.ActiveCfg = SQL2008|Any CPU
		{E31B62A2-2FEF-4EF9-AADC-21B24885E035}.STATIC_ONLY NO_EXPRESSIONS|Any CPU.Build.0 = SQL2008|Any CPU
		{E31B62A2-2FEF-4EF9-AADC-21B24885E035}.STATIC_ONLY NO_EXPRESSIONS|x86.ActiveCfg = SQL2008|Any CPU
		{504C0589-4616-43B7-B13C-7AEBA0B70DFF}.Debug|Any CPU.ActiveCfg = Debug|Any CPU
		{504C0589-4616-43B7-B13C-7AEBA0B70DFF}.Debug|Any CPU.Build.0 = Debug|Any CPU
		{504C0589-4616-43B7-B13C-7AEBA0B70DFF}.Debug|x86.ActiveCfg = Debug|Any CPU
		{504C0589-4616-43B7-B13C-7AEBA0B70DFF}.MonoTouch|Any CPU.ActiveCfg = SQL2008|Any CPU
		{504C0589-4616-43B7-B13C-7AEBA0B70DFF}.MonoTouch|Any CPU.Build.0 = SQL2008|Any CPU
		{504C0589-4616-43B7-B13C-7AEBA0B70DFF}.MonoTouch|x86.ActiveCfg = SQL2008|Any CPU
		{504C0589-4616-43B7-B13C-7AEBA0B70DFF}.Release|Any CPU.ActiveCfg = Release|Any CPU
		{504C0589-4616-43B7-B13C-7AEBA0B70DFF}.Release|Any CPU.Build.0 = Release|Any CPU
		{504C0589-4616-43B7-B13C-7AEBA0B70DFF}.Release|x86.ActiveCfg = Release|Any CPU
		{504C0589-4616-43B7-B13C-7AEBA0B70DFF}.SQL2008|Any CPU.ActiveCfg = SQL2008|Any CPU
		{504C0589-4616-43B7-B13C-7AEBA0B70DFF}.SQL2008|Any CPU.Build.0 = SQL2008|Any CPU
		{504C0589-4616-43B7-B13C-7AEBA0B70DFF}.SQL2008|x86.ActiveCfg = SQL2008|Any CPU
		{504C0589-4616-43B7-B13C-7AEBA0B70DFF}.STATIC_ONLY NO_EXPRESSIONS|Any CPU.ActiveCfg = SQL2008|Any CPU
		{504C0589-4616-43B7-B13C-7AEBA0B70DFF}.STATIC_ONLY NO_EXPRESSIONS|Any CPU.Build.0 = SQL2008|Any CPU
		{504C0589-4616-43B7-B13C-7AEBA0B70DFF}.STATIC_ONLY NO_EXPRESSIONS|x86.ActiveCfg = SQL2008|Any CPU
		{6934ABA6-5D22-4C03-9591-211E9A930D40}.Debug|Any CPU.ActiveCfg = Debug|Any CPU
		{6934ABA6-5D22-4C03-9591-211E9A930D40}.Debug|Any CPU.Build.0 = Debug|Any CPU
		{6934ABA6-5D22-4C03-9591-211E9A930D40}.Debug|x86.ActiveCfg = Debug|Any CPU
		{6934ABA6-5D22-4C03-9591-211E9A930D40}.MonoTouch|Any CPU.ActiveCfg = SQL2008|Any CPU
		{6934ABA6-5D22-4C03-9591-211E9A930D40}.MonoTouch|Any CPU.Build.0 = SQL2008|Any CPU
		{6934ABA6-5D22-4C03-9591-211E9A930D40}.MonoTouch|x86.ActiveCfg = SQL2008|Any CPU
		{6934ABA6-5D22-4C03-9591-211E9A930D40}.Release|Any CPU.ActiveCfg = Release|Any CPU
		{6934ABA6-5D22-4C03-9591-211E9A930D40}.Release|Any CPU.Build.0 = Release|Any CPU
		{6934ABA6-5D22-4C03-9591-211E9A930D40}.Release|x86.ActiveCfg = Release|Any CPU
		{6934ABA6-5D22-4C03-9591-211E9A930D40}.SQL2008|Any CPU.ActiveCfg = SQL2008|Any CPU
		{6934ABA6-5D22-4C03-9591-211E9A930D40}.SQL2008|Any CPU.Build.0 = SQL2008|Any CPU
		{6934ABA6-5D22-4C03-9591-211E9A930D40}.SQL2008|x86.ActiveCfg = SQL2008|Any CPU
		{6934ABA6-5D22-4C03-9591-211E9A930D40}.STATIC_ONLY NO_EXPRESSIONS|Any CPU.ActiveCfg = SQL2008|Any CPU
		{6934ABA6-5D22-4C03-9591-211E9A930D40}.STATIC_ONLY NO_EXPRESSIONS|Any CPU.Build.0 = SQL2008|Any CPU
		{6934ABA6-5D22-4C03-9591-211E9A930D40}.STATIC_ONLY NO_EXPRESSIONS|x86.ActiveCfg = SQL2008|Any CPU
	EndGlobalSection
	GlobalSection(SolutionProperties) = preSolution
		HideSolutionNode = FALSE
	EndGlobalSection
	GlobalSection(NestedProjects) = preSolution
		{80553B52-5E2F-43D1-891E-057B98C0AD2C} = {CE3A34E0-DE22-4AA2-9665-A22C3D8EC812}
		{1C8FB3E4-38CF-4AD1-BB06-CAD42EBC5CEA} = {CE3A34E0-DE22-4AA2-9665-A22C3D8EC812}
		{42318A48-6D14-4A83-A4B5-BBE5C1D8F928} = {CE3A34E0-DE22-4AA2-9665-A22C3D8EC812}
		{E7372FAC-676E-4318-BEA9-52716802AE07} = {CE3A34E0-DE22-4AA2-9665-A22C3D8EC812}
		{D8D42867-46F0-4F0B-8A58-6FA47F7D1A2D} = {CE3A34E0-DE22-4AA2-9665-A22C3D8EC812}
		{48DB5DA5-7CB8-4AFC-B967-1D7DB10B9BBF} = {CE3A34E0-DE22-4AA2-9665-A22C3D8EC812}
		{CE3188B2-250E-4839-9A45-B40B32D58097} = {CE3A34E0-DE22-4AA2-9665-A22C3D8EC812}
		{EA3F4734-6D2C-4D50-A889-D7A0B69C4E36} = {CE3A34E0-DE22-4AA2-9665-A22C3D8EC812}
		{F19F73AE-89C6-4D1C-BED0-9470BA8B04E2} = {CE3A34E0-DE22-4AA2-9665-A22C3D8EC812}
		{941763F9-BA7D-44E4-A049-97EE662B8777} = {CE3A34E0-DE22-4AA2-9665-A22C3D8EC812}
		{DC288A0F-53BB-43CA-BAA6-91E74CE45D32} = {CE3A34E0-DE22-4AA2-9665-A22C3D8EC812}
		{1C28159A-DF6D-4037-A6E4-7C3690515E4C} = {FABF9718-2BA3-47A1-9782-E8D1D58B1EDF}
		{C2A79FDB-910A-44E8-9B99-710642104C7E} = {FABF9718-2BA3-47A1-9782-E8D1D58B1EDF}
		{5DE2DC2E-E5F8-477E-B513-FFBEE75AE9CE} = {FABF9718-2BA3-47A1-9782-E8D1D58B1EDF}
		{690AA1DD-503E-47C0-AA58-53529331D847} = {1C28159A-DF6D-4037-A6E4-7C3690515E4C}
		{880F65EA-1A22-4672-A137-FFC912902112} = {1C28159A-DF6D-4037-A6E4-7C3690515E4C}
		{426C92DF-3C40-426C-B0BE-40A1DF9044C2} = {1C28159A-DF6D-4037-A6E4-7C3690515E4C}
		{62F22FFA-A1CF-4A74-838C-9AB33A9442EA} = {1C28159A-DF6D-4037-A6E4-7C3690515E4C}
		{77D47855-A3D4-4B92-9FC0-C2EDEE27A8A7} = {1C28159A-DF6D-4037-A6E4-7C3690515E4C}
		{96885C8F-AD20-41B4-86EE-BC9B3D47D9F9} = {1C28159A-DF6D-4037-A6E4-7C3690515E4C}
		{ECB429BC-3E76-4FCD-897E-235B546C8738} = {1C28159A-DF6D-4037-A6E4-7C3690515E4C}
		{21971F28-8ED8-4F50-B623-E9DB2658AF54} = {1C28159A-DF6D-4037-A6E4-7C3690515E4C}
		{E762ABB0-9982-444C-A2B5-23B5866954F3} = {1C28159A-DF6D-4037-A6E4-7C3690515E4C}
		{880F65EA-1A22-4672-A137-FFC91290A209} = {1C28159A-DF6D-4037-A6E4-7C3690515E4C}
		{6934ABA6-5D22-4C03-9591-211E9A930D40} = {1C28159A-DF6D-4037-A6E4-7C3690515E4C}
		{880F65EA-1A22-4672-A137-FFC912902046} = {690AA1DD-503E-47C0-AA58-53529331D847}
		{0403B026-5047-41A4-98EE-62F2D92B812C} = {690AA1DD-503E-47C0-AA58-53529331D847}
		{1571576A-27DE-4470-8AAD-A76E8CF111D1} = {690AA1DD-503E-47C0-AA58-53529331D847}
		{EAB144DB-F0C6-4192-8FA7-AFBA2A663A8C} = {690AA1DD-503E-47C0-AA58-53529331D847}
		{176E6AB2-A219-4A45-9374-EEDB725B3B1C} = {690AA1DD-503E-47C0-AA58-53529331D847}
		{8A00570F-4D51-46EE-BA1D-52EC2A7BD38A} = {690AA1DD-503E-47C0-AA58-53529331D847}
		{880F65EA-1A22-4672-A137-FFC912902113} = {690AA1DD-503E-47C0-AA58-53529331D847}
		{16ABD509-8E84-46F5-9F56-1E5E4B5B3913} = {690AA1DD-503E-47C0-AA58-53529331D847}
		{4F6F2194-F11D-4CC6-8BB1-7D20F97EC082} = {690AA1DD-503E-47C0-AA58-53529331D847}
		{0CD2AF6F-1951-4686-BDDA-529B5FDFFCEA} = {5DE2DC2E-E5F8-477E-B513-FFBEE75AE9CE}
		{150979A1-AE2B-4A7D-9BB4-AB817F07FCB6} = {5DE2DC2E-E5F8-477E-B513-FFBEE75AE9CE}
		{0E9A3A2A-49CD-4F6C-847C-DC79B4B65CE6} = {0CD2AF6F-1951-4686-BDDA-529B5FDFFCEA}
		{AE5166CD-76B0-4911-BD80-CED9521F37A1} = {0CD2AF6F-1951-4686-BDDA-529B5FDFFCEA}
		{AF99F19B-4C04-4F58-81EF-B092F1FCC540} = {150979A1-AE2B-4A7D-9BB4-AB817F07FCB6}
	EndGlobalSection
EndGlobal
